{
  "version": 4,
  "terraform_version": "1.13.4",
  "serial": 148,
  "lineage": "654a6cf3-864d-aa93-11df-9d4121807c62",
  "outputs": {},
  "resources": [
    {
      "module": "module.argo_cd",
      "mode": "managed",
      "type": "kubernetes_namespace",
      "name": "argocd",
      "provider": "provider[\"registry.terraform.io/hashicorp/kubernetes\"]",
      "instances": [
        {
          "schema_version": 0,
          "attributes": {
            "id": "argocd",
            "metadata": [
              {
                "annotations": {},
                "generate_name": "",
                "generation": 0,
                "labels": {},
                "name": "argocd",
                "resource_version": "181725",
                "uid": "ec7b02ca-d8dd-4a72-bc24-8c7938b5ccf4"
              }
            ],
            "timeouts": null,
            "wait_for_default_service_account": false
          },
          "sensitive_attributes": [],
          "identity_schema_version": 1,
          "identity": {
            "api_version": "v1",
            "kind": "Namespace",
            "name": "argocd"
          },
          "private": "eyJlMmJmYjczMC1lY2FhLTExZTYtOGY4OC0zNDM2M2JjN2M0YzAiOnsiZGVsZXRlIjozMDAwMDAwMDAwMDB9fQ==",
          "dependencies": [
            "module.eks.aws_eks_cluster.main",
            "module.eks.aws_iam_role.eks_cluster_role",
            "module.eks.aws_iam_role_policy_attachment.eks_cluster_policy",
            "module.vpc.aws_subnet.private",
            "module.vpc.aws_subnet.public",
            "module.vpc.aws_vpc.main"
          ]
        }
      ]
    },
    {
      "module": "module.eks",
      "mode": "managed",
      "type": "aws_eks_cluster",
      "name": "main",
      "provider": "provider[\"registry.terraform.io/hashicorp/aws\"]",
      "instances": [
        {
          "schema_version": 1,
          "attributes": {
            "access_config": [
              {
                "authentication_mode": "CONFIG_MAP",
                "bootstrap_cluster_creator_admin_permissions": true
              }
            ],
            "arn": "arn:aws:eks:us-west-2:757370076418:cluster/lesson-8-9-eks-cluster",
            "bootstrap_self_managed_addons": true,
            "certificate_authority": [
              {
                "data": "LS0tLS1CRUdJTiBDRVJUSUZJQ0FURS0tLS0tCk1JSURCVENDQWUyZ0F3SUJBZ0lJTWxCOVNxQU9UR1l3RFFZSktvWklodmNOQVFFTEJRQXdGVEVUTUJFR0ExVUUKQXhNS2EzVmlaWEp1WlhSbGN6QWVGdzB5TlRFeE1qZ3lNRFUwTURKYUZ3MHpOVEV4TWpZeU1EVTVNREphTUJVeApFekFSQmdOVkJBTVRDbXQxWW1WeWJtVjBaWE13Z2dFaU1BMEdDU3FHU0liM0RRRUJBUVVBQTRJQkR3QXdnZ0VLCkFvSUJBUUN6eGpyM1FqZ1cyREVDb3hhQVdKRExnRWNRNVdrTDkxNFRVdlhubEhnNTErQWg3N3BITzUwMlc2MWEKOWZrZ215bi9tNXlmaXljdnN1KzBTcnBWY2FNZGJLMDRwQXBIMEN1NkI1WXQvTldaR0JIMzNzNHl0ZGt4eS8rVwovRG9DS3FyYUhXUFZLY0FPSmtCUWduQ0RvNjV2SHJ0U2hCSTd1VHI1RStkYWU5d1NXdFFIci9WN1dvdzdsZlp2Cm9VaFJRbXVzbVB6RmpMeHJibTh3ZnphRzRIZjVPdVRUVkovMGxISUNmc0RVRVBHdTE4MnIxTHk5bTR1Nkd4N0sKNFArKzVIVzBkSk5rc2R0U0JIN2FHQlMveS9uamZWMzdNNFJnZTdGd3FENXBPOWdYM0dJL2NJQ3p4alkxNjdYawo5bGZNTDVsQjk4SnhldDBRSnpXRDFTSnBQUm1uQWdNQkFBR2pXVEJYTUE0R0ExVWREd0VCL3dRRUF3SUNwREFQCkJnTlZIUk1CQWY4RUJUQURBUUgvTUIwR0ExVWREZ1FXQkJUMTNONUwvRDlMYWthRi83cHpVcEYyTkYrZjRqQVYKQmdOVkhSRUVEakFNZ2dwcmRXSmxjbTVsZEdWek1BMEdDU3FHU0liM0RRRUJDd1VBQTRJQkFRQlJrTlJiUjJMUQovRGNLc2ozdzdzaDUrNXRqb1YxWVJzaklIU1MwdmdKTEJvMTJpVDErOW5wWHE3Mi9TdE1jcThvR08xRmN6ZFplCm9uVVpKVHkwcFc3RTdkRXpiN3NOKzUzbE9QK1ZsUldpUmJkMVBIOXlESXR4dlBZTmZWWTkvRWJ4ZGJacjNCNDkKSXBoWjlMS3NaWDVRTjVkblRCc3NmRDhuSEp2Y3RCWXFkbWtjNDhBU1dKRW95Z2dKeWNVK0pqMkplY0sxTmpSRgoxRnJyamVHNU5pc0NlU0R0dzlNV0c5bUhIMlJrRm1xbUZyM0ZhTUsrZnNVeXovcGFUTEkvTzI4V2xpMWlRRkxjCkV0S3U1ZjhrSUs3YzlJQnZRbkVyaEtGb3E3T3p3Ylh3N0NYeURXUFp0ajFmNWk5b2hidjArYUZocG9Qa2JDYmkKZTYvQ3g4QlFqN3hxCi0tLS0tRU5EIENFUlRJRklDQVRFLS0tLS0K"
              }
            ],
            "cluster_id": null,
            "compute_config": [],
            "created_at": "2025-11-28T20:53:07Z",
            "enabled_cluster_log_types": [
              "api",
              "audit",
              "authenticator",
              "controllerManager",
              "scheduler"
            ],
            "encryption_config": [],
            "endpoint": "https://8001ECFCE26A5A344DD0B9AB4B4F2152.gr7.us-west-2.eks.amazonaws.com",
            "force_update_version": null,
            "id": "lesson-8-9-eks-cluster",
            "identity": [
              {
                "oidc": [
                  {
                    "issuer": "https://oidc.eks.us-west-2.amazonaws.com/id/8001ECFCE26A5A344DD0B9AB4B4F2152"
                  }
                ]
              }
            ],
            "kubernetes_network_config": [
              {
                "elastic_load_balancing": [
                  {
                    "enabled": false
                  }
                ],
                "ip_family": "ipv4",
                "service_ipv4_cidr": "172.20.0.0/16",
                "service_ipv6_cidr": ""
              }
            ],
            "name": "lesson-8-9-eks-cluster",
            "outpost_config": [],
            "platform_version": "eks.63",
            "remote_network_config": [],
            "role_arn": "arn:aws:iam::757370076418:role/lesson-8-9-eks-cluster-cluster-role",
            "status": "ACTIVE",
            "storage_config": [],
            "tags": {
              "Environment": "lesson-8-9",
              "Name": "lesson-8-9-eks-cluster"
            },
            "tags_all": {
              "Environment": "lesson-8-9",
              "Name": "lesson-8-9-eks-cluster"
            },
            "timeouts": null,
            "upgrade_policy": [
              {
                "support_type": "EXTENDED"
              }
            ],
            "version": "1.28",
            "vpc_config": [
              {
                "cluster_security_group_id": "sg-0c5daba7fe160efd1",
                "endpoint_private_access": true,
                "endpoint_public_access": true,
                "public_access_cidrs": [
                  "0.0.0.0/0"
                ],
                "security_group_ids": [],
                "subnet_ids": [
                  "subnet-02a22de94300b2420",
                  "subnet-037af29a6dcab7f9d",
                  "subnet-03ab5870357275d6a",
                  "subnet-071d4158381817e3a",
                  "subnet-08caaa615424af59f",
                  "subnet-0ae20e0cfdc7a5798"
                ],
                "vpc_id": "vpc-0fff9f58a44f91a7b"
              }
            ],
            "zonal_shift_config": []
          },
          "sensitive_attributes": [],
          "identity_schema_version": 0,
          "private": "eyJlMmJmYjczMC1lY2FhLTExZTYtOGY4OC0zNDM2M2JjN2M0YzAiOnsiY3JlYXRlIjoxODAwMDAwMDAwMDAwLCJkZWxldGUiOjkwMDAwMDAwMDAwMCwidXBkYXRlIjozNjAwMDAwMDAwMDAwfSwic2NoZW1hX3ZlcnNpb24iOiIxIn0=",
          "dependencies": [
            "module.eks.aws_iam_role.eks_cluster_role",
            "module.eks.aws_iam_role_policy_attachment.eks_cluster_policy",
            "module.vpc.aws_subnet.private",
            "module.vpc.aws_subnet.public",
            "module.vpc.aws_vpc.main"
          ]
        }
      ]
    },
    {
      "module": "module.eks",
      "mode": "managed",
      "type": "aws_iam_role",
      "name": "eks_cluster_role",
      "provider": "provider[\"registry.terraform.io/hashicorp/aws\"]",
      "instances": [
        {
          "schema_version": 0,
          "attributes": {
            "arn": "arn:aws:iam::757370076418:role/lesson-8-9-eks-cluster-cluster-role",
            "assume_role_policy": "{\"Statement\":[{\"Action\":\"sts:AssumeRole\",\"Effect\":\"Allow\",\"Principal\":{\"Service\":\"eks.amazonaws.com\"}}],\"Version\":\"2012-10-17\"}",
            "create_date": "2025-11-28T20:52:34Z",
            "description": "",
            "force_detach_policies": false,
            "id": "lesson-8-9-eks-cluster-cluster-role",
            "inline_policy": [],
            "managed_policy_arns": [
              "arn:aws:iam::aws:policy/AmazonEKSClusterPolicy"
            ],
            "max_session_duration": 3600,
            "name": "lesson-8-9-eks-cluster-cluster-role",
            "name_prefix": "",
            "path": "/",
            "permissions_boundary": "",
            "tags": {
              "Environment": "lesson-8-9",
              "Name": "lesson-8-9-eks-cluster-cluster-role"
            },
            "tags_all": {
              "Environment": "lesson-8-9",
              "Name": "lesson-8-9-eks-cluster-cluster-role"
            },
            "unique_id": "AROA3AVWGHUBOTVUUSABN"
          },
          "sensitive_attributes": [],
          "identity_schema_version": 0,
          "private": "bnVsbA=="
        }
      ]
    },
    {
      "module": "module.eks",
      "mode": "managed",
      "type": "aws_iam_role_policy_attachment",
      "name": "eks_cluster_policy",
      "provider": "provider[\"registry.terraform.io/hashicorp/aws\"]",
      "instances": [
        {
          "schema_version": 0,
          "attributes": {
            "id": "lesson-8-9-eks-cluster-cluster-role-20251128205235557200000006",
            "policy_arn": "arn:aws:iam::aws:policy/AmazonEKSClusterPolicy",
            "role": "lesson-8-9-eks-cluster-cluster-role"
          },
          "sensitive_attributes": [],
          "identity_schema_version": 0,
          "private": "bnVsbA==",
          "dependencies": [
            "module.eks.aws_iam_role.eks_cluster_role"
          ]
        }
      ]
    },
    {
      "module": "module.vpc",
      "mode": "managed",
      "type": "aws_subnet",
      "name": "private",
      "provider": "provider[\"registry.terraform.io/hashicorp/aws\"]",
      "instances": [
        {
          "index_key": 0,
          "schema_version": 1,
          "attributes": {
            "arn": "arn:aws:ec2:us-west-2:757370076418:subnet/subnet-08caaa615424af59f",
            "assign_ipv6_address_on_creation": false,
            "availability_zone": "us-west-2a",
            "availability_zone_id": "usw2-az2",
            "cidr_block": "10.0.4.0/24",
            "customer_owned_ipv4_pool": "",
            "enable_dns64": false,
            "enable_lni_at_device_index": 0,
            "enable_resource_name_dns_a_record_on_launch": false,
            "enable_resource_name_dns_aaaa_record_on_launch": false,
            "id": "subnet-08caaa615424af59f",
            "ipv6_cidr_block": "",
            "ipv6_cidr_block_association_id": "",
            "ipv6_native": false,
            "map_customer_owned_ip_on_launch": false,
            "map_public_ip_on_launch": false,
            "outpost_arn": "",
            "owner_id": "757370076418",
            "private_dns_hostname_type_on_launch": "ip-name",
            "tags": {
              "Environment": "lesson-8-9",
              "Name": "lesson-8-9-vpc-private-1",
              "Type": "Private"
            },
            "tags_all": {
              "Environment": "lesson-8-9",
              "Name": "lesson-8-9-vpc-private-1",
              "Type": "Private"
            },
            "timeouts": null,
            "vpc_id": "vpc-0fff9f58a44f91a7b"
          },
          "sensitive_attributes": [],
          "identity_schema_version": 0,
          "private": "eyJlMmJmYjczMC1lY2FhLTExZTYtOGY4OC0zNDM2M2JjN2M0YzAiOnsiY3JlYXRlIjo2MDAwMDAwMDAwMDAsImRlbGV0ZSI6MTIwMDAwMDAwMDAwMH0sInNjaGVtYV92ZXJzaW9uIjoiMSJ9",
          "dependencies": [
            "module.vpc.aws_vpc.main"
          ]
        },
        {
          "index_key": 1,
          "schema_version": 1,
          "attributes": {
            "arn": "arn:aws:ec2:us-west-2:757370076418:subnet/subnet-037af29a6dcab7f9d",
            "assign_ipv6_address_on_creation": false,
            "availability_zone": "us-west-2b",
            "availability_zone_id": "usw2-az1",
            "cidr_block": "10.0.5.0/24",
            "customer_owned_ipv4_pool": "",
            "enable_dns64": false,
            "enable_lni_at_device_index": 0,
            "enable_resource_name_dns_a_record_on_launch": false,
            "enable_resource_name_dns_aaaa_record_on_launch": false,
            "id": "subnet-037af29a6dcab7f9d",
            "ipv6_cidr_block": "",
            "ipv6_cidr_block_association_id": "",
            "ipv6_native": false,
            "map_customer_owned_ip_on_launch": false,
            "map_public_ip_on_launch": false,
            "outpost_arn": "",
            "owner_id": "757370076418",
            "private_dns_hostname_type_on_launch": "ip-name",
            "tags": {
              "Environment": "lesson-8-9",
              "Name": "lesson-8-9-vpc-private-2",
              "Type": "Private"
            },
            "tags_all": {
              "Environment": "lesson-8-9",
              "Name": "lesson-8-9-vpc-private-2",
              "Type": "Private"
            },
            "timeouts": null,
            "vpc_id": "vpc-0fff9f58a44f91a7b"
          },
          "sensitive_attributes": [],
          "identity_schema_version": 0,
          "private": "eyJlMmJmYjczMC1lY2FhLTExZTYtOGY4OC0zNDM2M2JjN2M0YzAiOnsiY3JlYXRlIjo2MDAwMDAwMDAwMDAsImRlbGV0ZSI6MTIwMDAwMDAwMDAwMH0sInNjaGVtYV92ZXJzaW9uIjoiMSJ9",
          "dependencies": [
            "module.vpc.aws_vpc.main"
          ]
        },
        {
          "index_key": 2,
          "schema_version": 1,
          "attributes": {
            "arn": "arn:aws:ec2:us-west-2:757370076418:subnet/subnet-02a22de94300b2420",
            "assign_ipv6_address_on_creation": false,
            "availability_zone": "us-west-2c",
            "availability_zone_id": "usw2-az3",
            "cidr_block": "10.0.6.0/24",
            "customer_owned_ipv4_pool": "",
            "enable_dns64": false,
            "enable_lni_at_device_index": 0,
            "enable_resource_name_dns_a_record_on_launch": false,
            "enable_resource_name_dns_aaaa_record_on_launch": false,
            "id": "subnet-02a22de94300b2420",
            "ipv6_cidr_block": "",
            "ipv6_cidr_block_association_id": "",
            "ipv6_native": false,
            "map_customer_owned_ip_on_launch": false,
            "map_public_ip_on_launch": false,
            "outpost_arn": "",
            "owner_id": "757370076418",
            "private_dns_hostname_type_on_launch": "ip-name",
            "tags": {
              "Environment": "lesson-8-9",
              "Name": "lesson-8-9-vpc-private-3",
              "Type": "Private"
            },
            "tags_all": {
              "Environment": "lesson-8-9",
              "Name": "lesson-8-9-vpc-private-3",
              "Type": "Private"
            },
            "timeouts": null,
            "vpc_id": "vpc-0fff9f58a44f91a7b"
          },
          "sensitive_attributes": [],
          "identity_schema_version": 0,
          "private": "eyJlMmJmYjczMC1lY2FhLTExZTYtOGY4OC0zNDM2M2JjN2M0YzAiOnsiY3JlYXRlIjo2MDAwMDAwMDAwMDAsImRlbGV0ZSI6MTIwMDAwMDAwMDAwMH0sInNjaGVtYV92ZXJzaW9uIjoiMSJ9",
          "dependencies": [
            "module.vpc.aws_vpc.main"
          ]
        }
      ]
    },
    {
      "module": "module.vpc",
      "mode": "managed",
      "type": "aws_subnet",
      "name": "public",
      "provider": "provider[\"registry.terraform.io/hashicorp/aws\"]",
      "instances": [
        {
          "index_key": 0,
          "schema_version": 1,
          "attributes": {
            "arn": "arn:aws:ec2:us-west-2:757370076418:subnet/subnet-0ae20e0cfdc7a5798",
            "assign_ipv6_address_on_creation": false,
            "availability_zone": "us-west-2a",
            "availability_zone_id": "usw2-az2",
            "cidr_block": "10.0.1.0/24",
            "customer_owned_ipv4_pool": "",
            "enable_dns64": false,
            "enable_lni_at_device_index": 0,
            "enable_resource_name_dns_a_record_on_launch": false,
            "enable_resource_name_dns_aaaa_record_on_launch": false,
            "id": "subnet-0ae20e0cfdc7a5798",
            "ipv6_cidr_block": "",
            "ipv6_cidr_block_association_id": "",
            "ipv6_native": false,
            "map_customer_owned_ip_on_launch": false,
            "map_public_ip_on_launch": true,
            "outpost_arn": "",
            "owner_id": "757370076418",
            "private_dns_hostname_type_on_launch": "ip-name",
            "tags": {
              "Environment": "lesson-8-9",
              "Name": "lesson-8-9-vpc-public-1",
              "Type": "Public"
            },
            "tags_all": {
              "Environment": "lesson-8-9",
              "Name": "lesson-8-9-vpc-public-1",
              "Type": "Public"
            },
            "timeouts": null,
            "vpc_id": "vpc-0fff9f58a44f91a7b"
          },
          "sensitive_attributes": [],
          "identity_schema_version": 0,
          "private": "eyJlMmJmYjczMC1lY2FhLTExZTYtOGY4OC0zNDM2M2JjN2M0YzAiOnsiY3JlYXRlIjo2MDAwMDAwMDAwMDAsImRlbGV0ZSI6MTIwMDAwMDAwMDAwMH0sInNjaGVtYV92ZXJzaW9uIjoiMSJ9",
          "dependencies": [
            "module.vpc.aws_vpc.main"
          ]
        },
        {
          "index_key": 1,
          "schema_version": 1,
          "attributes": {
            "arn": "arn:aws:ec2:us-west-2:757370076418:subnet/subnet-071d4158381817e3a",
            "assign_ipv6_address_on_creation": false,
            "availability_zone": "us-west-2b",
            "availability_zone_id": "usw2-az1",
            "cidr_block": "10.0.2.0/24",
            "customer_owned_ipv4_pool": "",
            "enable_dns64": false,
            "enable_lni_at_device_index": 0,
            "enable_resource_name_dns_a_record_on_launch": false,
            "enable_resource_name_dns_aaaa_record_on_launch": false,
            "id": "subnet-071d4158381817e3a",
            "ipv6_cidr_block": "",
            "ipv6_cidr_block_association_id": "",
            "ipv6_native": false,
            "map_customer_owned_ip_on_launch": false,
            "map_public_ip_on_launch": true,
            "outpost_arn": "",
            "owner_id": "757370076418",
            "private_dns_hostname_type_on_launch": "ip-name",
            "tags": {
              "Environment": "lesson-8-9",
              "Name": "lesson-8-9-vpc-public-2",
              "Type": "Public"
            },
            "tags_all": {
              "Environment": "lesson-8-9",
              "Name": "lesson-8-9-vpc-public-2",
              "Type": "Public"
            },
            "timeouts": null,
            "vpc_id": "vpc-0fff9f58a44f91a7b"
          },
          "sensitive_attributes": [],
          "identity_schema_version": 0,
          "private": "eyJlMmJmYjczMC1lY2FhLTExZTYtOGY4OC0zNDM2M2JjN2M0YzAiOnsiY3JlYXRlIjo2MDAwMDAwMDAwMDAsImRlbGV0ZSI6MTIwMDAwMDAwMDAwMH0sInNjaGVtYV92ZXJzaW9uIjoiMSJ9",
          "dependencies": [
            "module.vpc.aws_vpc.main"
          ]
        },
        {
          "index_key": 2,
          "schema_version": 1,
          "attributes": {
            "arn": "arn:aws:ec2:us-west-2:757370076418:subnet/subnet-03ab5870357275d6a",
            "assign_ipv6_address_on_creation": false,
            "availability_zone": "us-west-2c",
            "availability_zone_id": "usw2-az3",
            "cidr_block": "10.0.3.0/24",
            "customer_owned_ipv4_pool": "",
            "enable_dns64": false,
            "enable_lni_at_device_index": 0,
            "enable_resource_name_dns_a_record_on_launch": false,
            "enable_resource_name_dns_aaaa_record_on_launch": false,
            "id": "subnet-03ab5870357275d6a",
            "ipv6_cidr_block": "",
            "ipv6_cidr_block_association_id": "",
            "ipv6_native": false,
            "map_customer_owned_ip_on_launch": false,
            "map_public_ip_on_launch": true,
            "outpost_arn": "",
            "owner_id": "757370076418",
            "private_dns_hostname_type_on_launch": "ip-name",
            "tags": {
              "Environment": "lesson-8-9",
              "Name": "lesson-8-9-vpc-public-3",
              "Type": "Public"
            },
            "tags_all": {
              "Environment": "lesson-8-9",
              "Name": "lesson-8-9-vpc-public-3",
              "Type": "Public"
            },
            "timeouts": null,
            "vpc_id": "vpc-0fff9f58a44f91a7b"
          },
          "sensitive_attributes": [],
          "identity_schema_version": 0,
          "private": "eyJlMmJmYjczMC1lY2FhLTExZTYtOGY4OC0zNDM2M2JjN2M0YzAiOnsiY3JlYXRlIjo2MDAwMDAwMDAwMDAsImRlbGV0ZSI6MTIwMDAwMDAwMDAwMH0sInNjaGVtYV92ZXJzaW9uIjoiMSJ9",
          "dependencies": [
            "module.vpc.aws_vpc.main"
          ]
        }
      ]
    },
    {
      "module": "module.vpc",
      "mode": "managed",
      "type": "aws_vpc",
      "name": "main",
      "provider": "provider[\"registry.terraform.io/hashicorp/aws\"]",
      "instances": [
        {
          "schema_version": 1,
          "attributes": {
            "arn": "arn:aws:ec2:us-west-2:757370076418:vpc/vpc-0fff9f58a44f91a7b",
            "assign_generated_ipv6_cidr_block": false,
            "cidr_block": "10.0.0.0/16",
            "default_network_acl_id": "acl-0bc92f29f6a9f5e36",
            "default_route_table_id": "rtb-0670610d77624be29",
            "default_security_group_id": "sg-00449c7de2c02dfbb",
            "dhcp_options_id": "dopt-0512eb17b1c07bf29",
            "enable_dns_hostnames": true,
            "enable_dns_support": true,
            "enable_network_address_usage_metrics": false,
            "id": "vpc-0fff9f58a44f91a7b",
            "instance_tenancy": "default",
            "ipv4_ipam_pool_id": null,
            "ipv4_netmask_length": null,
            "ipv6_association_id": "",
            "ipv6_cidr_block": "",
            "ipv6_cidr_block_network_border_group": "",
            "ipv6_ipam_pool_id": "",
            "ipv6_netmask_length": 0,
            "main_route_table_id": "rtb-0670610d77624be29",
            "owner_id": "757370076418",
            "tags": {
              "Environment": "lesson-8-9",
              "Name": "lesson-8-9-vpc"
            },
            "tags_all": {
              "Environment": "lesson-8-9",
              "Name": "lesson-8-9-vpc"
            }
          },
          "sensitive_attributes": [],
          "identity_schema_version": 0,
          "private": "eyJzY2hlbWFfdmVyc2lvbiI6IjEifQ=="
        }
      ]
    }
  ],
  "check_results": [
    {
      "object_kind": "var",
      "config_addr": "module.rds_postgres.var.engine",
      "status": "unknown",
      "objects": null
    }
  ]
}
