{
  "version": 4,
  "terraform_version": "1.13.4",
  "serial": 253,
  "lineage": "654a6cf3-864d-aa93-11df-9d4121807c62",
  "outputs": {
    "argocd_admin_password": {
      "value": "Sm4yzkszErK5pQ8d",
      "type": "string",
      "sensitive": true
    },
    "argocd_server_url": {
      "value": "http://a84400b52fd3745ac84c56fda2087909-1643917824.us-west-2.elb.amazonaws.com",
      "type": "string"
    },
    "ecr_repository_url": {
      "value": "757370076418.dkr.ecr.us-west-2.amazonaws.com/final-project-devops-django-app",
      "type": "string"
    },
    "eks_cluster_arn": {
      "value": "arn:aws:eks:us-west-2:757370076418:cluster/final-project-devops-eks-cluster",
      "type": "string"
    },
    "eks_cluster_endpoint": {
      "value": "https://4EA4EE5FDC64E0A8F7026CE7C2D684FF.gr7.us-west-2.eks.amazonaws.com",
      "type": "string"
    },
    "eks_cluster_name": {
      "value": "final-project-devops-eks-cluster",
      "type": "string"
    },
    "jenkins_admin_password": {
      "value": "admin123",
      "type": "string",
      "sensitive": true
    },
    "jenkins_admin_user": {
      "value": "admin",
      "type": "string"
    },
    "jenkins_url": {
      "value": "http://abb1491724f5a445a9ee83a598e92e55-421803409.us-west-2.elb.amazonaws.com:8080",
      "type": "string"
    },
    "kubectl_config_command": {
      "value": "aws eks update-kubeconfig --region us-west-2 --name final-project-devops-eks-cluster",
      "type": "string"
    },
    "s3_bucket_name": {
      "value": "terraform-state-final-project-devops",
      "type": "string"
    },
    "vpc_id": {
      "value": "vpc-0e694f073f2215ebc",
      "type": "string"
    }
  },
  "resources": [
    {
      "mode": "managed",
      "type": "aws_security_group",
      "name": "eks_to_rds",
      "provider": "provider[\"registry.terraform.io/hashicorp/aws\"]",
      "instances": [
        {
          "schema_version": 1,
          "attributes": {
            "arn": "arn:aws:ec2:us-west-2:757370076418:security-group/sg-020b3961d94dad6e5",
            "description": "Allow EKS nodes to access RDS databases",
            "egress": [
              {
                "cidr_blocks": [
                  "0.0.0.0/0"
                ],
                "description": "",
                "from_port": 0,
                "ipv6_cidr_blocks": [],
                "prefix_list_ids": [],
                "protocol": "-1",
                "security_groups": [],
                "self": false,
                "to_port": 0
              }
            ],
            "id": "sg-020b3961d94dad6e5",
            "ingress": [
              {
                "cidr_blocks": [],
                "description": "Allow EKS nodes to access PostgreSQL",
                "from_port": 5432,
                "ipv6_cidr_blocks": [],
                "prefix_list_ids": [],
                "protocol": "tcp",
                "security_groups": [],
                "self": true,
                "to_port": 5432
              }
            ],
            "name": "final-project-devops-eks-to-rds",
            "name_prefix": "",
            "owner_id": "757370076418",
            "revoke_rules_on_delete": false,
            "tags": {
              "Environment": "dev",
              "ManagedBy": "terraform",
              "Name": "final-project-devops-eks-to-rds",
              "Project": "final-project-devops"
            },
            "tags_all": {
              "Environment": "dev",
              "ManagedBy": "terraform",
              "Name": "final-project-devops-eks-to-rds",
              "Project": "final-project-devops"
            },
            "timeouts": null,
            "vpc_id": "vpc-0e694f073f2215ebc"
          },
          "sensitive_attributes": [],
          "identity_schema_version": 0,
          "private": "eyJlMmJmYjczMC1lY2FhLTExZTYtOGY4OC0zNDM2M2JjN2M0YzAiOnsiY3JlYXRlIjo2MDAwMDAwMDAwMDAsImRlbGV0ZSI6OTAwMDAwMDAwMDAwfSwic2NoZW1hX3ZlcnNpb24iOiIxIn0=",
          "dependencies": [
            "module.vpc.aws_vpc.main"
          ]
        }
      ]
    },
    {
      "mode": "managed",
      "type": "aws_security_group_rule",
      "name": "eks_nodes_to_rds",
      "provider": "provider[\"registry.terraform.io/hashicorp/aws\"]",
      "instances": [
        {
          "index_key": 0,
          "schema_version": 2,
          "attributes": {
            "cidr_blocks": null,
            "description": "Allow EKS nodes to access PostgreSQL",
            "from_port": 5432,
            "id": "sgrule-2438193872",
            "ipv6_cidr_blocks": null,
            "prefix_list_ids": null,
            "protocol": "tcp",
            "security_group_id": "sg-020b3961d94dad6e5",
            "security_group_rule_id": "sgr-00b9817a1eeb0e9b5",
            "self": false,
            "source_security_group_id": "sg-020b3961d94dad6e5",
            "timeouts": null,
            "to_port": 5432,
            "type": "ingress"
          },
          "sensitive_attributes": [],
          "identity_schema_version": 0,
          "private": "eyJlMmJmYjczMC1lY2FhLTExZTYtOGY4OC0zNDM2M2JjN2M0YzAiOnsiY3JlYXRlIjozMDAwMDAwMDAwMDB9LCJzY2hlbWFfdmVyc2lvbiI6IjIifQ==",
          "dependencies": [
            "aws_security_group.eks_to_rds",
            "module.vpc.aws_vpc.main"
          ]
        }
      ]
    },
    {
      "mode": "managed",
      "type": "null_resource",
      "name": "apply_kubernetes_secrets",
      "provider": "provider[\"registry.terraform.io/hashicorp/null\"]",
      "instances": [
        {
          "schema_version": 0,
          "attributes": {
            "id": "5807271485469860218",
            "triggers": {
              "cluster_name": "final-project-devops-eks-cluster"
            }
          },
          "sensitive_attributes": [],
          "identity_schema_version": 0,
          "dependencies": [
            "module.eks.aws_eks_addon.coredns",
            "module.eks.aws_eks_addon.ebs_csi_driver",
            "module.eks.aws_eks_addon.kube_proxy",
            "module.eks.aws_eks_addon.vpc_cni",
            "module.eks.aws_eks_cluster.main",
            "module.eks.aws_eks_node_group.main",
            "module.eks.aws_iam_openid_connect_provider.eks",
            "module.eks.aws_iam_role.ebs_csi_driver_role",
            "module.eks.aws_iam_role.eks_cluster_role",
            "module.eks.aws_iam_role.eks_node_group_role",
            "module.eks.aws_iam_role_policy_attachment.ebs_csi_driver_policy",
            "module.eks.aws_iam_role_policy_attachment.eks_cluster_policy",
            "module.eks.aws_iam_role_policy_attachment.eks_cni_policy",
            "module.eks.aws_iam_role_policy_attachment.eks_container_registry_policy",
            "module.eks.aws_iam_role_policy_attachment.eks_worker_node_policy",
            "module.eks.aws_iam_role_policy_attachment.node_group_ebs_policy",
            "module.eks.aws_iam_role_policy_attachment.node_group_ec2_policy",
            "module.eks.data.tls_certificate.eks",
            "module.vpc.aws_subnet.private",
            "module.vpc.aws_subnet.public",
            "module.vpc.aws_vpc.main",
            "null_resource.update_kubeconfig"
          ]
        }
      ]
    },
    {
      "mode": "managed",
      "type": "null_resource",
      "name": "update_kubeconfig",
      "provider": "provider[\"registry.terraform.io/hashicorp/null\"]",
      "instances": [
        {
          "schema_version": 0,
          "attributes": {
            "id": "1682582658746448331",
            "triggers": {
              "cluster_endpoint": "https://4EA4EE5FDC64E0A8F7026CE7C2D684FF.gr7.us-west-2.eks.amazonaws.com",
              "cluster_name": "final-project-devops-eks-cluster"
            }
          },
          "sensitive_attributes": [],
          "identity_schema_version": 0,
          "dependencies": [
            "module.eks.aws_eks_addon.coredns",
            "module.eks.aws_eks_addon.ebs_csi_driver",
            "module.eks.aws_eks_addon.kube_proxy",
            "module.eks.aws_eks_addon.vpc_cni",
            "module.eks.aws_eks_cluster.main",
            "module.eks.aws_eks_node_group.main",
            "module.eks.aws_iam_openid_connect_provider.eks",
            "module.eks.aws_iam_role.ebs_csi_driver_role",
            "module.eks.aws_iam_role.eks_cluster_role",
            "module.eks.aws_iam_role.eks_node_group_role",
            "module.eks.aws_iam_role_policy_attachment.ebs_csi_driver_policy",
            "module.eks.aws_iam_role_policy_attachment.eks_cluster_policy",
            "module.eks.aws_iam_role_policy_attachment.eks_cni_policy",
            "module.eks.aws_iam_role_policy_attachment.eks_container_registry_policy",
            "module.eks.aws_iam_role_policy_attachment.eks_worker_node_policy",
            "module.eks.aws_iam_role_policy_attachment.node_group_ebs_policy",
            "module.eks.aws_iam_role_policy_attachment.node_group_ec2_policy",
            "module.eks.data.tls_certificate.eks",
            "module.vpc.aws_subnet.private",
            "module.vpc.aws_subnet.public",
            "module.vpc.aws_vpc.main"
          ]
        }
      ]
    },
    {
      "module": "module.argo_cd",
      "mode": "data",
      "type": "kubernetes_secret",
      "name": "argocd_initial_admin_secret",
      "provider": "provider[\"registry.terraform.io/hashicorp/kubernetes\"]",
      "instances": [
        {
          "schema_version": 0,
          "attributes": {
            "binary_data": null,
            "data": {
              "password": "Sm4yzkszErK5pQ8d"
            },
            "id": "argocd/argocd-initial-admin-secret",
            "immutable": false,
            "metadata": [
              {
                "annotations": {},
                "generate_name": "",
                "generation": 0,
                "labels": {},
                "name": "argocd-initial-admin-secret",
                "namespace": "argocd",
                "resource_version": "1510",
                "uid": "f9e5acc8-f16a-4258-898a-31cbe3ac4267"
              }
            ],
            "type": "Opaque"
          },
          "sensitive_attributes": [
            [
              {
                "type": "get_attr",
                "value": "binary_data"
              }
            ],
            [
              {
                "type": "get_attr",
                "value": "data"
              }
            ]
          ],
          "identity_schema_version": 0
        }
      ]
    },
    {
      "module": "module.argo_cd",
      "mode": "data",
      "type": "kubernetes_service",
      "name": "argocd_server",
      "provider": "provider[\"registry.terraform.io/hashicorp/kubernetes\"]",
      "instances": [
        {
          "schema_version": 0,
          "attributes": {
            "id": "argocd/argocd-server",
            "metadata": [
              {
                "annotations": {
                  "meta.helm.sh/release-name": "argocd",
                  "meta.helm.sh/release-namespace": "argocd"
                },
                "generation": 0,
                "labels": {
                  "app.kubernetes.io/component": "server",
                  "app.kubernetes.io/instance": "argocd",
                  "app.kubernetes.io/managed-by": "Helm",
                  "app.kubernetes.io/name": "argocd-server",
                  "app.kubernetes.io/part-of": "argocd",
                  "app.kubernetes.io/version": "v2.8.4",
                  "helm.sh/chart": "argo-cd-5.51.6"
                },
                "name": "argocd-server",
                "namespace": "argocd",
                "resource_version": "1167",
                "uid": "84400b52-fd37-45ac-84c5-6fda20879092"
              }
            ],
            "spec": [
              {
                "allocate_load_balancer_node_ports": true,
                "cluster_ip": "172.20.72.63",
                "cluster_ips": [
                  "172.20.72.63"
                ],
                "external_ips": [],
                "external_name": "",
                "external_traffic_policy": "Cluster",
                "health_check_node_port": 0,
                "internal_traffic_policy": "Cluster",
                "ip_families": [
                  "IPv4"
                ],
                "ip_family_policy": "SingleStack",
                "load_balancer_class": "",
                "load_balancer_ip": "",
                "load_balancer_source_ranges": [],
                "port": [
                  {
                    "app_protocol": "",
                    "name": "http",
                    "node_port": 30413,
                    "port": 80,
                    "protocol": "TCP",
                    "target_port": "8080"
                  },
                  {
                    "app_protocol": "",
                    "name": "https",
                    "node_port": 30250,
                    "port": 443,
                    "protocol": "TCP",
                    "target_port": "8080"
                  }
                ],
                "publish_not_ready_addresses": false,
                "selector": {
                  "app.kubernetes.io/instance": "argocd",
                  "app.kubernetes.io/name": "argocd-server"
                },
                "session_affinity": "None",
                "session_affinity_config": [],
                "type": "LoadBalancer"
              }
            ],
            "status": [
              {
                "load_balancer": [
                  {
                    "ingress": [
                      {
                        "hostname": "a84400b52fd3745ac84c56fda2087909-1643917824.us-west-2.elb.amazonaws.com",
                        "ip": ""
                      }
                    ]
                  }
                ]
              }
            ]
          },
          "sensitive_attributes": [],
          "identity_schema_version": 0
        }
      ]
    },
    {
      "module": "module.argo_cd",
      "mode": "managed",
      "type": "helm_release",
      "name": "argocd",
      "provider": "provider[\"registry.terraform.io/hashicorp/helm\"]",
      "instances": [
        {
          "schema_version": 1,
          "attributes": {
            "atomic": false,
            "chart": "argo-cd",
            "cleanup_on_fail": false,
            "create_namespace": false,
            "dependency_update": false,
            "description": null,
            "devel": null,
            "disable_crd_hooks": false,
            "disable_openapi_validation": false,
            "disable_webhooks": false,
            "force_update": false,
            "id": "argocd",
            "keyring": null,
            "lint": false,
            "manifest": null,
            "max_history": 0,
            "metadata": [
              {
                "app_version": "v2.9.3",
                "chart": "argo-cd",
                "first_deployed": 1764484986,
                "last_deployed": 1764484986,
                "name": "argocd",
                "namespace": "argocd",
                "notes": "\nDEPRECATED option server.extraArgs.\"--insecure\" - Use configs.params.server.insecure\nDEPRECATED option server.config - Use configs.cm\n\nIn order to access the server UI you have the following options:\n\n1. kubectl port-forward service/argocd-server -n argocd 8080:443\n\n    and then open the browser on http://localhost:8080 and accept the certificate\n\n2. enable ingress in the values file `server.ingress.enabled` and either\n      - Add the annotation for ssl passthrough: https://argo-cd.readthedocs.io/en/stable/operator-manual/ingress/#option-1-ssl-passthrough\n      - Set the `configs.params.\"server.insecure\"` in the values file and terminate SSL at your ingress: https://argo-cd.readthedocs.io/en/stable/operator-manual/ingress/#option-2-multiple-ingress-objects-and-hosts\n\n\nAfter reaching the UI the first time you can login with username: admin and the random password generated during the installation. You can find the password by running:\n\nkubectl -n argocd get secret argocd-initial-admin-secret -o jsonpath=\"{.data.password}\" | base64 -d\n\n(You should delete the initial secret afterwards as suggested by the Getting Started Guide: https://argo-cd.readthedocs.io/en/stable/getting_started/#4-login-using-the-cli)\n",
                "revision": 1,
                "values": "{\"applicationSet\":{\"enabled\":true},\"configs\":{\"tls\":{\"certificates\":{}}},\"controller\":{\"metrics\":{\"enabled\":true,\"service\":{\"type\":\"ClusterIP\"}}},\"global\":{\"image\":{\"repository\":\"quay.io/argoproj/argocd\",\"tag\":\"v2.8.4\"}},\"notifications\":{\"enabled\":true},\"redis\":{\"enabled\":true},\"repoServer\":{\"metrics\":{\"enabled\":true,\"service\":{\"type\":\"ClusterIP\"}}},\"server\":{\"config\":{\"admin.enabled\":true,\"application.instanceLabelKey\":\"argocd.argoproj.io/instance\",\"exec.enabled\":true,\"server.rbac.log.enforce.enable\":false,\"timeout.reconciliation\":\"180s\"},\"extraArgs\":[\"--insecure\"],\"metrics\":{\"enabled\":true,\"service\":{\"type\":\"ClusterIP\"}},\"service\":{\"type\":\"LoadBalancer\"}}}",
                "version": "5.51.6"
              }
            ],
            "name": "argocd",
            "namespace": "argocd",
            "pass_credentials": false,
            "postrender": [],
            "recreate_pods": false,
            "render_subchart_notes": true,
            "replace": false,
            "repository": "https://argoproj.github.io/argo-helm",
            "repository_ca_file": null,
            "repository_cert_file": null,
            "repository_key_file": null,
            "repository_password": null,
            "repository_username": null,
            "reset_values": false,
            "reuse_values": false,
            "set": [],
            "set_list": [],
            "set_sensitive": [],
            "skip_crds": false,
            "status": "deployed",
            "timeout": 900,
            "upgrade_install": null,
            "values": [
              "# Argo CD Server Configuration\r\nserver:\r\n  service:\r\n    type: LoadBalancer\r\n    \r\n  # Argo CD UI Configuration\r\n  config:\r\n    application.instanceLabelKey: argocd.argoproj.io/instance\r\n    server.rbac.log.enforce.enable: false\r\n    exec.enabled: true\r\n    admin.enabled: true\r\n    timeout.reconciliation: 180s\r\n    \r\n  # Additional command line arguments\r\n  extraArgs:\r\n    - --insecure\r\n    \r\n  # Metrics\r\n  metrics:\r\n    enabled: true\r\n    service:\r\n      type: ClusterIP\r\n\r\n# Controller Configuration  \r\ncontroller:\r\n  metrics:\r\n    enabled: true\r\n    service:\r\n      type: ClusterIP\r\n      \r\n# Repository Server Configuration\r\nrepoServer:\r\n  metrics:\r\n    enabled: true\r\n    service:\r\n      type: ClusterIP\r\n\r\n# Redis Configuration\r\nredis:\r\n  enabled: true\r\n  \r\n# Notifications Controller\r\nnotifications:\r\n  enabled: true\r\n\r\n# ApplicationSet Controller\r\napplicationSet:\r\n  enabled: true\r\n\r\n# Global Configuration\r\nglobal:\r\n  image:\r\n    repository: quay.io/argoproj/argocd\r\n    tag: v2.8.4\r\n    \r\n# RBAC Configuration\r\nconfigs:\r\n  rbac:\r\n    policy.default: role:readonly\r\n    policy.csv: |\r\n      p, role:admin, applications, *, */*, allow\r\n      p, role:admin, clusters, *, *, allow\r\n      p, role:admin, repositories, *, *, allow\r\n      g, argocd-admins, role:admin\r\n\r\n# Secret Management\r\nconfigs:\r\n  secret:\r\n    createSecret: true\r\n    \r\n# TLS Configuration (disabled for simplicity)\r\nconfigs:\r\n  tls:\r\n    certificates: {}"
            ],
            "verify": false,
            "version": "5.51.6",
            "wait": true,
            "wait_for_jobs": false
          },
          "sensitive_attributes": [
            [
              {
                "type": "get_attr",
                "value": "repository_password"
              }
            ]
          ],
          "identity_schema_version": 0,
          "private": "eyJzY2hlbWFfdmVyc2lvbiI6IjEifQ==",
          "dependencies": [
            "module.argo_cd.kubernetes_namespace.argocd",
            "module.eks.aws_eks_cluster.main",
            "module.eks.aws_iam_role.eks_cluster_role",
            "module.eks.aws_iam_role_policy_attachment.eks_cluster_policy",
            "module.vpc.aws_subnet.private",
            "module.vpc.aws_subnet.public",
            "module.vpc.aws_vpc.main"
          ]
        }
      ]
    },
    {
      "module": "module.argo_cd",
      "mode": "managed",
      "type": "helm_release",
      "name": "argocd_apps",
      "provider": "provider[\"registry.terraform.io/hashicorp/helm\"]",
      "instances": [
        {
          "schema_version": 1,
          "attributes": {
            "atomic": false,
            "chart": "modules/argo_cd/charts",
            "cleanup_on_fail": false,
            "create_namespace": false,
            "dependency_update": false,
            "description": null,
            "devel": null,
            "disable_crd_hooks": false,
            "disable_openapi_validation": false,
            "disable_webhooks": false,
            "force_update": false,
            "id": "argocd-apps",
            "keyring": null,
            "lint": false,
            "manifest": null,
            "max_history": 0,
            "metadata": [
              {
                "app_version": "1.0.0",
                "chart": "argocd-applications",
                "first_deployed": 1764497263,
                "last_deployed": 1764497263,
                "name": "argocd-apps",
                "namespace": "argocd",
                "notes": "",
                "revision": 1,
                "values": "{\"applications\":[{\"destination\":{\"namespace\":\"{{ .Values.djangoAppNamespace }}\",\"server\":\"https://kubernetes.default.svc\"},\"name\":\"django-app\",\"namespace\":\"argocd\",\"project\":\"default\",\"source\":{\"path\":\"charts/django-app\",\"repoURL\":\"{{ .Values.gitRepoUrl }}\",\"targetRevision\":\"{{ .Values.targetRevision }}\"},\"syncPolicy\":{\"automated\":{\"prune\":true,\"selfHeal\":true},\"syncOptions\":[\"CreateNamespace=true\",\"PrunePropagationPolicy=foreground\",\"PruneLast=true\"]}}],\"djangoAppNamespace\":\"django-app\",\"gitRepoUrl\":\"https://github.com/didukhroma/my-microservice-project.git\",\"repositories\":[{\"name\":\"django-app-repo\",\"type\":\"git\",\"url\":\"{{ .Values.gitRepoUrl }}\"}],\"targetRevision\":\"final-project\"}",
                "version": "0.1.0"
              }
            ],
            "name": "argocd-apps",
            "namespace": "argocd",
            "pass_credentials": false,
            "postrender": [],
            "recreate_pods": false,
            "render_subchart_notes": true,
            "replace": false,
            "repository": null,
            "repository_ca_file": null,
            "repository_cert_file": null,
            "repository_key_file": null,
            "repository_password": null,
            "repository_username": null,
            "reset_values": false,
            "reuse_values": false,
            "set": [],
            "set_list": [],
            "set_sensitive": [],
            "skip_crds": false,
            "status": "deployed",
            "timeout": 300,
            "upgrade_install": null,
            "values": [
              "# Default values for Argo CD Applications\r\ngitRepoUrl: 'https://github.com/didukhroma/my-microservice-project.git'\r\ntargetRevision: 'final-project'\r\ndjangoAppNamespace: 'django-app'\r\n\r\n# Applications to create\r\napplications:\r\n  - name: django-app\r\n    namespace: argocd\r\n    project: default\r\n    source:\r\n      repoURL: '{{ .Values.gitRepoUrl }}'\r\n      targetRevision: '{{ .Values.targetRevision }}'\r\n      path: 'charts/django-app'\r\n    destination:\r\n      server: https://kubernetes.default.svc\r\n      namespace: '{{ .Values.djangoAppNamespace }}'\r\n    syncPolicy:\r\n      automated:\r\n        prune: true\r\n        selfHeal: true\r\n      syncOptions:\r\n        - CreateNamespace=true\r\n        - PrunePropagationPolicy=foreground\r\n        - PruneLast=true\r\n\r\n# Git repositories to configure\r\nrepositories:\r\n  - url: '{{ .Values.gitRepoUrl }}'\r\n    type: git\r\n    name: django-app-repo\r\n"
            ],
            "verify": false,
            "version": "0.1.0",
            "wait": true,
            "wait_for_jobs": false
          },
          "sensitive_attributes": [
            [
              {
                "type": "get_attr",
                "value": "repository_password"
              }
            ]
          ],
          "identity_schema_version": 0,
          "private": "eyJzY2hlbWFfdmVyc2lvbiI6IjEifQ==",
          "dependencies": [
            "module.argo_cd.helm_release.argocd",
            "module.argo_cd.kubernetes_namespace.argocd",
            "module.eks.aws_eks_cluster.main",
            "module.eks.aws_iam_role.eks_cluster_role",
            "module.eks.aws_iam_role_policy_attachment.eks_cluster_policy",
            "module.vpc.aws_subnet.private",
            "module.vpc.aws_subnet.public",
            "module.vpc.aws_vpc.main"
          ]
        }
      ]
    },
    {
      "module": "module.argo_cd",
      "mode": "managed",
      "type": "kubernetes_namespace",
      "name": "argocd",
      "provider": "provider[\"registry.terraform.io/hashicorp/kubernetes\"]",
      "instances": [
        {
          "schema_version": 0,
          "attributes": {
            "id": "argocd",
            "metadata": [
              {
                "annotations": {},
                "generate_name": "",
                "generation": 0,
                "labels": {},
                "name": "argocd",
                "resource_version": "840",
                "uid": "b2ce29d5-49bf-488b-80af-d614443b19ab"
              }
            ],
            "timeouts": {
              "delete": "30m"
            },
            "wait_for_default_service_account": false
          },
          "sensitive_attributes": [],
          "identity_schema_version": 1,
          "identity": {
            "api_version": "v1",
            "kind": "Namespace",
            "name": "argocd"
          },
          "private": "eyJlMmJmYjczMC1lY2FhLTExZTYtOGY4OC0zNDM2M2JjN2M0YzAiOnsiZGVsZXRlIjoxODAwMDAwMDAwMDAwfX0=",
          "dependencies": [
            "module.eks.aws_eks_cluster.main",
            "module.eks.aws_iam_role.eks_cluster_role",
            "module.eks.aws_iam_role_policy_attachment.eks_cluster_policy",
            "module.vpc.aws_subnet.private",
            "module.vpc.aws_subnet.public",
            "module.vpc.aws_vpc.main"
          ]
        }
      ]
    },
    {
      "module": "module.argo_cd",
      "mode": "managed",
      "type": "kubernetes_namespace",
      "name": "django_app",
      "provider": "provider[\"registry.terraform.io/hashicorp/kubernetes\"]",
      "instances": [
        {
          "schema_version": 0,
          "attributes": {
            "id": "django-app",
            "metadata": [
              {
                "annotations": {},
                "generate_name": "",
                "generation": 0,
                "labels": {},
                "name": "django-app",
                "resource_version": "839",
                "uid": "079a675e-b965-48d7-810b-6484e03f321b"
              }
            ],
            "timeouts": null,
            "wait_for_default_service_account": false
          },
          "sensitive_attributes": [],
          "identity_schema_version": 1,
          "identity": {
            "api_version": "v1",
            "kind": "Namespace",
            "name": "django-app"
          },
          "private": "eyJlMmJmYjczMC1lY2FhLTExZTYtOGY4OC0zNDM2M2JjN2M0YzAiOnsiZGVsZXRlIjozMDAwMDAwMDAwMDB9fQ==",
          "dependencies": [
            "module.eks.aws_eks_cluster.main",
            "module.eks.aws_iam_role.eks_cluster_role",
            "module.eks.aws_iam_role_policy_attachment.eks_cluster_policy",
            "module.vpc.aws_subnet.private",
            "module.vpc.aws_subnet.public",
            "module.vpc.aws_vpc.main"
          ]
        }
      ]
    },
    {
      "module": "module.ecr",
      "mode": "managed",
      "type": "aws_ecr_lifecycle_policy",
      "name": "main",
      "provider": "provider[\"registry.terraform.io/hashicorp/aws\"]",
      "instances": [
        {
          "schema_version": 0,
          "attributes": {
            "id": "final-project-devops-django-app",
            "policy": "{\"rules\":[{\"action\":{\"type\":\"expire\"},\"description\":\"Keep last 10 images\",\"rulePriority\":1,\"selection\":{\"countNumber\":10,\"countType\":\"imageCountMoreThan\",\"tagPrefixList\":[\"v\"],\"tagStatus\":\"tagged\"}}]}",
            "registry_id": "757370076418",
            "repository": "final-project-devops-django-app"
          },
          "sensitive_attributes": [],
          "identity_schema_version": 0,
          "private": "bnVsbA==",
          "dependencies": [
            "module.ecr.aws_ecr_repository.main"
          ]
        }
      ]
    },
    {
      "module": "module.ecr",
      "mode": "managed",
      "type": "aws_ecr_repository",
      "name": "main",
      "provider": "provider[\"registry.terraform.io/hashicorp/aws\"]",
      "instances": [
        {
          "schema_version": 0,
          "attributes": {
            "arn": "arn:aws:ecr:us-west-2:757370076418:repository/final-project-devops-django-app",
            "encryption_configuration": [
              {
                "encryption_type": "AES256",
                "kms_key": ""
              }
            ],
            "force_delete": true,
            "id": "final-project-devops-django-app",
            "image_scanning_configuration": [
              {
                "scan_on_push": true
              }
            ],
            "image_tag_mutability": "MUTABLE",
            "name": "final-project-devops-django-app",
            "registry_id": "757370076418",
            "repository_url": "757370076418.dkr.ecr.us-west-2.amazonaws.com/final-project-devops-django-app",
            "tags": {
              "Environment": "final-project-devops",
              "Name": "final-project-devops-django-app"
            },
            "tags_all": {
              "Environment": "final-project-devops",
              "Name": "final-project-devops-django-app"
            },
            "timeouts": null
          },
          "sensitive_attributes": [],
          "identity_schema_version": 0,
          "private": "eyJlMmJmYjczMC1lY2FhLTExZTYtOGY4OC0zNDM2M2JjN2M0YzAiOnsiZGVsZXRlIjoxMjAwMDAwMDAwMDAwfX0="
        }
      ]
    },
    {
      "module": "module.eks",
      "mode": "data",
      "type": "tls_certificate",
      "name": "eks",
      "provider": "provider[\"registry.terraform.io/hashicorp/tls\"]",
      "instances": [
        {
          "schema_version": 0,
          "attributes": {
            "certificates": [
              {
                "cert_pem": "-----BEGIN CERTIFICATE-----\nMIIEkjCCA3qgAwIBAgITBn+USionzfP6wq4rAfkI7rnExjANBgkqhkiG9w0BAQsF\nADCBmDELMAkGA1UEBhMCVVMxEDAOBgNVBAgTB0FyaXpvbmExEzARBgNVBAcTClNj\nb3R0c2RhbGUxJTAjBgNVBAoTHFN0YXJmaWVsZCBUZWNobm9sb2dpZXMsIEluYy4x\nOzA5BgNVBAMTMlN0YXJmaWVsZCBTZXJ2aWNlcyBSb290IENlcnRpZmljYXRlIEF1\ndGhvcml0eSAtIEcyMB4XDTE1MDUyNTEyMDAwMFoXDTM3MTIzMTAxMDAwMFowOTEL\nMAkGA1UEBhMCVVMxDzANBgNVBAoTBkFtYXpvbjEZMBcGA1UEAxMQQW1hem9uIFJv\nb3QgQ0EgMTCCASIwDQYJKoZIhvcNAQEBBQADggEPADCCAQoCggEBALJ4gHHKeNXj\nca9HgFB0fW7Y14h29Jlo91ghYPl0hAEvrAIthtOgQ3pOsqTQNroBvo3bSMgHFzZM\n9O6II8c+6zf1tRn4SWiw3te5djgdYZ6k/oI2peVKVuRF4fn9tBb6dNqcmzU5L/qw\nIFAGbHrQgLKm+a/sRxmPUDgH3KKHOVj4utWp+UhnMJbulHheb4mjUcAwhmahRWa6\nVOujw5H5SNz/0egwLX0tdHA114gk957EWW67c4cX8jJGKLhD+rcdqsq08p8kDi1L\n93FcXmn/6pUCyziKrlA4b9v7LWIbxcceVOF34GfID5yHI9Y/QCB/IIDEgEw+OyQm\njgSubJrIqg0CAwEAAaOCATEwggEtMA8GA1UdEwEB/wQFMAMBAf8wDgYDVR0PAQH/\nBAQDAgGGMB0GA1UdDgQWBBSEGMyFNOy8DJSULghZnMeyEE4KCDAfBgNVHSMEGDAW\ngBScXwDfqgHXMCs4iKK4bUqc8hGRgzB4BggrBgEFBQcBAQRsMGowLgYIKwYBBQUH\nMAGGImh0dHA6Ly9vY3NwLnJvb3RnMi5hbWF6b250cnVzdC5jb20wOAYIKwYBBQUH\nMAKGLGh0dHA6Ly9jcnQucm9vdGcyLmFtYXpvbnRydXN0LmNvbS9yb290ZzIuY2Vy\nMD0GA1UdHwQ2MDQwMqAwoC6GLGh0dHA6Ly9jcmwucm9vdGcyLmFtYXpvbnRydXN0\nLmNvbS9yb290ZzIuY3JsMBEGA1UdIAQKMAgwBgYEVR0gADANBgkqhkiG9w0BAQsF\nAAOCAQEAYjdCXLwQtT6LLOkMm2xF4gcAevnFWAu5CIw+7bMlPLVvUOTNNWqnkzSW\nMiGpSESrnO09tKpzbeR/FoCJbM8oAxiDR3mjEH4wW6w7sGDgd9QIpuEdfF7Au/ma\neyKdpwAJfqxGF4PcnCZXmTA5YpaP7dreqsXMGz7KQ2hsVxa81Q4gLv7/wmpdLqBK\nbRRYh5TmOTFffHPLkIhqhBGWJ6bt2YFGpn6jcgAKUj6DiAdjd4lpFw85hdKrCEVN\n0FE6/V1dN2RMfjCyVSRCnTawXZwXgWHxyvkQAiSr6w10kY17RSlQOYiypok1JR4U\nakcjMS9cmvqtmg5iUaQqqcT5NJ0hGA==\n-----END CERTIFICATE-----\n",
                "is_ca": true,
                "issuer": "CN=Starfield Services Root Certificate Authority - G2,O=Starfield Technologies\\, Inc.,L=Scottsdale,ST=Arizona,C=US",
                "not_after": "2037-12-31T01:00:00Z",
                "not_before": "2015-05-25T12:00:00Z",
                "public_key_algorithm": "RSA",
                "serial_number": "144918191876577076464031512351042010504348870",
                "sha1_fingerprint": "06b25927c42a721631c1efd9431e648fa62e1e39",
                "signature_algorithm": "SHA256-RSA",
                "subject": "CN=Amazon Root CA 1,O=Amazon,C=US",
                "version": 3
              },
              {
                "cert_pem": "-----BEGIN CERTIFICATE-----\nMIIEXjCCA0agAwIBAgITB3MSTyqVLj7Rili9uF0bwM5fJzANBgkqhkiG9w0BAQsF\nADA5MQswCQYDVQQGEwJVUzEPMA0GA1UEChMGQW1hem9uMRkwFwYDVQQDExBBbWF6\nb24gUm9vdCBDQSAxMB4XDTIyMDgyMzIyMjYzNVoXDTMwMDgyMzIyMjYzNVowPDEL\nMAkGA1UEBhMCVVMxDzANBgNVBAoTBkFtYXpvbjEcMBoGA1UEAxMTQW1hem9uIFJT\nQSAyMDQ4IE0wNDCCASIwDQYJKoZIhvcNAQEBBQADggEPADCCAQoCggEBAM3pVR6A\nlQOp4xe776FdePXyejgA38mYx1ou9/jrpV6Sfn+/oqBKgwhY6ePsQHHQayWBJdBn\nv4Wz363qRI4XUh9swBFJ11TnZ3LqOMvHmWq2+loA0QPtOfXdJ2fHBLrBrngtJ/GB\n0p5olAVYrSZgvQGP16Rf8ddtNyxEEhYm3HuhmNi+vSeAq1tLYJPAvRCXonTpWdSD\nxY6hvdmxlqTYi82AtBXSfpGQ58HHM0hw0C6aQakghrwWi5fGslLOqzpimNMIsT7c\nqa0GJx6JfKqJqmQQNplO2h8n9ZsFJgBowof01ppdoLAWg6caMOM0om/VILKaa30F\n9W/r8Qjah7ltGVkCAwEAAaOCAVowggFWMBIGA1UdEwEB/wQIMAYBAf8CAQAwDgYD\nVR0PAQH/BAQDAgGGMB0GA1UdJQQWMBQGCCsGAQUFBwMBBggrBgEFBQcDAjAdBgNV\nHQ4EFgQUH1KSYVaCVH+BZtgdPQqqMlyH3QgwHwYDVR0jBBgwFoAUhBjMhTTsvAyU\nlC4IWZzHshBOCggwewYIKwYBBQUHAQEEbzBtMC8GCCsGAQUFBzABhiNodHRwOi8v\nb2NzcC5yb290Y2ExLmFtYXpvbnRydXN0LmNvbTA6BggrBgEFBQcwAoYuaHR0cDov\nL2NydC5yb290Y2ExLmFtYXpvbnRydXN0LmNvbS9yb290Y2ExLmNlcjA/BgNVHR8E\nODA2MDSgMqAwhi5odHRwOi8vY3JsLnJvb3RjYTEuYW1hem9udHJ1c3QuY29tL3Jv\nb3RjYTEuY3JsMBMGA1UdIAQMMAowCAYGZ4EMAQIBMA0GCSqGSIb3DQEBCwUAA4IB\nAQA+1O5UsAaNuW3lHzJtpNGwBnZd9QEYFtxpiAnIaV4qApnGS9OCw5ZPwie7YSlD\nZF5yyFPsFhUC2Q9uJHY/CRV1b5hIiGH0+6+w5PgKiY1MWuWT8VAaJjFxvuhM7a/e\nfN2TIw1Wd6WCl6YRisunjQOrSP+unqC8A540JNyZ1JOE3jVqat3OZBGgMvihdj2w\nY23EpwesrKiQzkHzmvSH67PVW4ycbPy08HVZnBxZ5NrlGG9bwXR3fNTaz+c+Ej6c\n5AnwI3qkOFgSkg3Y75cdFz6pO/olK+e3AqygAcv0WjzmkDPuBjssuZjCHMC56oH3\nGJkV29Di2j5prHJbwZjG1inU\n-----END CERTIFICATE-----\n",
                "is_ca": true,
                "issuer": "CN=Amazon Root CA 1,O=Amazon,C=US",
                "not_after": "2030-08-23T22:26:35Z",
                "not_before": "2022-08-23T22:26:35Z",
                "public_key_algorithm": "RSA",
                "serial_number": "166129359584585245282080020727744908546170663",
                "sha1_fingerprint": "e7b8b5a6743ce1b2f17b041de59558a41472d70c",
                "signature_algorithm": "SHA256-RSA",
                "subject": "CN=Amazon RSA 2048 M04,O=Amazon,C=US",
                "version": 3
              },
              {
                "cert_pem": "-----BEGIN CERTIFICATE-----\nMIIF3DCCBMSgAwIBAgIQBc7CF9iuy6gtYuKiVAdAEzANBgkqhkiG9w0BAQsFADA8\nMQswCQYDVQQGEwJVUzEPMA0GA1UEChMGQW1hem9uMRwwGgYDVQQDExNBbWF6b24g\nUlNBIDIwNDggTTA0MB4XDTI1MTAwNjAwMDAwMFoXDTI2MDQwMTIzNTk1OVowKDEm\nMCQGA1UEAwwdKi5la3MudXMtd2VzdC0yLmFtYXpvbmF3cy5jb20wggEiMA0GCSqG\nSIb3DQEBAQUAA4IBDwAwggEKAoIBAQDlK6G/5ndk62q9E+foI6DHkwhiDAS0Ehx+\nWV4YTV0m96EXn4Fnr1/Ieh7yVay/xz/9hJQsYgbjkRav21TAxVREWqTpBpOHDEXq\n89NiY3IQF4b9TFflOrcwLgDd0JtX3EIKEyUy/3+QCLP5iu/0LuwYJUMHmkwq1QIa\n1kOZkXDM5UO7Yq/ZotJjR5ROhGzcD6uEJut6Hx5HU50f8vtJY9aPOz/G01LZweqO\nMbeQVk/pqLeySO+gEwM1FxyF0H6mQP3FdHdIW/GowLAdkHdwtt9rUKScMKiwssmw\niV+c/P8n4JPaCfqZvLQIc5T/6tyRpdDF9wfJome+llvk0/FytdebAgMBAAGjggLs\nMIIC6DAfBgNVHSMEGDAWgBQfUpJhVoJUf4Fm2B09CqoyXIfdCDAdBgNVHQ4EFgQU\nwxRbt1dG0s5GUgAX/IxxbNxtt1kwKAYDVR0RBCEwH4IdKi5la3MudXMtd2VzdC0y\nLmFtYXpvbmF3cy5jb20wEwYDVR0gBAwwCjAIBgZngQwBAgEwDgYDVR0PAQH/BAQD\nAgWgMBMGA1UdJQQMMAoGCCsGAQUFBwMBMDsGA1UdHwQ0MDIwMKAuoCyGKmh0dHA6\nLy9jcmwucjJtMDQuYW1hem9udHJ1c3QuY29tL3IybTA0LmNybDB1BggrBgEFBQcB\nAQRpMGcwLQYIKwYBBQUHMAGGIWh0dHA6Ly9vY3NwLnIybTA0LmFtYXpvbnRydXN0\nLmNvbTA2BggrBgEFBQcwAoYqaHR0cDovL2NydC5yMm0wNC5hbWF6b250cnVzdC5j\nb20vcjJtMDQuY2VyMAwGA1UdEwEB/wQCMAAwggF+BgorBgEEAdZ5AgQCBIIBbgSC\nAWoBaAB2AJaXZL9VWJet90OHaDcIQnfp8DrV9qTzNm5GpD8PyqnGAAABmbtRaMoA\nAAQDAEcwRQIgYEhzfjdJQESIk6AcV5B3XSKHHCJsBjIon2XUDGibBEQCIQC2yM/1\n9/skavOaJyRzIpW9qL/cQhAT0vzx5TapKnZ6tAB2AGQRxGykEuyniRyiAi4AvKtP\nKAfUHjUnq+r+1QPJfc3wAAABmbtRaK4AAAQDAEcwRQIgGpnUC0SP+dNdTQOnPIRd\nTGCG6sa5ZRJN/TxC+fu78fUCIQDk/vbI+V8GIRGnMv1jsjz4ylRepzdaauK4v6QI\nu0mgkQB2AEmcm2neHXzs/DbezYdkprhbrwqHgBnRVVL76esp3fjDAAABmbtRaL4A\nAAQDAEcwRQIgbPnttAnosLJLAhhcSxxvpkobLx0SFvqBGBqXAgjfe6sCIQCzcY7B\ncGYaxOFz7LvLgwcnPJX08WYBiBXeLNnNJ5BHSzANBgkqhkiG9w0BAQsFAAOCAQEA\nJavL/Vf+nKvpMKYY3WajL5lwzBeo1AtLXGrAJdalKha+Sdct1cxeurlf1FIG7bfZ\nz2hKRTaLA+qe4a7eTzO5AjtVWYXg2CG0wzqjiqpjYKIvZoTRcHsTlVLyXsc5SOSH\noS2WmFUZ6fjDXUlxenYJyTY7aJ4U7sw03SpSIwJKkkZcCNpe+DWpUYbDs8/Z6LIS\nA7MkChzztJB7lBnsy4rkhZimwEjEbbpfsxH33vF9XLapvljIsh1g9a8z+n4y7ggI\nAZVEDLwJTGlZRQFG+cHVhm0+f6T+LoS893SH32FjtHh2rMk4VecHJ30vWfK7TyTA\nD/kdsiUOD8NGk5pmxpy4Zw==\n-----END CERTIFICATE-----\n",
                "is_ca": false,
                "issuer": "CN=Amazon RSA 2048 M04,O=Amazon,C=US",
                "not_after": "2026-04-01T23:59:59Z",
                "not_before": "2025-10-06T00:00:00Z",
                "public_key_algorithm": "RSA",
                "serial_number": "7719689808553677064881260671862784019",
                "sha1_fingerprint": "27d17a27ca2cb41421dc3be46e4d25ee24cbabd1",
                "signature_algorithm": "SHA256-RSA",
                "subject": "CN=*.eks.us-west-2.amazonaws.com",
                "version": 3
              }
            ],
            "content": null,
            "id": "4687b9863b4f2caa907e2ad6c9ffcf73433dc367",
            "url": "https://oidc.eks.us-west-2.amazonaws.com/id/4EA4EE5FDC64E0A8F7026CE7C2D684FF",
            "verify_chain": true
          },
          "sensitive_attributes": [],
          "identity_schema_version": 0
        }
      ]
    },
    {
      "module": "module.eks",
      "mode": "managed",
      "type": "aws_eks_addon",
      "name": "coredns",
      "provider": "provider[\"registry.terraform.io/hashicorp/aws\"]",
      "instances": [
        {
          "schema_version": 0,
          "attributes": {
            "addon_name": "coredns",
            "addon_version": "v1.10.1-eksbuild.4",
            "arn": "arn:aws:eks:us-west-2:757370076418:addon/final-project-devops-eks-cluster/coredns/4ecd69c0-e3f3-7208-f0b1-6c79a66e3554",
            "cluster_name": "final-project-devops-eks-cluster",
            "configuration_values": "",
            "created_at": "2025-11-30T06:44:49Z",
            "id": "final-project-devops-eks-cluster:coredns",
            "modified_at": "2025-11-30T06:45:02Z",
            "pod_identity_association": [],
            "preserve": null,
            "resolve_conflicts": null,
            "resolve_conflicts_on_create": null,
            "resolve_conflicts_on_update": null,
            "service_account_role_arn": "",
            "tags": {},
            "tags_all": {},
            "timeouts": null
          },
          "sensitive_attributes": [],
          "identity_schema_version": 0,
          "private": "eyJlMmJmYjczMC1lY2FhLTExZTYtOGY4OC0zNDM2M2JjN2M0YzAiOnsiY3JlYXRlIjoxMjAwMDAwMDAwMDAwLCJkZWxldGUiOjI0MDAwMDAwMDAwMDAsInVwZGF0ZSI6MTIwMDAwMDAwMDAwMH19",
          "dependencies": [
            "module.eks.aws_eks_cluster.main",
            "module.eks.aws_eks_node_group.main",
            "module.eks.aws_iam_role.eks_cluster_role",
            "module.eks.aws_iam_role.eks_node_group_role",
            "module.eks.aws_iam_role_policy_attachment.eks_cluster_policy",
            "module.eks.aws_iam_role_policy_attachment.eks_cni_policy",
            "module.eks.aws_iam_role_policy_attachment.eks_container_registry_policy",
            "module.eks.aws_iam_role_policy_attachment.eks_worker_node_policy",
            "module.vpc.aws_subnet.private",
            "module.vpc.aws_subnet.public",
            "module.vpc.aws_vpc.main"
          ]
        }
      ]
    },
    {
      "module": "module.eks",
      "mode": "managed",
      "type": "aws_eks_addon",
      "name": "ebs_csi_driver",
      "provider": "provider[\"registry.terraform.io/hashicorp/aws\"]",
      "instances": [
        {
          "schema_version": 0,
          "attributes": {
            "addon_name": "aws-ebs-csi-driver",
            "addon_version": "v1.53.0-eksbuild.1",
            "arn": "arn:aws:eks:us-west-2:757370076418:addon/final-project-devops-eks-cluster/aws-ebs-csi-driver/74cd69c0-e3e8-56eb-eba9-d350a4779d73",
            "cluster_name": "final-project-devops-eks-cluster",
            "configuration_values": "",
            "created_at": "2025-11-30T06:44:49Z",
            "id": "final-project-devops-eks-cluster:aws-ebs-csi-driver",
            "modified_at": "2025-11-30T06:45:20Z",
            "pod_identity_association": [],
            "preserve": null,
            "resolve_conflicts": null,
            "resolve_conflicts_on_create": null,
            "resolve_conflicts_on_update": null,
            "service_account_role_arn": "",
            "tags": {
              "Environment": "final-project-devops",
              "Name": "final-project-devops-eks-cluster-ebs-csi"
            },
            "tags_all": {
              "Environment": "final-project-devops",
              "Name": "final-project-devops-eks-cluster-ebs-csi"
            },
            "timeouts": null
          },
          "sensitive_attributes": [],
          "identity_schema_version": 0,
          "private": "eyJlMmJmYjczMC1lY2FhLTExZTYtOGY4OC0zNDM2M2JjN2M0YzAiOnsiY3JlYXRlIjoxMjAwMDAwMDAwMDAwLCJkZWxldGUiOjI0MDAwMDAwMDAwMDAsInVwZGF0ZSI6MTIwMDAwMDAwMDAwMH19",
          "dependencies": [
            "module.eks.aws_eks_cluster.main",
            "module.eks.aws_eks_node_group.main",
            "module.eks.aws_iam_role.eks_cluster_role",
            "module.eks.aws_iam_role.eks_node_group_role",
            "module.eks.aws_iam_role_policy_attachment.eks_cluster_policy",
            "module.eks.aws_iam_role_policy_attachment.eks_cni_policy",
            "module.eks.aws_iam_role_policy_attachment.eks_container_registry_policy",
            "module.eks.aws_iam_role_policy_attachment.eks_worker_node_policy",
            "module.vpc.aws_subnet.private",
            "module.vpc.aws_subnet.public",
            "module.vpc.aws_vpc.main"
          ]
        }
      ]
    },
    {
      "module": "module.eks",
      "mode": "managed",
      "type": "aws_eks_addon",
      "name": "kube_proxy",
      "provider": "provider[\"registry.terraform.io/hashicorp/aws\"]",
      "instances": [
        {
          "schema_version": 0,
          "attributes": {
            "addon_name": "kube-proxy",
            "addon_version": "v1.28.15-eksbuild.31",
            "arn": "arn:aws:eks:us-west-2:757370076418:addon/final-project-devops-eks-cluster/kube-proxy/3ecd69c0-0f3e-3e28-9ea0-f833bcac5638",
            "cluster_name": "final-project-devops-eks-cluster",
            "configuration_values": "",
            "created_at": "2025-11-30T06:43:00Z",
            "id": "final-project-devops-eks-cluster:kube-proxy",
            "modified_at": "2025-11-30T06:43:07Z",
            "pod_identity_association": [],
            "preserve": null,
            "resolve_conflicts": null,
            "resolve_conflicts_on_create": null,
            "resolve_conflicts_on_update": null,
            "service_account_role_arn": "",
            "tags": {},
            "tags_all": {},
            "timeouts": null
          },
          "sensitive_attributes": [],
          "identity_schema_version": 0,
          "private": "eyJlMmJmYjczMC1lY2FhLTExZTYtOGY4OC0zNDM2M2JjN2M0YzAiOnsiY3JlYXRlIjoxMjAwMDAwMDAwMDAwLCJkZWxldGUiOjI0MDAwMDAwMDAwMDAsInVwZGF0ZSI6MTIwMDAwMDAwMDAwMH19",
          "dependencies": [
            "module.eks.aws_eks_cluster.main",
            "module.eks.aws_iam_role.eks_cluster_role",
            "module.eks.aws_iam_role_policy_attachment.eks_cluster_policy",
            "module.vpc.aws_subnet.private",
            "module.vpc.aws_subnet.public",
            "module.vpc.aws_vpc.main"
          ]
        }
      ]
    },
    {
      "module": "module.eks",
      "mode": "managed",
      "type": "aws_eks_addon",
      "name": "vpc_cni",
      "provider": "provider[\"registry.terraform.io/hashicorp/aws\"]",
      "instances": [
        {
          "schema_version": 0,
          "attributes": {
            "addon_name": "vpc-cni",
            "addon_version": "v1.20.4-eksbuild.2",
            "arn": "arn:aws:eks:us-west-2:757370076418:addon/final-project-devops-eks-cluster/vpc-cni/e8cd69c0-0f00-4b2b-8e9f-f09b60d14227",
            "cluster_name": "final-project-devops-eks-cluster",
            "configuration_values": "",
            "created_at": "2025-11-30T06:43:00Z",
            "id": "final-project-devops-eks-cluster:vpc-cni",
            "modified_at": "2025-11-30T06:43:08Z",
            "pod_identity_association": [],
            "preserve": null,
            "resolve_conflicts": null,
            "resolve_conflicts_on_create": null,
            "resolve_conflicts_on_update": null,
            "service_account_role_arn": "",
            "tags": {},
            "tags_all": {},
            "timeouts": null
          },
          "sensitive_attributes": [],
          "identity_schema_version": 0,
          "private": "eyJlMmJmYjczMC1lY2FhLTExZTYtOGY4OC0zNDM2M2JjN2M0YzAiOnsiY3JlYXRlIjoxMjAwMDAwMDAwMDAwLCJkZWxldGUiOjI0MDAwMDAwMDAwMDAsInVwZGF0ZSI6MTIwMDAwMDAwMDAwMH19",
          "dependencies": [
            "module.eks.aws_eks_cluster.main",
            "module.eks.aws_iam_role.eks_cluster_role",
            "module.eks.aws_iam_role_policy_attachment.eks_cluster_policy",
            "module.vpc.aws_subnet.private",
            "module.vpc.aws_subnet.public",
            "module.vpc.aws_vpc.main"
          ]
        }
      ]
    },
    {
      "module": "module.eks",
      "mode": "managed",
      "type": "aws_eks_cluster",
      "name": "main",
      "provider": "provider[\"registry.terraform.io/hashicorp/aws\"]",
      "instances": [
        {
          "schema_version": 1,
          "attributes": {
            "access_config": [
              {
                "authentication_mode": "CONFIG_MAP",
                "bootstrap_cluster_creator_admin_permissions": true
              }
            ],
            "arn": "arn:aws:eks:us-west-2:757370076418:cluster/final-project-devops-eks-cluster",
            "bootstrap_self_managed_addons": true,
            "certificate_authority": [
              {
                "data": "LS0tLS1CRUdJTiBDRVJUSUZJQ0FURS0tLS0tCk1JSURCVENDQWUyZ0F3SUJBZ0lJRnNrTHpkSHRHK2N3RFFZSktvWklodmNOQVFFTEJRQXdGVEVUTUJFR0ExVUUKQXhNS2EzVmlaWEp1WlhSbGN6QWVGdzB5TlRFeE16QXdOak0wTVRSYUZ3MHpOVEV4TWpnd05qTTVNVFJhTUJVeApFekFSQmdOVkJBTVRDbXQxWW1WeWJtVjBaWE13Z2dFaU1BMEdDU3FHU0liM0RRRUJBUVVBQTRJQkR3QXdnZ0VLCkFvSUJBUURRbHpmZ1NlRWZKQWVxZ1l2WHo2UjlJd2lGUGVVN1k4TGg0NTVybVhaREgxVnd3Ui9DTHRtMmJkNWgKWU1vcWtQTm1NaXkyakx5K3JTYzZhYUNyWHhzUks0UUgrM1NDSzdxYW1FK05MSHpnZGF0WU9rc3U4bWNoZmRENQpabzhFTnJlLzROelFDaldPNFNBWkpSS2dsT0twSUttdHRzeU50UGoxeUpUOHB3YnRkeTdPNCsvZnlXY3lJU1diCmJ6eU1mbURMa2QzbFhMMGsxSmFWSkxFRVdRQk5LOXRVUmd1b2kyM2hWWlFYOS81Q09TcHFMblNaNGprU3o0aS8KRlJVVGhraFhjSi8zV3V1QUIxL3VIN3dnYjJLQVI2LzFNaGJCbUM2c09XcmVaR0hIaWIzbnE2MVRyRnhibTF3UAowbDdOVDg2UVJlVmlUSWgrSUFObEVNdkYvYjN2QWdNQkFBR2pXVEJYTUE0R0ExVWREd0VCL3dRRUF3SUNwREFQCkJnTlZIUk1CQWY4RUJUQURBUUgvTUIwR0ExVWREZ1FXQkJRUmlUc3UxMG42bVYxS2hyNEp2UkVUNzRMMGp6QVYKQmdOVkhSRUVEakFNZ2dwcmRXSmxjbTVsZEdWek1BMEdDU3FHU0liM0RRRUJDd1VBQTRJQkFRQjlKem1SY0doYQpNY1h3U0JTTGtFMEhKWWtBVng3eUpLTTJwTWxKTHFZcXM1bEY1b3RDZHdkaytCbmo4UWNiMjV0VWwzYUJUUkg4CnpuRHlleWg1ZWxNQWFKcHl3T00rUThZcE9sNUZDeVlkRVh6Z2Z6RVZYb0RveU1nWVRha2k3QzlZQkRZNVY5cVcKeGk1RFN5MXEzY0hxRXZnYWxsU29xb0lvNU9kaHl5Q3BrMkdLTFdYQ2JJOFZHOFlTdWVWclBhL2NOWTI1bUNzbQpDM2ZGRjBHbkFwQi9DRW9KdFBGZm44OHFJTis3Q2hGZ0QxYSs5SStvTUp4MUcwcjhzZlRPdUpXZHhOMVNBMnNwCmNKTjFER2dXeXNXa0kzVE9ZdW9ZNElDMTFkczZ2UjZGMUlXR3VnaUViVXdwS3hrQ2pxWkNlVi9BVzVuazM0ZnAKTEZzVWRFYUY2cGF1Ci0tLS0tRU5EIENFUlRJRklDQVRFLS0tLS0K"
              }
            ],
            "cluster_id": null,
            "compute_config": [],
            "created_at": "2025-11-30T06:33:48Z",
            "enabled_cluster_log_types": [
              "api",
              "audit",
              "authenticator",
              "controllerManager",
              "scheduler"
            ],
            "encryption_config": [],
            "endpoint": "https://4EA4EE5FDC64E0A8F7026CE7C2D684FF.gr7.us-west-2.eks.amazonaws.com",
            "force_update_version": null,
            "id": "final-project-devops-eks-cluster",
            "identity": [
              {
                "oidc": [
                  {
                    "issuer": "https://oidc.eks.us-west-2.amazonaws.com/id/4EA4EE5FDC64E0A8F7026CE7C2D684FF"
                  }
                ]
              }
            ],
            "kubernetes_network_config": [
              {
                "elastic_load_balancing": [
                  {
                    "enabled": false
                  }
                ],
                "ip_family": "ipv4",
                "service_ipv4_cidr": "172.20.0.0/16",
                "service_ipv6_cidr": ""
              }
            ],
            "name": "final-project-devops-eks-cluster",
            "outpost_config": [],
            "platform_version": "eks.63",
            "remote_network_config": [],
            "role_arn": "arn:aws:iam::757370076418:role/final-project-devops-eks-cluster-cluster-role",
            "status": "ACTIVE",
            "storage_config": [],
            "tags": {
              "Environment": "final-project-devops",
              "Name": "final-project-devops-eks-cluster"
            },
            "tags_all": {
              "Environment": "final-project-devops",
              "Name": "final-project-devops-eks-cluster"
            },
            "timeouts": null,
            "upgrade_policy": [
              {
                "support_type": "EXTENDED"
              }
            ],
            "version": "1.28",
            "vpc_config": [
              {
                "cluster_security_group_id": "sg-0bb1147403fd66bbc",
                "endpoint_private_access": true,
                "endpoint_public_access": true,
                "public_access_cidrs": [
                  "0.0.0.0/0"
                ],
                "security_group_ids": [],
                "subnet_ids": [
                  "subnet-02d62282a748dfa88",
                  "subnet-054c0bfa79af56ee5",
                  "subnet-0856382ffc6561b49",
                  "subnet-09b230a11040302b2",
                  "subnet-0a85ce7dce67dc74f",
                  "subnet-0e7b3cc6b88e7be87"
                ],
                "vpc_id": "vpc-0e694f073f2215ebc"
              }
            ],
            "zonal_shift_config": []
          },
          "sensitive_attributes": [],
          "identity_schema_version": 0,
          "private": "eyJlMmJmYjczMC1lY2FhLTExZTYtOGY4OC0zNDM2M2JjN2M0YzAiOnsiY3JlYXRlIjoxODAwMDAwMDAwMDAwLCJkZWxldGUiOjkwMDAwMDAwMDAwMCwidXBkYXRlIjozNjAwMDAwMDAwMDAwfSwic2NoZW1hX3ZlcnNpb24iOiIxIn0=",
          "dependencies": [
            "module.eks.aws_iam_role.eks_cluster_role",
            "module.eks.aws_iam_role_policy_attachment.eks_cluster_policy",
            "module.vpc.aws_subnet.private",
            "module.vpc.aws_subnet.public",
            "module.vpc.aws_vpc.main"
          ]
        }
      ]
    },
    {
      "module": "module.eks",
      "mode": "managed",
      "type": "aws_eks_node_group",
      "name": "main",
      "provider": "provider[\"registry.terraform.io/hashicorp/aws\"]",
      "instances": [
        {
          "schema_version": 0,
          "attributes": {
            "ami_type": "AL2_x86_64",
            "arn": "arn:aws:eks:us-west-2:757370076418:nodegroup/final-project-devops-eks-cluster/final-project-devops-nodes/c8cd69c0-0da8-5d57-bfd7-bfd4187401a9",
            "capacity_type": "ON_DEMAND",
            "cluster_name": "final-project-devops-eks-cluster",
            "disk_size": 20,
            "force_update_version": null,
            "id": "final-project-devops-eks-cluster:final-project-devops-nodes",
            "instance_types": [
              "t3.medium"
            ],
            "labels": {},
            "launch_template": [],
            "node_group_name": "final-project-devops-nodes",
            "node_group_name_prefix": "",
            "node_repair_config": [],
            "node_role_arn": "arn:aws:iam::757370076418:role/final-project-devops-eks-cluster-node-group-role",
            "release_version": "1.28.15-20251112",
            "remote_access": [],
            "resources": [
              {
                "autoscaling_groups": [
                  {
                    "name": "eks-final-project-devops-nodes-c8cd69c0-0da8-5d57-bfd7-bfd4187401a9"
                  }
                ],
                "remote_access_security_group_id": ""
              }
            ],
            "scaling_config": [
              {
                "desired_size": 2,
                "max_size": 6,
                "min_size": 2
              }
            ],
            "status": "ACTIVE",
            "subnet_ids": [
              "subnet-02d62282a748dfa88",
              "subnet-054c0bfa79af56ee5",
              "subnet-0856382ffc6561b49",
              "subnet-09b230a11040302b2",
              "subnet-0a85ce7dce67dc74f",
              "subnet-0e7b3cc6b88e7be87"
            ],
            "tags": {
              "Environment": "final-project-devops",
              "Name": "final-project-devops-nodes"
            },
            "tags_all": {
              "Environment": "final-project-devops",
              "Name": "final-project-devops-nodes"
            },
            "taint": [],
            "timeouts": null,
            "update_config": [
              {
                "max_unavailable": 1,
                "max_unavailable_percentage": 0
              }
            ],
            "version": "1.28"
          },
          "sensitive_attributes": [],
          "identity_schema_version": 0,
          "private": "eyJlMmJmYjczMC1lY2FhLTExZTYtOGY4OC0zNDM2M2JjN2M0YzAiOnsiY3JlYXRlIjozNjAwMDAwMDAwMDAwLCJkZWxldGUiOjM2MDAwMDAwMDAwMDAsInVwZGF0ZSI6MzYwMDAwMDAwMDAwMH19",
          "dependencies": [
            "module.eks.aws_eks_cluster.main",
            "module.eks.aws_iam_role.eks_cluster_role",
            "module.eks.aws_iam_role.eks_node_group_role",
            "module.eks.aws_iam_role_policy_attachment.eks_cluster_policy",
            "module.eks.aws_iam_role_policy_attachment.eks_cni_policy",
            "module.eks.aws_iam_role_policy_attachment.eks_container_registry_policy",
            "module.eks.aws_iam_role_policy_attachment.eks_worker_node_policy",
            "module.vpc.aws_subnet.private",
            "module.vpc.aws_subnet.public",
            "module.vpc.aws_vpc.main"
          ]
        }
      ]
    },
    {
      "module": "module.eks",
      "mode": "managed",
      "type": "aws_iam_openid_connect_provider",
      "name": "eks",
      "provider": "provider[\"registry.terraform.io/hashicorp/aws\"]",
      "instances": [
        {
          "schema_version": 0,
          "attributes": {
            "arn": "arn:aws:iam::757370076418:oidc-provider/oidc.eks.us-west-2.amazonaws.com/id/4EA4EE5FDC64E0A8F7026CE7C2D684FF",
            "client_id_list": [
              "sts.amazonaws.com"
            ],
            "id": "arn:aws:iam::757370076418:oidc-provider/oidc.eks.us-west-2.amazonaws.com/id/4EA4EE5FDC64E0A8F7026CE7C2D684FF",
            "tags": {
              "Environment": "final-project-devops",
              "Name": "final-project-devops-eks-cluster-oidc"
            },
            "tags_all": {
              "Environment": "final-project-devops",
              "Name": "final-project-devops-eks-cluster-oidc"
            },
            "thumbprint_list": [
              "06b25927c42a721631c1efd9431e648fa62e1e39"
            ],
            "url": "oidc.eks.us-west-2.amazonaws.com/id/4EA4EE5FDC64E0A8F7026CE7C2D684FF"
          },
          "sensitive_attributes": [],
          "identity_schema_version": 0,
          "private": "bnVsbA==",
          "dependencies": [
            "module.eks.aws_eks_cluster.main",
            "module.eks.aws_iam_role.eks_cluster_role",
            "module.eks.aws_iam_role_policy_attachment.eks_cluster_policy",
            "module.eks.data.tls_certificate.eks",
            "module.vpc.aws_subnet.private",
            "module.vpc.aws_subnet.public",
            "module.vpc.aws_vpc.main"
          ]
        }
      ]
    },
    {
      "module": "module.eks",
      "mode": "managed",
      "type": "aws_iam_role",
      "name": "ebs_csi_driver_role",
      "provider": "provider[\"registry.terraform.io/hashicorp/aws\"]",
      "instances": [
        {
          "schema_version": 0,
          "attributes": {
            "arn": "arn:aws:iam::757370076418:role/final-project-devops-eks-cluster-ebs-csi-driver-role",
            "assume_role_policy": "{\"Statement\":[{\"Action\":\"sts:AssumeRole\",\"Condition\":{\"StringEquals\":{\"oidc.eks.us-west-2.amazonaws.com/id/4EA4EE5FDC64E0A8F7026CE7C2D684FF:aud\":\"sts.amazonaws.com\",\"oidc.eks.us-west-2.amazonaws.com/id/4EA4EE5FDC64E0A8F7026CE7C2D684FF:sub\":\"system:serviceaccount:kube-system:ebs-csi-controller-sa\"}},\"Effect\":\"Allow\",\"Principal\":{\"Federated\":\"arn:aws:iam::757370076418:oidc-provider/oidc.eks.us-west-2.amazonaws.com/id/4EA4EE5FDC64E0A8F7026CE7C2D684FF\"}}],\"Version\":\"2012-10-17\"}",
            "create_date": "2025-11-30T06:43:00Z",
            "description": "",
            "force_detach_policies": false,
            "id": "final-project-devops-eks-cluster-ebs-csi-driver-role",
            "inline_policy": [],
            "managed_policy_arns": [
              "arn:aws:iam::aws:policy/service-role/AmazonEBSCSIDriverPolicy"
            ],
            "max_session_duration": 3600,
            "name": "final-project-devops-eks-cluster-ebs-csi-driver-role",
            "name_prefix": "",
            "path": "/",
            "permissions_boundary": "",
            "tags": {
              "Environment": "final-project-devops",
              "Name": "final-project-devops-eks-cluster-ebs-csi-driver-role"
            },
            "tags_all": {
              "Environment": "final-project-devops",
              "Name": "final-project-devops-eks-cluster-ebs-csi-driver-role"
            },
            "unique_id": "AROA3AVWGHUBMRDURO3LQ"
          },
          "sensitive_attributes": [],
          "identity_schema_version": 0,
          "private": "bnVsbA==",
          "dependencies": [
            "module.eks.aws_eks_cluster.main",
            "module.eks.aws_iam_openid_connect_provider.eks",
            "module.eks.aws_iam_role.eks_cluster_role",
            "module.eks.aws_iam_role_policy_attachment.eks_cluster_policy",
            "module.eks.data.tls_certificate.eks",
            "module.vpc.aws_subnet.private",
            "module.vpc.aws_subnet.public",
            "module.vpc.aws_vpc.main"
          ]
        }
      ]
    },
    {
      "module": "module.eks",
      "mode": "managed",
      "type": "aws_iam_role",
      "name": "eks_cluster_role",
      "provider": "provider[\"registry.terraform.io/hashicorp/aws\"]",
      "instances": [
        {
          "schema_version": 0,
          "attributes": {
            "arn": "arn:aws:iam::757370076418:role/final-project-devops-eks-cluster-cluster-role",
            "assume_role_policy": "{\"Statement\":[{\"Action\":\"sts:AssumeRole\",\"Effect\":\"Allow\",\"Principal\":{\"Service\":\"eks.amazonaws.com\"}}],\"Version\":\"2012-10-17\"}",
            "create_date": "2025-11-30T06:33:17Z",
            "description": "",
            "force_detach_policies": false,
            "id": "final-project-devops-eks-cluster-cluster-role",
            "inline_policy": [],
            "managed_policy_arns": [
              "arn:aws:iam::aws:policy/AmazonEKSClusterPolicy"
            ],
            "max_session_duration": 3600,
            "name": "final-project-devops-eks-cluster-cluster-role",
            "name_prefix": "",
            "path": "/",
            "permissions_boundary": "",
            "tags": {
              "Environment": "final-project-devops",
              "Name": "final-project-devops-eks-cluster-cluster-role"
            },
            "tags_all": {
              "Environment": "final-project-devops",
              "Name": "final-project-devops-eks-cluster-cluster-role"
            },
            "unique_id": "AROA3AVWGHUBPNLUA45B4"
          },
          "sensitive_attributes": [],
          "identity_schema_version": 0,
          "private": "bnVsbA=="
        }
      ]
    },
    {
      "module": "module.eks",
      "mode": "managed",
      "type": "aws_iam_role",
      "name": "eks_node_group_role",
      "provider": "provider[\"registry.terraform.io/hashicorp/aws\"]",
      "instances": [
        {
          "schema_version": 0,
          "attributes": {
            "arn": "arn:aws:iam::757370076418:role/final-project-devops-eks-cluster-node-group-role",
            "assume_role_policy": "{\"Statement\":[{\"Action\":\"sts:AssumeRole\",\"Effect\":\"Allow\",\"Principal\":{\"Service\":\"ec2.amazonaws.com\"}}],\"Version\":\"2012-10-17\"}",
            "create_date": "2025-11-30T06:33:17Z",
            "description": "",
            "force_detach_policies": false,
            "id": "final-project-devops-eks-cluster-node-group-role",
            "inline_policy": [],
            "managed_policy_arns": [
              "arn:aws:iam::aws:policy/AmazonEC2ContainerRegistryReadOnly",
              "arn:aws:iam::aws:policy/AmazonEC2FullAccess",
              "arn:aws:iam::aws:policy/AmazonEKSWorkerNodePolicy",
              "arn:aws:iam::aws:policy/AmazonEKS_CNI_Policy",
              "arn:aws:iam::aws:policy/service-role/AmazonEBSCSIDriverPolicy"
            ],
            "max_session_duration": 3600,
            "name": "final-project-devops-eks-cluster-node-group-role",
            "name_prefix": "",
            "path": "/",
            "permissions_boundary": "",
            "tags": {
              "Environment": "final-project-devops",
              "Name": "final-project-devops-eks-cluster-node-group-role"
            },
            "tags_all": {
              "Environment": "final-project-devops",
              "Name": "final-project-devops-eks-cluster-node-group-role"
            },
            "unique_id": "AROA3AVWGHUBDRLXKR3TW"
          },
          "sensitive_attributes": [],
          "identity_schema_version": 0,
          "private": "bnVsbA=="
        }
      ]
    },
    {
      "module": "module.eks",
      "mode": "managed",
      "type": "aws_iam_role_policy_attachment",
      "name": "ebs_csi_driver_policy",
      "provider": "provider[\"registry.terraform.io/hashicorp/aws\"]",
      "instances": [
        {
          "schema_version": 0,
          "attributes": {
            "id": "final-project-devops-eks-cluster-ebs-csi-driver-role-20251130064259425000000011",
            "policy_arn": "arn:aws:iam::aws:policy/service-role/AmazonEBSCSIDriverPolicy",
            "role": "final-project-devops-eks-cluster-ebs-csi-driver-role"
          },
          "sensitive_attributes": [],
          "identity_schema_version": 0,
          "private": "bnVsbA==",
          "dependencies": [
            "module.eks.aws_eks_cluster.main",
            "module.eks.aws_iam_openid_connect_provider.eks",
            "module.eks.aws_iam_role.ebs_csi_driver_role",
            "module.eks.aws_iam_role.eks_cluster_role",
            "module.eks.aws_iam_role_policy_attachment.eks_cluster_policy",
            "module.eks.data.tls_certificate.eks",
            "module.vpc.aws_subnet.private",
            "module.vpc.aws_subnet.public",
            "module.vpc.aws_vpc.main"
          ]
        }
      ]
    },
    {
      "module": "module.eks",
      "mode": "managed",
      "type": "aws_iam_role_policy_attachment",
      "name": "eks_cluster_policy",
      "provider": "provider[\"registry.terraform.io/hashicorp/aws\"]",
      "instances": [
        {
          "schema_version": 0,
          "attributes": {
            "id": "final-project-devops-eks-cluster-cluster-role-20251130063316526600000004",
            "policy_arn": "arn:aws:iam::aws:policy/AmazonEKSClusterPolicy",
            "role": "final-project-devops-eks-cluster-cluster-role"
          },
          "sensitive_attributes": [],
          "identity_schema_version": 0,
          "private": "bnVsbA==",
          "dependencies": [
            "module.eks.aws_iam_role.eks_cluster_role"
          ]
        }
      ]
    },
    {
      "module": "module.eks",
      "mode": "managed",
      "type": "aws_iam_role_policy_attachment",
      "name": "eks_cni_policy",
      "provider": "provider[\"registry.terraform.io/hashicorp/aws\"]",
      "instances": [
        {
          "schema_version": 0,
          "attributes": {
            "id": "final-project-devops-eks-cluster-node-group-role-20251130063316348300000001",
            "policy_arn": "arn:aws:iam::aws:policy/AmazonEKS_CNI_Policy",
            "role": "final-project-devops-eks-cluster-node-group-role"
          },
          "sensitive_attributes": [],
          "identity_schema_version": 0,
          "private": "bnVsbA==",
          "dependencies": [
            "module.eks.aws_iam_role.eks_node_group_role"
          ]
        }
      ]
    },
    {
      "module": "module.eks",
      "mode": "managed",
      "type": "aws_iam_role_policy_attachment",
      "name": "eks_container_registry_policy",
      "provider": "provider[\"registry.terraform.io/hashicorp/aws\"]",
      "instances": [
        {
          "schema_version": 0,
          "attributes": {
            "id": "final-project-devops-eks-cluster-node-group-role-20251130063316862100000006",
            "policy_arn": "arn:aws:iam::aws:policy/AmazonEC2ContainerRegistryReadOnly",
            "role": "final-project-devops-eks-cluster-node-group-role"
          },
          "sensitive_attributes": [],
          "identity_schema_version": 0,
          "private": "bnVsbA==",
          "dependencies": [
            "module.eks.aws_iam_role.eks_node_group_role"
          ]
        }
      ]
    },
    {
      "module": "module.eks",
      "mode": "managed",
      "type": "aws_iam_role_policy_attachment",
      "name": "eks_worker_node_policy",
      "provider": "provider[\"registry.terraform.io/hashicorp/aws\"]",
      "instances": [
        {
          "schema_version": 0,
          "attributes": {
            "id": "final-project-devops-eks-cluster-node-group-role-20251130063316695500000005",
            "policy_arn": "arn:aws:iam::aws:policy/AmazonEKSWorkerNodePolicy",
            "role": "final-project-devops-eks-cluster-node-group-role"
          },
          "sensitive_attributes": [],
          "identity_schema_version": 0,
          "private": "bnVsbA==",
          "dependencies": [
            "module.eks.aws_iam_role.eks_node_group_role"
          ]
        }
      ]
    },
    {
      "module": "module.eks",
      "mode": "managed",
      "type": "aws_iam_role_policy_attachment",
      "name": "node_group_ebs_policy",
      "provider": "provider[\"registry.terraform.io/hashicorp/aws\"]",
      "instances": [
        {
          "schema_version": 0,
          "attributes": {
            "id": "final-project-devops-eks-cluster-node-group-role-20251130063316518700000003",
            "policy_arn": "arn:aws:iam::aws:policy/service-role/AmazonEBSCSIDriverPolicy",
            "role": "final-project-devops-eks-cluster-node-group-role"
          },
          "sensitive_attributes": [],
          "identity_schema_version": 0,
          "private": "bnVsbA==",
          "dependencies": [
            "module.eks.aws_iam_role.eks_node_group_role"
          ]
        }
      ]
    },
    {
      "module": "module.eks",
      "mode": "managed",
      "type": "aws_iam_role_policy_attachment",
      "name": "node_group_ec2_policy",
      "provider": "provider[\"registry.terraform.io/hashicorp/aws\"]",
      "instances": [
        {
          "schema_version": 0,
          "attributes": {
            "id": "final-project-devops-eks-cluster-node-group-role-20251130063316360700000002",
            "policy_arn": "arn:aws:iam::aws:policy/AmazonEC2FullAccess",
            "role": "final-project-devops-eks-cluster-node-group-role"
          },
          "sensitive_attributes": [],
          "identity_schema_version": 0,
          "private": "bnVsbA==",
          "dependencies": [
            "module.eks.aws_iam_role.eks_node_group_role"
          ]
        }
      ]
    },
    {
      "module": "module.jenkins",
      "mode": "data",
      "type": "kubernetes_service",
      "name": "jenkins",
      "provider": "provider[\"registry.terraform.io/hashicorp/kubernetes\"]",
      "instances": [
        {
          "schema_version": 0,
          "attributes": {
            "id": "jenkins/jenkins",
            "metadata": [
              {
                "annotations": {
                  "meta.helm.sh/release-name": "jenkins",
                  "meta.helm.sh/release-namespace": "jenkins"
                },
                "generation": 0,
                "labels": {
                  "app.kubernetes.io/component": "jenkins-controller",
                  "app.kubernetes.io/instance": "jenkins",
                  "app.kubernetes.io/managed-by": "Helm",
                  "app.kubernetes.io/name": "jenkins",
                  "helm.sh/chart": "jenkins-4.8.3"
                },
                "name": "jenkins",
                "namespace": "jenkins",
                "resource_version": "18114",
                "uid": "bb149172-4f5a-445a-9ee8-3a598e92e55a"
              }
            ],
            "spec": [
              {
                "allocate_load_balancer_node_ports": true,
                "cluster_ip": "172.20.227.206",
                "cluster_ips": [
                  "172.20.227.206"
                ],
                "external_ips": [],
                "external_name": "",
                "external_traffic_policy": "Cluster",
                "health_check_node_port": 0,
                "internal_traffic_policy": "Cluster",
                "ip_families": [
                  "IPv4"
                ],
                "ip_family_policy": "SingleStack",
                "load_balancer_class": "",
                "load_balancer_ip": "",
                "load_balancer_source_ranges": [
                  "0.0.0.0/0"
                ],
                "port": [
                  {
                    "app_protocol": "",
                    "name": "http",
                    "node_port": 30552,
                    "port": 8080,
                    "protocol": "TCP",
                    "target_port": "8080"
                  }
                ],
                "publish_not_ready_addresses": false,
                "selector": {
                  "app.kubernetes.io/component": "jenkins-controller",
                  "app.kubernetes.io/instance": "jenkins"
                },
                "session_affinity": "None",
                "session_affinity_config": [],
                "type": "LoadBalancer"
              }
            ],
            "status": [
              {
                "load_balancer": [
                  {
                    "ingress": [
                      {
                        "hostname": "abb1491724f5a445a9ee83a598e92e55-421803409.us-west-2.elb.amazonaws.com",
                        "ip": ""
                      }
                    ]
                  }
                ]
              }
            ]
          },
          "sensitive_attributes": [],
          "identity_schema_version": 0
        }
      ]
    },
    {
      "module": "module.jenkins",
      "mode": "managed",
      "type": "helm_release",
      "name": "jenkins",
      "provider": "provider[\"registry.terraform.io/hashicorp/helm\"]",
      "instances": [
        {
          "schema_version": 1,
          "attributes": {
            "atomic": true,
            "chart": "jenkins",
            "cleanup_on_fail": false,
            "create_namespace": false,
            "dependency_update": false,
            "description": null,
            "devel": null,
            "disable_crd_hooks": false,
            "disable_openapi_validation": false,
            "disable_webhooks": false,
            "force_update": false,
            "id": "jenkins",
            "keyring": null,
            "lint": false,
            "manifest": null,
            "max_history": 0,
            "metadata": [
              {
                "app_version": "2.426.1",
                "chart": "jenkins",
                "first_deployed": 1764489495,
                "last_deployed": 1764489495,
                "name": "jenkins",
                "namespace": "jenkins",
                "notes": "1. Get your 'admin' user password by running:\n  kubectl exec --namespace jenkins -it svc/jenkins -c jenkins -- /bin/cat /run/secrets/additional/chart-admin-password \u0026\u0026 echo\n2. Get the Jenkins URL to visit by running these commands in the same shell:\n  NOTE: It may take a few minutes for the LoadBalancer IP to be available.\n        You can watch the status of by running 'kubectl get svc --namespace jenkins -w jenkins'\n  export SERVICE_IP=$(kubectl get svc --namespace jenkins jenkins --template \"{{ range (index .status.loadBalancer.ingress 0) }}{{ . }}{{ end }}\")\n  echo http://$SERVICE_IP:8080\n\n3. Login with the password from step 1 and the username: admin\n4. Configure security realm and authorization strategy\n5. Use Jenkins Configuration as Code by specifying configScripts in your values.yaml file, see documentation: http://$SERVICE_IP:8080/configuration-as-code and examples: https://github.com/jenkinsci/configuration-as-code-plugin/tree/master/demos\n\nFor more information on running Jenkins on Kubernetes, visit:\nhttps://cloud.google.com/solutions/jenkins-on-container-engine\n\nFor more information about Jenkins Configuration as Code, visit:\nhttps://jenkins.io/projects/jcasc/\n\n\nNOTE: Consider using a custom image with pre-installed plugins\n#################################################################################\n######   WARNING: Persistence is disabled!!! You will lose your data when   #####\n######            the Jenkins pod is terminated.                            #####\n#################################################################################\n",
                "revision": 1,
                "values": "{\"agent\":{\"enabled\":true,\"image\":\"jenkins/inbound-agent\",\"tag\":\"3107.v665000b_51092-5\"},\"controller\":{\"JCasC\":{\"configScripts\":{\"welcome-message\":\"jenkins:\\n  systemMessage: \\\"Jenkins for CI/CD Pipeline\\\"\\n\"},\"defaultConfig\":true},\"additionalExistingSecrets\":[{\"keyName\":\"aws-access-key-id\",\"name\":\"aws-credentials\"},{\"keyName\":\"aws-secret-access-key\",\"name\":\"aws-credentials\"}],\"admin\":{\"existingSecret\":\"\",\"passwordKey\":\"jenkins-admin-password\",\"userKey\":\"jenkins-admin-user\"},\"adminPassword\":\"admin123\",\"adminUser\":\"admin\",\"image\":\"jenkins/jenkins\",\"installPlugins\":[\"kubernetes:latest\",\"workflow-aggregator:latest\",\"git:latest\",\"configuration-as-code:latest\",\"pipeline-stage-view:latest\",\"docker-workflow:latest\",\"blueocean:latest\",\"credentials-binding:latest\",\"github:latest\",\"pipeline-github-lib:latest\",\"aws-credentials:latest\"],\"resources\":{\"limits\":{\"cpu\":\"2000m\",\"memory\":\"4Gi\"},\"requests\":{\"cpu\":\"1000m\",\"memory\":\"2Gi\"}},\"servicePort\":8080,\"serviceType\":\"LoadBalancer\",\"startupProbe\":{\"failureThreshold\":15,\"periodSeconds\":10},\"tag\":\"lts-jdk17\"},\"persistence\":{\"accessMode\":\"ReadWriteOnce\",\"enabled\":false,\"size\":\"20Gi\",\"storageClass\":\"gp2\"},\"podTemplates\":{\"kaniko\":\"- name: kaniko\\n  label: kaniko\\n  serviceAccount: jenkins-admin\\n  containers:\\n  - name: kaniko\\n    image: gcr.io/kaniko-project/executor:debug\\n    command: [\\\"/busybox/cat\\\"]\\n    tty: true\\n    volumeMounts:\\n    - name: aws-secret\\n      mountPath: /root/.aws/\\n  - name: git\\n    image: alpine/git:latest\\n    command: [\\\"/bin/sh\\\", \\\"-c\\\", \\\"cat\\\"]\\n    tty: true\\n  volumes: \\n  - secret: \\n      secretName: aws-credentials\\n      name: aws-secret \\n\"},\"rbac\":{\"create\":true,\"readSecrets\":true},\"securityContext\":{\"fsGroup\":1000,\"runAsUser\":1000},\"serviceAccount\":{\"create\":false,\"name\":\"jenkins-admin\"}}",
                "version": "4.8.3"
              }
            ],
            "name": "jenkins",
            "namespace": "jenkins",
            "pass_credentials": false,
            "postrender": [],
            "recreate_pods": false,
            "render_subchart_notes": true,
            "replace": false,
            "repository": "https://charts.jenkins.io",
            "repository_ca_file": null,
            "repository_cert_file": null,
            "repository_key_file": null,
            "repository_password": null,
            "repository_username": null,
            "reset_values": false,
            "reuse_values": false,
            "set": [
              {
                "name": "controller.adminPassword",
                "type": "",
                "value": "admin123"
              },
              {
                "name": "controller.adminUser",
                "type": "",
                "value": "admin"
              },
              {
                "name": "controller.startupProbe.failureThreshold",
                "type": "",
                "value": "15"
              },
              {
                "name": "controller.startupProbe.periodSeconds",
                "type": "",
                "value": "10"
              },
              {
                "name": "persistence.size",
                "type": "",
                "value": "20Gi"
              },
              {
                "name": "persistence.storageClass",
                "type": "",
                "value": "gp2"
              }
            ],
            "set_list": [],
            "set_sensitive": [],
            "skip_crds": false,
            "status": "deployed",
            "timeout": 1200,
            "upgrade_install": null,
            "values": [
              "controller:\r\n  # Jenkins Controller Configuration\r\n  image: \"jenkins/jenkins\"\r\n  tag: \"lts-jdk17\"\r\n\r\n  startupProbe:\r\n    failureThreshold: 15\r\n    periodSeconds: 20\r\n  \r\n  # Resources\r\n  resources:\r\n    requests:\r\n      cpu: \"1000m\"\r\n      memory: \"2Gi\"\r\n    limits:\r\n      cpu: \"2000m\"\r\n      memory: \"4Gi\"\r\n\r\n  # Service configuration\r\n  serviceType: LoadBalancer\r\n  servicePort: 8080\r\n  \r\n  # Jenkins Configuration as Code\r\n  JCasC:\r\n    defaultConfig: true\r\n    configScripts:\r\n      welcome-message: |\r\n        jenkins:\r\n          systemMessage: \"Jenkins for CI/CD Pipeline\"\r\n        \r\n  # Security\r\n  admin:\r\n    existingSecret: \"\"\r\n    userKey: jenkins-admin-user\r\n    passwordKey: jenkins-admin-password\r\n\r\n  # Plugins to install\r\n  installPlugins: \r\n    - kubernetes:latest\r\n    - workflow-aggregator:latest\r\n    - git:latest\r\n    - configuration-as-code:latest\r\n    - pipeline-stage-view:latest\r\n    - docker-workflow:latest\r\n    - blueocean:latest\r\n    - credentials-binding:latest\r\n    - github:latest\r\n    - pipeline-github-lib:latest\r\n    - aws-credentials:latest\r\n\r\n  # Additional environment variables\r\n  additionalExistingSecrets:\r\n    - name: aws-credentials\r\n      keyName: aws-access-key-id\r\n    - name: aws-credentials\r\n      keyName: aws-secret-access-key\r\n\r\n# Agent configuration\r\nagent:\r\n  enabled: true\r\n  image: \"jenkins/inbound-agent\"\r\n  tag: \"3107.v665000b_51092-5\"\r\n  \r\n# Kaniko agent for Docker builds\r\npodTemplates:\r\n  kaniko: |\r\n    - name: kaniko\r\n      label: kaniko\r\n      serviceAccount: jenkins-admin\r\n      containers:\r\n      - name: kaniko\r\n        image: gcr.io/kaniko-project/executor:debug\r\n        command: [\"/busybox/cat\"]\r\n        tty: true\r\n        volumeMounts:\r\n        - name: aws-secret\r\n          mountPath: /root/.aws/\r\n      - name: git\r\n        image: alpine/git:latest\r\n        command: [\"/bin/sh\", \"-c\", \"cat\"]\r\n        tty: true\r\n      volumes: \r\n      - secret: \r\n          secretName: aws-credentials\r\n          name: aws-secret \r\n\r\n# Persistence\r\npersistence:\r\n  enabled: false\r\n  storageClass: \"gp2\"\r\n  size: \"20Gi\"\r\n  accessMode: \"ReadWriteOnce\"\r\n\r\n# Security Context\r\nsecurityContext:\r\n  runAsUser: 1000\r\n  fsGroup: 1000\r\n  \r\n# Service Account\r\nserviceAccount:\r\n  create: false\r\n  name: jenkins-admin\r\n\r\n# RBAC\r\nrbac:\r\n  create: true\r\n  readSecrets: true"
            ],
            "verify": false,
            "version": "4.8.3",
            "wait": false,
            "wait_for_jobs": false
          },
          "sensitive_attributes": [
            [
              {
                "type": "get_attr",
                "value": "repository_password"
              }
            ]
          ],
          "identity_schema_version": 0,
          "private": "eyJzY2hlbWFfdmVyc2lvbiI6IjEifQ==",
          "dependencies": [
            "module.eks.aws_eks_addon.coredns",
            "module.eks.aws_eks_addon.ebs_csi_driver",
            "module.eks.aws_eks_addon.kube_proxy",
            "module.eks.aws_eks_addon.vpc_cni",
            "module.eks.aws_eks_cluster.main",
            "module.eks.aws_eks_node_group.main",
            "module.eks.aws_iam_openid_connect_provider.eks",
            "module.eks.aws_iam_role.ebs_csi_driver_role",
            "module.eks.aws_iam_role.eks_cluster_role",
            "module.eks.aws_iam_role.eks_node_group_role",
            "module.eks.aws_iam_role_policy_attachment.ebs_csi_driver_policy",
            "module.eks.aws_iam_role_policy_attachment.eks_cluster_policy",
            "module.eks.aws_iam_role_policy_attachment.eks_cni_policy",
            "module.eks.aws_iam_role_policy_attachment.eks_container_registry_policy",
            "module.eks.aws_iam_role_policy_attachment.eks_worker_node_policy",
            "module.eks.aws_iam_role_policy_attachment.node_group_ebs_policy",
            "module.eks.aws_iam_role_policy_attachment.node_group_ec2_policy",
            "module.eks.data.tls_certificate.eks",
            "module.jenkins.kubernetes_namespace.jenkins",
            "module.vpc.aws_subnet.private",
            "module.vpc.aws_subnet.public",
            "module.vpc.aws_vpc.main",
            "null_resource.apply_kubernetes_secrets",
            "null_resource.update_kubeconfig"
          ]
        }
      ]
    },
    {
      "module": "module.jenkins",
      "mode": "managed",
      "type": "kubernetes_cluster_role_binding",
      "name": "jenkins",
      "provider": "provider[\"registry.terraform.io/hashicorp/kubernetes\"]",
      "instances": [
        {
          "schema_version": 0,
          "attributes": {
            "id": "jenkins-admin",
            "metadata": [
              {
                "annotations": {},
                "generate_name": "",
                "generation": 0,
                "labels": {},
                "name": "jenkins-admin",
                "resource_version": "853",
                "uid": "69e8bdbc-b4af-4724-a5d3-e88ced7b61d5"
              }
            ],
            "role_ref": [
              {
                "api_group": "rbac.authorization.k8s.io",
                "kind": "ClusterRole",
                "name": "cluster-admin"
              }
            ],
            "subject": [
              {
                "api_group": "",
                "kind": "ServiceAccount",
                "name": "jenkins-admin",
                "namespace": "jenkins"
              }
            ]
          },
          "sensitive_attributes": [],
          "identity_schema_version": 1,
          "identity": {
            "api_version": "rbac.authorization.k8s.io/v1",
            "kind": "ClusterRoleBinding",
            "name": "jenkins-admin"
          },
          "private": "bnVsbA==",
          "dependencies": [
            "module.eks.aws_eks_addon.coredns",
            "module.eks.aws_eks_addon.ebs_csi_driver",
            "module.eks.aws_eks_addon.kube_proxy",
            "module.eks.aws_eks_addon.vpc_cni",
            "module.eks.aws_eks_cluster.main",
            "module.eks.aws_eks_node_group.main",
            "module.eks.aws_iam_openid_connect_provider.eks",
            "module.eks.aws_iam_role.ebs_csi_driver_role",
            "module.eks.aws_iam_role.eks_cluster_role",
            "module.eks.aws_iam_role.eks_node_group_role",
            "module.eks.aws_iam_role_policy_attachment.ebs_csi_driver_policy",
            "module.eks.aws_iam_role_policy_attachment.eks_cluster_policy",
            "module.eks.aws_iam_role_policy_attachment.eks_cni_policy",
            "module.eks.aws_iam_role_policy_attachment.eks_container_registry_policy",
            "module.eks.aws_iam_role_policy_attachment.eks_worker_node_policy",
            "module.eks.aws_iam_role_policy_attachment.node_group_ebs_policy",
            "module.eks.aws_iam_role_policy_attachment.node_group_ec2_policy",
            "module.eks.data.tls_certificate.eks",
            "module.jenkins.kubernetes_namespace.jenkins",
            "module.jenkins.kubernetes_service_account.jenkins",
            "module.vpc.aws_subnet.private",
            "module.vpc.aws_subnet.public",
            "module.vpc.aws_vpc.main",
            "null_resource.apply_kubernetes_secrets",
            "null_resource.update_kubeconfig"
          ]
        }
      ]
    },
    {
      "module": "module.jenkins",
      "mode": "managed",
      "type": "kubernetes_namespace",
      "name": "jenkins",
      "provider": "provider[\"registry.terraform.io/hashicorp/kubernetes\"]",
      "instances": [
        {
          "schema_version": 0,
          "attributes": {
            "id": "jenkins",
            "metadata": [
              {
                "annotations": {},
                "generate_name": "",
                "generation": 0,
                "labels": {},
                "name": "jenkins",
                "resource_version": "13159",
                "uid": "0d22e0c6-d19e-4b12-882e-6d707f719d47"
              }
            ],
            "timeouts": null,
            "wait_for_default_service_account": false
          },
          "sensitive_attributes": [],
          "identity_schema_version": 1,
          "identity": {
            "api_version": "v1",
            "kind": "Namespace",
            "name": "jenkins"
          },
          "private": "eyJlMmJmYjczMC1lY2FhLTExZTYtOGY4OC0zNDM2M2JjN2M0YzAiOnsiZGVsZXRlIjozMDAwMDAwMDAwMDB9fQ==",
          "dependencies": [
            "module.eks.aws_eks_addon.coredns",
            "module.eks.aws_eks_addon.ebs_csi_driver",
            "module.eks.aws_eks_addon.kube_proxy",
            "module.eks.aws_eks_addon.vpc_cni",
            "module.eks.aws_eks_cluster.main",
            "module.eks.aws_eks_node_group.main",
            "module.eks.aws_iam_openid_connect_provider.eks",
            "module.eks.aws_iam_role.ebs_csi_driver_role",
            "module.eks.aws_iam_role.eks_cluster_role",
            "module.eks.aws_iam_role.eks_node_group_role",
            "module.eks.aws_iam_role_policy_attachment.ebs_csi_driver_policy",
            "module.eks.aws_iam_role_policy_attachment.eks_cluster_policy",
            "module.eks.aws_iam_role_policy_attachment.eks_cni_policy",
            "module.eks.aws_iam_role_policy_attachment.eks_container_registry_policy",
            "module.eks.aws_iam_role_policy_attachment.eks_worker_node_policy",
            "module.eks.aws_iam_role_policy_attachment.node_group_ebs_policy",
            "module.eks.aws_iam_role_policy_attachment.node_group_ec2_policy",
            "module.eks.data.tls_certificate.eks",
            "module.vpc.aws_subnet.private",
            "module.vpc.aws_subnet.public",
            "module.vpc.aws_vpc.main",
            "null_resource.apply_kubernetes_secrets",
            "null_resource.update_kubeconfig"
          ]
        }
      ]
    },
    {
      "module": "module.jenkins",
      "mode": "managed",
      "type": "kubernetes_service_account",
      "name": "jenkins",
      "provider": "provider[\"registry.terraform.io/hashicorp/kubernetes\"]",
      "instances": [
        {
          "schema_version": 0,
          "attributes": {
            "automount_service_account_token": true,
            "default_secret_name": "",
            "id": "jenkins/jenkins-admin",
            "image_pull_secret": [],
            "metadata": [
              {
                "annotations": {},
                "generate_name": "",
                "generation": 0,
                "labels": {},
                "name": "jenkins-admin",
                "namespace": "jenkins",
                "resource_version": "13163",
                "uid": "958975e7-521f-4069-8677-7c7f43576d9a"
              }
            ],
            "secret": [],
            "timeouts": null
          },
          "sensitive_attributes": [],
          "identity_schema_version": 1,
          "identity": {
            "api_version": "v1",
            "kind": "ServiceAccount",
            "name": "jenkins-admin",
            "namespace": "jenkins"
          },
          "private": "eyJlMmJmYjczMC1lY2FhLTExZTYtOGY4OC0zNDM2M2JjN2M0YzAiOnsiY3JlYXRlIjozMDAwMDAwMDAwMH19",
          "dependencies": [
            "module.eks.aws_eks_addon.coredns",
            "module.eks.aws_eks_addon.ebs_csi_driver",
            "module.eks.aws_eks_addon.kube_proxy",
            "module.eks.aws_eks_addon.vpc_cni",
            "module.eks.aws_eks_cluster.main",
            "module.eks.aws_eks_node_group.main",
            "module.eks.aws_iam_openid_connect_provider.eks",
            "module.eks.aws_iam_role.ebs_csi_driver_role",
            "module.eks.aws_iam_role.eks_cluster_role",
            "module.eks.aws_iam_role.eks_node_group_role",
            "module.eks.aws_iam_role_policy_attachment.ebs_csi_driver_policy",
            "module.eks.aws_iam_role_policy_attachment.eks_cluster_policy",
            "module.eks.aws_iam_role_policy_attachment.eks_cni_policy",
            "module.eks.aws_iam_role_policy_attachment.eks_container_registry_policy",
            "module.eks.aws_iam_role_policy_attachment.eks_worker_node_policy",
            "module.eks.aws_iam_role_policy_attachment.node_group_ebs_policy",
            "module.eks.aws_iam_role_policy_attachment.node_group_ec2_policy",
            "module.eks.data.tls_certificate.eks",
            "module.jenkins.kubernetes_namespace.jenkins",
            "module.vpc.aws_subnet.private",
            "module.vpc.aws_subnet.public",
            "module.vpc.aws_vpc.main",
            "null_resource.apply_kubernetes_secrets",
            "null_resource.update_kubeconfig"
          ]
        }
      ]
    },
    {
      "module": "module.monitoring",
      "mode": "data",
      "type": "kubernetes_service",
      "name": "grafana",
      "provider": "provider[\"registry.terraform.io/hashicorp/kubernetes\"]",
      "instances": [
        {
          "schema_version": 0,
          "attributes": {
            "id": "monitoring/grafana",
            "metadata": [
              {
                "annotations": {
                  "meta.helm.sh/release-name": "grafana",
                  "meta.helm.sh/release-namespace": "monitoring"
                },
                "generation": 0,
                "labels": {
                  "app.kubernetes.io/instance": "grafana",
                  "app.kubernetes.io/managed-by": "Helm",
                  "app.kubernetes.io/name": "grafana",
                  "app.kubernetes.io/version": "10.2.2",
                  "helm.sh/chart": "grafana-7.0.19"
                },
                "name": "grafana",
                "namespace": "monitoring",
                "resource_version": "2436",
                "uid": "024d50c1-2909-4307-8a7a-437f6b2d8ec7"
              }
            ],
            "spec": [
              {
                "allocate_load_balancer_node_ports": true,
                "cluster_ip": "172.20.31.14",
                "cluster_ips": [
                  "172.20.31.14"
                ],
                "external_ips": [],
                "external_name": "",
                "external_traffic_policy": "Cluster",
                "health_check_node_port": 0,
                "internal_traffic_policy": "Cluster",
                "ip_families": [
                  "IPv4"
                ],
                "ip_family_policy": "SingleStack",
                "load_balancer_class": "",
                "load_balancer_ip": "",
                "load_balancer_source_ranges": [],
                "port": [
                  {
                    "app_protocol": "",
                    "name": "service",
                    "node_port": 30888,
                    "port": 80,
                    "protocol": "TCP",
                    "target_port": "3000"
                  }
                ],
                "publish_not_ready_addresses": false,
                "selector": {
                  "app.kubernetes.io/instance": "grafana",
                  "app.kubernetes.io/name": "grafana"
                },
                "session_affinity": "None",
                "session_affinity_config": [],
                "type": "LoadBalancer"
              }
            ],
            "status": [
              {
                "load_balancer": [
                  {
                    "ingress": [
                      {
                        "hostname": "a024d50c1290943078a7a437f6b2d8ec-517463189.us-west-2.elb.amazonaws.com",
                        "ip": ""
                      }
                    ]
                  }
                ]
              }
            ]
          },
          "sensitive_attributes": [],
          "identity_schema_version": 0
        }
      ]
    },
    {
      "module": "module.monitoring",
      "mode": "data",
      "type": "kubernetes_service",
      "name": "prometheus",
      "provider": "provider[\"registry.terraform.io/hashicorp/kubernetes\"]",
      "instances": [
        {
          "schema_version": 0,
          "attributes": {
            "id": "monitoring/prometheus-server",
            "metadata": [
              {
                "annotations": {
                  "meta.helm.sh/release-name": "prometheus",
                  "meta.helm.sh/release-namespace": "monitoring"
                },
                "generation": 0,
                "labels": {
                  "app.kubernetes.io/component": "server",
                  "app.kubernetes.io/instance": "prometheus",
                  "app.kubernetes.io/managed-by": "Helm",
                  "app.kubernetes.io/name": "prometheus",
                  "app.kubernetes.io/part-of": "prometheus",
                  "app.kubernetes.io/version": "v2.48.0",
                  "helm.sh/chart": "prometheus-25.8.0"
                },
                "name": "prometheus-server",
                "namespace": "monitoring",
                "resource_version": "2083",
                "uid": "663bd50d-0cdf-42e5-8f00-a6f8c2a50f1b"
              }
            ],
            "spec": [
              {
                "allocate_load_balancer_node_ports": true,
                "cluster_ip": "172.20.145.65",
                "cluster_ips": [
                  "172.20.145.65"
                ],
                "external_ips": [],
                "external_name": "",
                "external_traffic_policy": "Cluster",
                "health_check_node_port": 0,
                "internal_traffic_policy": "Cluster",
                "ip_families": [
                  "IPv4"
                ],
                "ip_family_policy": "SingleStack",
                "load_balancer_class": "",
                "load_balancer_ip": "",
                "load_balancer_source_ranges": [],
                "port": [
                  {
                    "app_protocol": "",
                    "name": "http",
                    "node_port": 30205,
                    "port": 80,
                    "protocol": "TCP",
                    "target_port": "9090"
                  }
                ],
                "publish_not_ready_addresses": false,
                "selector": {
                  "app.kubernetes.io/component": "server",
                  "app.kubernetes.io/instance": "prometheus",
                  "app.kubernetes.io/name": "prometheus"
                },
                "session_affinity": "None",
                "session_affinity_config": [],
                "type": "LoadBalancer"
              }
            ],
            "status": [
              {
                "load_balancer": [
                  {
                    "ingress": [
                      {
                        "hostname": "a663bd50d0cdf42e58f00a6f8c2a50f1-1225129890.us-west-2.elb.amazonaws.com",
                        "ip": ""
                      }
                    ]
                  }
                ]
              }
            ]
          },
          "sensitive_attributes": [],
          "identity_schema_version": 0
        }
      ]
    },
    {
      "module": "module.monitoring",
      "mode": "managed",
      "type": "helm_release",
      "name": "grafana",
      "provider": "provider[\"registry.terraform.io/hashicorp/helm\"]",
      "instances": [
        {
          "schema_version": 1,
          "attributes": {
            "atomic": false,
            "chart": "grafana",
            "cleanup_on_fail": false,
            "create_namespace": false,
            "dependency_update": false,
            "description": null,
            "devel": null,
            "disable_crd_hooks": false,
            "disable_openapi_validation": false,
            "disable_webhooks": false,
            "force_update": false,
            "id": "grafana",
            "keyring": null,
            "lint": false,
            "manifest": null,
            "max_history": 0,
            "metadata": [
              {
                "app_version": "10.2.2",
                "chart": "grafana",
                "first_deployed": 1764485200,
                "last_deployed": 1764485200,
                "name": "grafana",
                "namespace": "monitoring",
                "notes": "1. Get your 'admin' user password by running:\n\n   kubectl get secret --namespace monitoring grafana -o jsonpath=\"{.data.admin-password}\" | base64 --decode ; echo\n\n\n2. The Grafana server can be accessed via port 80 on the following DNS name from within your cluster:\n\n   grafana.monitoring.svc.cluster.local\n\n   Get the Grafana URL to visit by running these commands in the same shell:\n   NOTE: It may take a few minutes for the LoadBalancer IP to be available.\n        You can watch the status of by running 'kubectl get svc --namespace monitoring -w grafana'\n     export SERVICE_IP=$(kubectl get svc --namespace monitoring grafana -o jsonpath='{.status.loadBalancer.ingress[0].ip}')\n     http://$SERVICE_IP:80\n\n3. Login with the password from step 1 and the username: admin\n",
                "revision": 1,
                "values": "{\"adminPassword\":\"Admin12345!\",\"adminUser\":\"admin\",\"dashboardProviders\":{\"dashboardproviders.yaml\":{\"apiVersion\":1,\"providers\":[{\"disableDeletion\":false,\"editable\":true,\"folder\":\"\",\"name\":\"default\",\"options\":{\"path\":\"/var/lib/grafana/dashboards/default\"},\"orgId\":1,\"type\":\"file\"}]}},\"dashboards\":{\"default\":{\"kubernetes-overview\":{\"datasource\":\"Prometheus\",\"gnetId\":15757,\"revision\":31},\"kubernetes-pods\":{\"datasource\":\"Prometheus\",\"gnetId\":15760,\"revision\":20},\"prometheus-stats\":{\"datasource\":\"Prometheus\",\"gnetId\":2,\"revision\":2}}},\"datasources\":{\"datasources.yaml\":{\"apiVersion\":1,\"datasources\":[{\"access\":\"proxy\",\"editable\":true,\"isDefault\":true,\"name\":\"Prometheus\",\"type\":\"prometheus\",\"url\":\"http://prometheus-server.monitoring.svc.cluster.local\"}]}},\"grafana.ini\":{\"auth\":{\"disable_login_form\":false},\"auth.anonymous\":{\"enabled\":false},\"server\":{\"root_url\":\"%(protocol)s://%(domain)s/\"},\"users\":{\"viewers_can_edit\":false}},\"persistence\":{\"accessModes\":[\"ReadWriteOnce\"],\"enabled\":true,\"size\":\"5Gi\",\"storageClassName\":\"gp2\"},\"plugins\":[\"grafana-piechart-panel\",\"grafana-worldmap-panel\"],\"rbac\":{\"create\":true,\"pspEnabled\":false},\"resources\":{\"limits\":{\"cpu\":\"500m\",\"memory\":\"1Gi\"},\"requests\":{\"cpu\":\"250m\",\"memory\":\"512Mi\"}},\"securityContext\":{\"fsGroup\":472,\"runAsGroup\":472,\"runAsUser\":472},\"service\":{\"port\":80,\"type\":\"LoadBalancer\"},\"serviceAccount\":{\"create\":true}}",
                "version": "7.0.19"
              }
            ],
            "name": "grafana",
            "namespace": "monitoring",
            "pass_credentials": false,
            "postrender": [],
            "recreate_pods": false,
            "render_subchart_notes": true,
            "replace": false,
            "repository": "https://grafana.github.io/helm-charts",
            "repository_ca_file": null,
            "repository_cert_file": null,
            "repository_key_file": null,
            "repository_password": null,
            "repository_username": null,
            "reset_values": false,
            "reuse_values": false,
            "set": [],
            "set_list": [],
            "set_sensitive": [],
            "skip_crds": false,
            "status": "deployed",
            "timeout": 900,
            "upgrade_install": null,
            "values": [
              "adminUser: admin\r\nadminPassword: Admin12345!\r\n\r\nservice:\r\n  type: LoadBalancer\r\n  port: 80\r\n\r\npersistence:\r\n  enabled: true\r\n  storageClassName: gp2\r\n  size: 5Gi\r\n  accessModes:\r\n    - ReadWriteOnce\r\n\r\nresources:\r\n  requests:\r\n    cpu: 250m\r\n    memory: 512Mi\r\n  limits:\r\n    cpu: 500m\r\n    memory: 1Gi\r\n\r\ndatasources:\r\n  datasources.yaml:\r\n    apiVersion: 1\r\n    datasources:\r\n      - name: Prometheus\r\n        type: prometheus\r\n        url: http://prometheus-server.monitoring.svc.cluster.local\r\n        access: proxy\r\n        isDefault: true\r\n        editable: true\r\n\r\ndashboardProviders:\r\n  dashboardproviders.yaml:\r\n    apiVersion: 1\r\n    providers:\r\n      - name: \"default\"\r\n        orgId: 1\r\n        folder: \"\"\r\n        type: file\r\n        disableDeletion: false\r\n        editable: true\r\n        options:\r\n          path: /var/lib/grafana/dashboards/default\r\n\r\ndashboards:\r\n  default:\r\n    kubernetes-overview:\r\n      gnetId: 15757\r\n      revision: 31\r\n      datasource: Prometheus\r\n    kubernetes-pods:\r\n      gnetId: 15760\r\n      revision: 20\r\n      datasource: Prometheus\r\n    prometheus-stats:\r\n      gnetId: 2\r\n      revision: 2\r\n      datasource: Prometheus\r\n\r\ngrafana.ini:\r\n  server:\r\n    root_url: \"%(protocol)s://%(domain)s/\"\r\n  auth:\r\n    disable_login_form: false\r\n  auth.anonymous:\r\n    enabled: false\r\n  users:\r\n    viewers_can_edit: false\r\n\r\nplugins:\r\n  - grafana-piechart-panel\r\n  - grafana-worldmap-panel\r\n\r\nsecurityContext:\r\n  runAsUser: 472\r\n  runAsGroup: 472\r\n  fsGroup: 472\r\n\r\nrbac:\r\n  create: true\r\n  pspEnabled: false\r\n\r\nserviceAccount:\r\n  create: true"
            ],
            "verify": false,
            "version": "7.0.19",
            "wait": true,
            "wait_for_jobs": false
          },
          "sensitive_attributes": [
            [
              {
                "type": "get_attr",
                "value": "repository_password"
              }
            ],
            [
              {
                "type": "get_attr",
                "value": "values"
              },
              {
                "type": "index",
                "value": {
                  "value": 0,
                  "type": "number"
                }
              }
            ]
          ],
          "identity_schema_version": 0,
          "private": "eyJzY2hlbWFfdmVyc2lvbiI6IjEifQ==",
          "dependencies": [
            "module.eks.aws_eks_addon.coredns",
            "module.eks.aws_eks_addon.ebs_csi_driver",
            "module.eks.aws_eks_addon.kube_proxy",
            "module.eks.aws_eks_addon.vpc_cni",
            "module.eks.aws_eks_cluster.main",
            "module.eks.aws_eks_node_group.main",
            "module.eks.aws_iam_openid_connect_provider.eks",
            "module.eks.aws_iam_role.ebs_csi_driver_role",
            "module.eks.aws_iam_role.eks_cluster_role",
            "module.eks.aws_iam_role.eks_node_group_role",
            "module.eks.aws_iam_role_policy_attachment.ebs_csi_driver_policy",
            "module.eks.aws_iam_role_policy_attachment.eks_cluster_policy",
            "module.eks.aws_iam_role_policy_attachment.eks_cni_policy",
            "module.eks.aws_iam_role_policy_attachment.eks_container_registry_policy",
            "module.eks.aws_iam_role_policy_attachment.eks_worker_node_policy",
            "module.eks.aws_iam_role_policy_attachment.node_group_ebs_policy",
            "module.eks.aws_iam_role_policy_attachment.node_group_ec2_policy",
            "module.eks.data.tls_certificate.eks",
            "module.monitoring.helm_release.prometheus",
            "module.monitoring.kubernetes_namespace.monitoring",
            "module.vpc.aws_subnet.private",
            "module.vpc.aws_subnet.public",
            "module.vpc.aws_vpc.main"
          ]
        }
      ]
    },
    {
      "module": "module.monitoring",
      "mode": "managed",
      "type": "helm_release",
      "name": "prometheus",
      "provider": "provider[\"registry.terraform.io/hashicorp/helm\"]",
      "instances": [
        {
          "schema_version": 1,
          "attributes": {
            "atomic": false,
            "chart": "prometheus",
            "cleanup_on_fail": false,
            "create_namespace": false,
            "dependency_update": false,
            "description": null,
            "devel": null,
            "disable_crd_hooks": false,
            "disable_openapi_validation": false,
            "disable_webhooks": false,
            "force_update": false,
            "id": "prometheus",
            "keyring": null,
            "lint": false,
            "manifest": null,
            "max_history": 0,
            "metadata": [
              {
                "app_version": "v2.48.0",
                "chart": "prometheus",
                "first_deployed": 1764485129,
                "last_deployed": 1764485129,
                "name": "prometheus",
                "namespace": "monitoring",
                "notes": "1. Get the application URL by running these commands:\n  export POD_NAME=$(kubectl get pods --namespace monitoring -l \"app=prometheus-pushgateway,release=prometheus\" -o jsonpath=\"{.items[0].metadata.name}\")\n  echo \"Visit http://127.0.0.1:9091 to use your application\"\n  kubectl port-forward $POD_NAME 9091\n\nkube-state-metrics is a simple service that listens to the Kubernetes API server and generates metrics about the state of the objects.\nThe exposed metrics can be found here:\nhttps://github.com/kubernetes/kube-state-metrics/blob/master/docs/README.md#exposed-metrics\n\nThe metrics are exported on the HTTP endpoint /metrics on the listening port.\nIn your case, prometheus-kube-state-metrics.monitoring.svc.cluster.local:8080/metrics\n\nThey are served either as plaintext or protobuf depending on the Accept header.\nThey are designed to be consumed either by Prometheus itself or by a scraper that is compatible with scraping a Prometheus client endpoint.\n\n1. Get the application URL by running these commands:\n  export POD_NAME=$(kubectl get pods --namespace monitoring -l \"app.kubernetes.io/name=prometheus-node-exporter,app.kubernetes.io/instance=prometheus\" -o jsonpath=\"{.items[0].metadata.name}\")\n  echo \"Visit http://127.0.0.1:9100 to use your application\"\n  kubectl port-forward --namespace monitoring $POD_NAME 9100\nThe Prometheus server can be accessed via port 80 on the following DNS name from within your cluster:\nprometheus-server.monitoring.svc.cluster.local\n\n\nGet the Prometheus server URL by running these commands in the same shell:\n  NOTE: It may take a few minutes for the LoadBalancer IP to be available.\n        You can watch the status of by running 'kubectl get svc --namespace monitoring -w prometheus-server'\n\n  export SERVICE_IP=$(kubectl get svc --namespace monitoring prometheus-server -o jsonpath='{.status.loadBalancer.ingress[0].ip}')\n  echo http://$SERVICE_IP:80\n\n\n#################################################################################\n######   WARNING: Pod Security Policy has been disabled by default since    #####\n######            it deprecated after k8s 1.25+. use                        #####\n######            (index .Values \"prometheus-node-exporter\" \"rbac\"          #####\n###### .          \"pspEnabled\") with (index .Values                         #####\n######            \"prometheus-node-exporter\" \"rbac\" \"pspAnnotations\")       #####\n######            in case you still need it.                                #####\n#################################################################################\n\n\nThe Prometheus PushGateway can be accessed via port 9091 on the following DNS name from within your cluster:\nprometheus-prometheus-pushgateway.monitoring.svc.cluster.local\n\n\nGet the PushGateway URL by running these commands in the same shell:\n  export POD_NAME=$(kubectl get pods --namespace monitoring -l \"app=prometheus-pushgateway,component=pushgateway\" -o jsonpath=\"{.items[0].metadata.name}\")\n  kubectl --namespace monitoring port-forward $POD_NAME 9091\n\nFor more information on running Prometheus, visit:\nhttps://prometheus.io/\n",
                "revision": 1,
                "values": "{\"alertmanager\":{\"enabled\":false},\"kubeStateMetrics\":{\"enabled\":true},\"nodeExporter\":{\"enabled\":false},\"pushgateway\":{\"enabled\":false},\"server\":{\"persistentVolume\":{\"accessModes\":[\"ReadWriteOnce\"],\"enabled\":true,\"size\":\"20Gi\",\"storageClass\":\"gp2\"},\"resources\":{\"limits\":{\"cpu\":\"1000m\",\"memory\":\"2Gi\"},\"requests\":{\"cpu\":\"500m\",\"memory\":\"1Gi\"}},\"retention\":\"15d\",\"service\":{\"servicePort\":80,\"type\":\"LoadBalancer\"}}}",
                "version": "25.8.0"
              }
            ],
            "name": "prometheus",
            "namespace": "monitoring",
            "pass_credentials": false,
            "postrender": [],
            "recreate_pods": false,
            "render_subchart_notes": true,
            "replace": false,
            "repository": "https://prometheus-community.github.io/helm-charts",
            "repository_ca_file": null,
            "repository_cert_file": null,
            "repository_key_file": null,
            "repository_password": null,
            "repository_username": null,
            "reset_values": false,
            "reuse_values": false,
            "set": [],
            "set_list": [],
            "set_sensitive": [],
            "skip_crds": false,
            "status": "deployed",
            "timeout": 900,
            "upgrade_install": null,
            "values": [
              "server:\r\n  persistentVolume:\r\n    enabled: true\r\n    size: 20Gi\r\n    storageClass: gp2\r\n    accessModes:\r\n      - ReadWriteOnce\r\n\r\n  retention: \"15d\"\r\n\r\n  resources:\r\n    requests:\r\n      cpu: 500m\r\n      memory: 1Gi\r\n    limits:\r\n      cpu: 1000m\r\n      memory: 2Gi\r\n\r\n  service:\r\n    type: LoadBalancer\r\n    servicePort: 80\r\n\r\nalertmanager:\r\n  enabled: false\r\n\r\nnodeExporter:\r\n  enabled: false\r\n\r\npushgateway:\r\n  enabled: false\r\n\r\nkubeStateMetrics:\r\n  enabled: true"
            ],
            "verify": false,
            "version": "25.8.0",
            "wait": true,
            "wait_for_jobs": false
          },
          "sensitive_attributes": [
            [
              {
                "type": "get_attr",
                "value": "repository_password"
              }
            ]
          ],
          "identity_schema_version": 0,
          "private": "eyJzY2hlbWFfdmVyc2lvbiI6IjEifQ==",
          "dependencies": [
            "module.eks.aws_eks_addon.coredns",
            "module.eks.aws_eks_addon.ebs_csi_driver",
            "module.eks.aws_eks_addon.kube_proxy",
            "module.eks.aws_eks_addon.vpc_cni",
            "module.eks.aws_eks_cluster.main",
            "module.eks.aws_eks_node_group.main",
            "module.eks.aws_iam_openid_connect_provider.eks",
            "module.eks.aws_iam_role.ebs_csi_driver_role",
            "module.eks.aws_iam_role.eks_cluster_role",
            "module.eks.aws_iam_role.eks_node_group_role",
            "module.eks.aws_iam_role_policy_attachment.ebs_csi_driver_policy",
            "module.eks.aws_iam_role_policy_attachment.eks_cluster_policy",
            "module.eks.aws_iam_role_policy_attachment.eks_cni_policy",
            "module.eks.aws_iam_role_policy_attachment.eks_container_registry_policy",
            "module.eks.aws_iam_role_policy_attachment.eks_worker_node_policy",
            "module.eks.aws_iam_role_policy_attachment.node_group_ebs_policy",
            "module.eks.aws_iam_role_policy_attachment.node_group_ec2_policy",
            "module.eks.data.tls_certificate.eks",
            "module.monitoring.kubernetes_namespace.monitoring",
            "module.vpc.aws_subnet.private",
            "module.vpc.aws_subnet.public",
            "module.vpc.aws_vpc.main"
          ]
        }
      ]
    },
    {
      "module": "module.monitoring",
      "mode": "managed",
      "type": "kubernetes_config_map",
      "name": "prometheus_config",
      "provider": "provider[\"registry.terraform.io/hashicorp/kubernetes\"]",
      "instances": [
        {
          "schema_version": 0,
          "attributes": {
            "binary_data": {},
            "data": {
              "django-scrape.yml": "- job_name: 'django-app'\r\n  kubernetes_sd_configs:\r\n  - role: endpoints\r\n    namespaces:\r\n      names:\r\n      - django-app\r\n  relabel_configs:\r\n  - source_labels: [__meta_kubernetes_service_name]\r\n    action: keep\r\n    regex: django-app\r\n  - source_labels: [__meta_kubernetes_endpoint_port_name]\r\n    action: keep\r\n    regex: http\r\n  - target_label: __address__\r\n    replacement: __meta_kubernetes_endpoint_address_target_name:8000\r\n  - source_labels: [__meta_kubernetes_pod_name]\r\n    target_label: pod\r\n  - source_labels: [__meta_kubernetes_namespace]\r\n    target_label: namespace\r\n",
              "jenkins-scrape.yml": "- job_name: 'jenkins'\r\n  kubernetes_sd_configs:\r\n  - role: endpoints\r\n    namespaces:\r\n      names:\r\n      - jenkins\r\n  relabel_configs:\r\n  - source_labels: [__meta_kubernetes_service_name]\r\n    action: keep\r\n    regex: jenkins\r\n  - source_labels: [__meta_kubernetes_endpoint_port_name]\r\n    action: keep\r\n    regex: http\r\n  - target_label: __address__\r\n    replacement: __meta_kubernetes_endpoint_address_target_name:8080\r\n  - target_label: __metrics_path__\r\n    replacement: /prometheus\r\n",
              "rds-monitoring.yml": "# RDS monitoring would require CloudWatch exporter\r\n# For now, basic Kubernetes and application metrics\r\n- job_name: 'kubernetes-pods'\r\n  kubernetes_sd_configs:\r\n  - role: pod\r\n  relabel_configs:\r\n  - source_labels: [__meta_kubernetes_pod_annotation_prometheus_io_scrape]\r\n    action: keep\r\n    regex: true\r\n  - source_labels: [__meta_kubernetes_pod_annotation_prometheus_io_path]\r\n    action: replace\r\n    target_label: __metrics_path__\r\n    regex: (.+)\r\n"
            },
            "id": "monitoring/prometheus-extra-config",
            "immutable": false,
            "metadata": [
              {
                "annotations": {},
                "generate_name": "",
                "generation": 0,
                "labels": {},
                "name": "prometheus-extra-config",
                "namespace": "monitoring",
                "resource_version": "1904",
                "uid": "b8e558e9-f168-45d3-b710-caaa8b46d521"
              }
            ]
          },
          "sensitive_attributes": [],
          "identity_schema_version": 1,
          "identity": {
            "api_version": "v1",
            "kind": "ConfigMap",
            "name": "prometheus-extra-config",
            "namespace": "monitoring"
          },
          "private": "bnVsbA==",
          "dependencies": [
            "module.eks.aws_eks_addon.coredns",
            "module.eks.aws_eks_addon.ebs_csi_driver",
            "module.eks.aws_eks_addon.kube_proxy",
            "module.eks.aws_eks_addon.vpc_cni",
            "module.eks.aws_eks_cluster.main",
            "module.eks.aws_eks_node_group.main",
            "module.eks.aws_iam_openid_connect_provider.eks",
            "module.eks.aws_iam_role.ebs_csi_driver_role",
            "module.eks.aws_iam_role.eks_cluster_role",
            "module.eks.aws_iam_role.eks_node_group_role",
            "module.eks.aws_iam_role_policy_attachment.ebs_csi_driver_policy",
            "module.eks.aws_iam_role_policy_attachment.eks_cluster_policy",
            "module.eks.aws_iam_role_policy_attachment.eks_cni_policy",
            "module.eks.aws_iam_role_policy_attachment.eks_container_registry_policy",
            "module.eks.aws_iam_role_policy_attachment.eks_worker_node_policy",
            "module.eks.aws_iam_role_policy_attachment.node_group_ebs_policy",
            "module.eks.aws_iam_role_policy_attachment.node_group_ec2_policy",
            "module.eks.data.tls_certificate.eks",
            "module.monitoring.kubernetes_namespace.monitoring",
            "module.vpc.aws_subnet.private",
            "module.vpc.aws_subnet.public",
            "module.vpc.aws_vpc.main"
          ]
        }
      ]
    },
    {
      "module": "module.monitoring",
      "mode": "managed",
      "type": "kubernetes_namespace",
      "name": "monitoring",
      "provider": "provider[\"registry.terraform.io/hashicorp/kubernetes\"]",
      "instances": [
        {
          "schema_version": 0,
          "attributes": {
            "id": "monitoring",
            "metadata": [
              {
                "annotations": {},
                "generate_name": "",
                "generation": 0,
                "labels": {},
                "name": "monitoring",
                "resource_version": "1900",
                "uid": "8676f882-7d52-41f6-8a28-9e9fe868a656"
              }
            ],
            "timeouts": null,
            "wait_for_default_service_account": false
          },
          "sensitive_attributes": [],
          "identity_schema_version": 1,
          "identity": {
            "api_version": "v1",
            "kind": "Namespace",
            "name": "monitoring"
          },
          "private": "eyJlMmJmYjczMC1lY2FhLTExZTYtOGY4OC0zNDM2M2JjN2M0YzAiOnsiZGVsZXRlIjozMDAwMDAwMDAwMDB9fQ==",
          "dependencies": [
            "module.eks.aws_eks_addon.coredns",
            "module.eks.aws_eks_addon.ebs_csi_driver",
            "module.eks.aws_eks_addon.kube_proxy",
            "module.eks.aws_eks_addon.vpc_cni",
            "module.eks.aws_eks_cluster.main",
            "module.eks.aws_eks_node_group.main",
            "module.eks.aws_iam_openid_connect_provider.eks",
            "module.eks.aws_iam_role.ebs_csi_driver_role",
            "module.eks.aws_iam_role.eks_cluster_role",
            "module.eks.aws_iam_role.eks_node_group_role",
            "module.eks.aws_iam_role_policy_attachment.ebs_csi_driver_policy",
            "module.eks.aws_iam_role_policy_attachment.eks_cluster_policy",
            "module.eks.aws_iam_role_policy_attachment.eks_cni_policy",
            "module.eks.aws_iam_role_policy_attachment.eks_container_registry_policy",
            "module.eks.aws_iam_role_policy_attachment.eks_worker_node_policy",
            "module.eks.aws_iam_role_policy_attachment.node_group_ebs_policy",
            "module.eks.aws_iam_role_policy_attachment.node_group_ec2_policy",
            "module.eks.data.tls_certificate.eks",
            "module.vpc.aws_subnet.private",
            "module.vpc.aws_subnet.public",
            "module.vpc.aws_vpc.main"
          ]
        }
      ]
    },
    {
      "module": "module.rds_postgres",
      "mode": "managed",
      "type": "aws_db_instance",
      "name": "main",
      "provider": "provider[\"registry.terraform.io/hashicorp/aws\"]",
      "instances": [
        {
          "index_key": 0,
          "schema_version": 2,
          "attributes": {
            "address": "final-project-devops-dev-db.crk2gas0mu7y.us-west-2.rds.amazonaws.com",
            "allocated_storage": 20,
            "allow_major_version_upgrade": null,
            "apply_immediately": true,
            "arn": "arn:aws:rds:us-west-2:757370076418:db:final-project-devops-dev-db",
            "auto_minor_version_upgrade": true,
            "availability_zone": "us-west-2a",
            "backup_retention_period": 3,
            "backup_target": "region",
            "backup_window": "03:00-04:00",
            "blue_green_update": [],
            "ca_cert_identifier": "rds-ca-rsa2048-g1",
            "character_set_name": "",
            "copy_tags_to_snapshot": true,
            "custom_iam_instance_profile": "",
            "customer_owned_ip_enabled": false,
            "database_insights_mode": "standard",
            "db_name": "djangodb",
            "db_subnet_group_name": "final-project-devops-dev-db-subnet-group",
            "dedicated_log_volume": false,
            "delete_automated_backups": true,
            "deletion_protection": false,
            "domain": "",
            "domain_auth_secret_arn": "",
            "domain_dns_ips": [],
            "domain_fqdn": "",
            "domain_iam_role_name": "",
            "domain_ou": "",
            "enabled_cloudwatch_logs_exports": [
              "postgresql"
            ],
            "endpoint": "final-project-devops-dev-db.crk2gas0mu7y.us-west-2.rds.amazonaws.com:5432",
            "engine": "postgres",
            "engine_lifecycle_support": "open-source-rds-extended-support",
            "engine_version": "16.9",
            "engine_version_actual": "16.9",
            "final_snapshot_identifier": null,
            "hosted_zone_id": "Z1PVIF0B656C1W",
            "iam_database_authentication_enabled": false,
            "id": "db-EOW4LQITK23JXZJFYTEPLFMNXY",
            "identifier": "final-project-devops-dev-db",
            "identifier_prefix": "",
            "instance_class": "db.t3.micro",
            "iops": 0,
            "kms_key_id": "arn:aws:kms:us-west-2:757370076418:key/7eda03b0-55cf-4bf4-b4e1-807cfefc6552",
            "latest_restorable_time": "2025-11-30T10:04:32Z",
            "license_model": "postgresql-license",
            "listener_endpoint": [],
            "maintenance_window": "sun:04:00-sun:05:00",
            "manage_master_user_password": null,
            "master_user_secret": [],
            "master_user_secret_kms_key_id": null,
            "max_allocated_storage": 40,
            "monitoring_interval": 0,
            "monitoring_role_arn": "",
            "multi_az": false,
            "nchar_character_set_name": "",
            "network_type": "IPV4",
            "option_group_name": "default:postgres-16",
            "parameter_group_name": "final-project-devops-dev-db-params",
            "password": ":Z+d*5aU{-4dPBwf",
            "password_wo": null,
            "password_wo_version": null,
            "performance_insights_enabled": false,
            "performance_insights_kms_key_id": "",
            "performance_insights_retention_period": 0,
            "port": 5432,
            "publicly_accessible": false,
            "replica_mode": "",
            "replicas": [],
            "replicate_source_db": "",
            "resource_id": "db-EOW4LQITK23JXZJFYTEPLFMNXY",
            "restore_to_point_in_time": [],
            "s3_import": [],
            "skip_final_snapshot": true,
            "snapshot_identifier": null,
            "status": "available",
            "storage_encrypted": true,
            "storage_throughput": 0,
            "storage_type": "gp2",
            "tags": {
              "Environment": "dev",
              "ManagedBy": "terraform",
              "Module": "rds",
              "Name": "final-project-devops-dev-db",
              "Project": "final-project-devops",
              "Purpose": "django-database",
              "Type": "RDS Instance"
            },
            "tags_all": {
              "Environment": "dev",
              "ManagedBy": "terraform",
              "Module": "rds",
              "Name": "final-project-devops-dev-db",
              "Project": "final-project-devops",
              "Purpose": "django-database",
              "Type": "RDS Instance"
            },
            "timeouts": null,
            "timezone": "",
            "upgrade_storage_config": null,
            "username": "djangouser",
            "vpc_security_group_ids": [
              "sg-09c776e1c4918c9d8"
            ]
          },
          "sensitive_attributes": [
            [
              {
                "type": "get_attr",
                "value": "password"
              }
            ],
            [
              {
                "type": "get_attr",
                "value": "password_wo"
              }
            ]
          ],
          "identity_schema_version": 0,
          "private": "eyJlMmJmYjczMC1lY2FhLTExZTYtOGY4OC0zNDM2M2JjN2M0YzAiOnsiY3JlYXRlIjozMDAwMDAwMDAwMDAwLCJkZWxldGUiOjM2MDAwMDAwMDAwMDAsInVwZGF0ZSI6NDgwMDAwMDAwMDAwMH0sInNjaGVtYV92ZXJzaW9uIjoiMiJ9",
          "dependencies": [
            "module.rds_postgres.aws_db_parameter_group.main",
            "module.rds_postgres.aws_db_subnet_group.main",
            "module.rds_postgres.aws_kms_key.db",
            "module.rds_postgres.aws_security_group.db",
            "module.rds_postgres.random_password.master",
            "module.vpc.aws_subnet.private",
            "module.vpc.aws_vpc.main"
          ]
        }
      ]
    },
    {
      "module": "module.rds_postgres",
      "mode": "managed",
      "type": "aws_db_parameter_group",
      "name": "main",
      "provider": "provider[\"registry.terraform.io/hashicorp/aws\"]",
      "instances": [
        {
          "index_key": 0,
          "schema_version": 0,
          "attributes": {
            "arn": "arn:aws:rds:us-west-2:757370076418:pg:final-project-devops-dev-db-params",
            "description": "Managed by Terraform",
            "family": "postgres16",
            "id": "final-project-devops-dev-db-params",
            "name": "final-project-devops-dev-db-params",
            "name_prefix": "",
            "parameter": [],
            "skip_destroy": false,
            "tags": {
              "Environment": "dev",
              "ManagedBy": "terraform",
              "Module": "rds",
              "Name": "final-project-devops-dev-db-params",
              "Project": "final-project-devops",
              "Purpose": "django-database"
            },
            "tags_all": {
              "Environment": "dev",
              "ManagedBy": "terraform",
              "Module": "rds",
              "Name": "final-project-devops-dev-db-params",
              "Project": "final-project-devops",
              "Purpose": "django-database"
            }
          },
          "sensitive_attributes": [],
          "identity_schema_version": 0,
          "private": "bnVsbA==",
          "create_before_destroy": true
        }
      ]
    },
    {
      "module": "module.rds_postgres",
      "mode": "managed",
      "type": "aws_db_subnet_group",
      "name": "main",
      "provider": "provider[\"registry.terraform.io/hashicorp/aws\"]",
      "instances": [
        {
          "schema_version": 0,
          "attributes": {
            "arn": "arn:aws:rds:us-west-2:757370076418:subgrp:final-project-devops-dev-db-subnet-group",
            "description": "Managed by Terraform",
            "id": "final-project-devops-dev-db-subnet-group",
            "name": "final-project-devops-dev-db-subnet-group",
            "name_prefix": "",
            "subnet_ids": [
              "subnet-02d62282a748dfa88",
              "subnet-054c0bfa79af56ee5",
              "subnet-09b230a11040302b2"
            ],
            "supported_network_types": [
              "IPV4"
            ],
            "tags": {
              "Environment": "dev",
              "ManagedBy": "terraform",
              "Module": "rds",
              "Name": "final-project-devops-dev-db-subnet-group",
              "Project": "final-project-devops",
              "Purpose": "django-database"
            },
            "tags_all": {
              "Environment": "dev",
              "ManagedBy": "terraform",
              "Module": "rds",
              "Name": "final-project-devops-dev-db-subnet-group",
              "Project": "final-project-devops",
              "Purpose": "django-database"
            },
            "vpc_id": "vpc-0e694f073f2215ebc"
          },
          "sensitive_attributes": [],
          "identity_schema_version": 0,
          "private": "bnVsbA==",
          "dependencies": [
            "module.vpc.aws_subnet.private",
            "module.vpc.aws_vpc.main"
          ]
        }
      ]
    },
    {
      "module": "module.rds_postgres",
      "mode": "managed",
      "type": "aws_kms_alias",
      "name": "db",
      "provider": "provider[\"registry.terraform.io/hashicorp/aws\"]",
      "instances": [
        {
          "index_key": 0,
          "schema_version": 0,
          "attributes": {
            "arn": "arn:aws:kms:us-west-2:757370076418:alias/final-project-devops-dev-db-key",
            "id": "alias/final-project-devops-dev-db-key",
            "name": "alias/final-project-devops-dev-db-key",
            "name_prefix": "",
            "target_key_arn": "arn:aws:kms:us-west-2:757370076418:key/7eda03b0-55cf-4bf4-b4e1-807cfefc6552",
            "target_key_id": "7eda03b0-55cf-4bf4-b4e1-807cfefc6552"
          },
          "sensitive_attributes": [],
          "identity_schema_version": 0,
          "private": "bnVsbA==",
          "dependencies": [
            "module.rds_postgres.aws_kms_key.db"
          ]
        }
      ]
    },
    {
      "module": "module.rds_postgres",
      "mode": "managed",
      "type": "aws_kms_key",
      "name": "db",
      "provider": "provider[\"registry.terraform.io/hashicorp/aws\"]",
      "instances": [
        {
          "index_key": 0,
          "schema_version": 0,
          "attributes": {
            "arn": "arn:aws:kms:us-west-2:757370076418:key/7eda03b0-55cf-4bf4-b4e1-807cfefc6552",
            "bypass_policy_lockout_safety_check": false,
            "custom_key_store_id": "",
            "customer_master_key_spec": "SYMMETRIC_DEFAULT",
            "deletion_window_in_days": 7,
            "description": "KMS key for final-project-devops-dev database encryption",
            "enable_key_rotation": false,
            "id": "7eda03b0-55cf-4bf4-b4e1-807cfefc6552",
            "is_enabled": true,
            "key_id": "7eda03b0-55cf-4bf4-b4e1-807cfefc6552",
            "key_usage": "ENCRYPT_DECRYPT",
            "multi_region": false,
            "policy": "{\"Id\":\"key-default-1\",\"Statement\":[{\"Action\":\"kms:*\",\"Effect\":\"Allow\",\"Principal\":{\"AWS\":\"arn:aws:iam::757370076418:root\"},\"Resource\":\"*\",\"Sid\":\"Enable IAM User Permissions\"}],\"Version\":\"2012-10-17\"}",
            "rotation_period_in_days": 0,
            "tags": {
              "Environment": "dev",
              "ManagedBy": "terraform",
              "Module": "rds",
              "Name": "final-project-devops-dev-db-kms-key",
              "Project": "final-project-devops",
              "Purpose": "django-database"
            },
            "tags_all": {
              "Environment": "dev",
              "ManagedBy": "terraform",
              "Module": "rds",
              "Name": "final-project-devops-dev-db-kms-key",
              "Project": "final-project-devops",
              "Purpose": "django-database"
            },
            "timeouts": null,
            "xks_key_id": ""
          },
          "sensitive_attributes": [],
          "identity_schema_version": 0,
          "private": "eyJlMmJmYjczMC1lY2FhLTExZTYtOGY4OC0zNDM2M2JjN2M0YzAiOnsiY3JlYXRlIjoxMjAwMDAwMDAwMDB9fQ=="
        }
      ]
    },
    {
      "module": "module.rds_postgres",
      "mode": "managed",
      "type": "aws_security_group",
      "name": "db",
      "provider": "provider[\"registry.terraform.io/hashicorp/aws\"]",
      "instances": [
        {
          "schema_version": 1,
          "attributes": {
            "arn": "arn:aws:ec2:us-west-2:757370076418:security-group/sg-09c776e1c4918c9d8",
            "description": "Security group for RDS database",
            "egress": [
              {
                "cidr_blocks": [
                  "0.0.0.0/0"
                ],
                "description": "",
                "from_port": 0,
                "ipv6_cidr_blocks": [],
                "prefix_list_ids": [],
                "protocol": "-1",
                "security_groups": [],
                "self": false,
                "to_port": 0
              }
            ],
            "id": "sg-09c776e1c4918c9d8",
            "ingress": [
              {
                "cidr_blocks": [
                  "10.0.4.0/24",
                  "10.0.5.0/24",
                  "10.0.6.0/24"
                ],
                "description": "",
                "from_port": 5432,
                "ipv6_cidr_blocks": [],
                "prefix_list_ids": [],
                "protocol": "tcp",
                "security_groups": [],
                "self": false,
                "to_port": 5432
              }
            ],
            "name": "final-project-devops-dev-db-sg",
            "name_prefix": "",
            "owner_id": "757370076418",
            "revoke_rules_on_delete": false,
            "tags": {
              "Environment": "dev",
              "ManagedBy": "terraform",
              "Module": "rds",
              "Name": "final-project-devops-dev-db-sg",
              "Project": "final-project-devops",
              "Purpose": "django-database"
            },
            "tags_all": {
              "Environment": "dev",
              "ManagedBy": "terraform",
              "Module": "rds",
              "Name": "final-project-devops-dev-db-sg",
              "Project": "final-project-devops",
              "Purpose": "django-database"
            },
            "timeouts": null,
            "vpc_id": "vpc-0e694f073f2215ebc"
          },
          "sensitive_attributes": [],
          "identity_schema_version": 0,
          "private": "eyJlMmJmYjczMC1lY2FhLTExZTYtOGY4OC0zNDM2M2JjN2M0YzAiOnsiY3JlYXRlIjo2MDAwMDAwMDAwMDAsImRlbGV0ZSI6OTAwMDAwMDAwMDAwfSwic2NoZW1hX3ZlcnNpb24iOiIxIn0=",
          "dependencies": [
            "module.vpc.aws_vpc.main"
          ]
        }
      ]
    },
    {
      "module": "module.rds_postgres",
      "mode": "managed",
      "type": "random_password",
      "name": "master",
      "provider": "provider[\"registry.terraform.io/hashicorp/random\"]",
      "instances": [
        {
          "index_key": 0,
          "schema_version": 3,
          "attributes": {
            "bcrypt_hash": "$2a$10$23qmUnWShIin/F256cao8OuVbvbY.UXN2plQqnJvzP18YLpU5gZii",
            "id": "none",
            "keepers": null,
            "length": 16,
            "lower": true,
            "min_lower": 0,
            "min_numeric": 0,
            "min_special": 0,
            "min_upper": 0,
            "number": true,
            "numeric": true,
            "override_special": "!#$%\u0026*()-_=+[]{}\u003c\u003e:?",
            "result": ":Z+d*5aU{-4dPBwf",
            "special": true,
            "upper": true
          },
          "sensitive_attributes": [
            [
              {
                "type": "get_attr",
                "value": "bcrypt_hash"
              }
            ],
            [
              {
                "type": "get_attr",
                "value": "result"
              }
            ]
          ],
          "identity_schema_version": 0
        }
      ]
    },
    {
      "module": "module.s3_backend",
      "mode": "managed",
      "type": "aws_dynamodb_table",
      "name": "terraform_locks",
      "provider": "provider[\"registry.terraform.io/hashicorp/aws\"]",
      "instances": [
        {
          "schema_version": 1,
          "attributes": {
            "arn": "arn:aws:dynamodb:us-west-2:757370076418:table/terraform-locks",
            "attribute": [
              {
                "name": "LockID",
                "type": "S"
              }
            ],
            "billing_mode": "PAY_PER_REQUEST",
            "deletion_protection_enabled": false,
            "global_secondary_index": [],
            "hash_key": "LockID",
            "id": "terraform-locks",
            "import_table": [],
            "local_secondary_index": [],
            "name": "terraform-locks",
            "on_demand_throughput": [],
            "point_in_time_recovery": [
              {
                "enabled": false,
                "recovery_period_in_days": 0
              }
            ],
            "range_key": null,
            "read_capacity": 0,
            "replica": [],
            "restore_date_time": null,
            "restore_source_name": null,
            "restore_source_table_arn": null,
            "restore_to_latest_time": null,
            "server_side_encryption": [],
            "stream_arn": "",
            "stream_enabled": false,
            "stream_label": "",
            "stream_view_type": "",
            "table_class": "STANDARD",
            "tags": {
              "Environment": "final-project-devops",
              "Name": "Terraform State Lock Table"
            },
            "tags_all": {
              "Environment": "final-project-devops",
              "Name": "Terraform State Lock Table"
            },
            "timeouts": null,
            "ttl": [
              {
                "attribute_name": "",
                "enabled": false
              }
            ],
            "write_capacity": 0
          },
          "sensitive_attributes": [],
          "identity_schema_version": 0,
          "private": "eyJlMmJmYjczMC1lY2FhLTExZTYtOGY4OC0zNDM2M2JjN2M0YzAiOnsiY3JlYXRlIjoxODAwMDAwMDAwMDAwLCJkZWxldGUiOjYwMDAwMDAwMDAwMCwidXBkYXRlIjozNjAwMDAwMDAwMDAwfSwic2NoZW1hX3ZlcnNpb24iOiIxIn0="
        }
      ]
    },
    {
      "module": "module.s3_backend",
      "mode": "managed",
      "type": "aws_s3_bucket",
      "name": "terraform_state",
      "provider": "provider[\"registry.terraform.io/hashicorp/aws\"]",
      "instances": [
        {
          "schema_version": 0,
          "attributes": {
            "acceleration_status": "",
            "acl": null,
            "arn": "arn:aws:s3:::terraform-state-final-project-devops",
            "bucket": "terraform-state-final-project-devops",
            "bucket_domain_name": "terraform-state-final-project-devops.s3.amazonaws.com",
            "bucket_prefix": "",
            "bucket_regional_domain_name": "terraform-state-final-project-devops.s3.us-west-2.amazonaws.com",
            "cors_rule": [],
            "force_destroy": false,
            "grant": [
              {
                "id": "79917f366e6ab9fbbfa2328a669dcd65d5acca93d17c3ff1ef5e3d57b512a544",
                "permissions": [
                  "FULL_CONTROL"
                ],
                "type": "CanonicalUser",
                "uri": ""
              }
            ],
            "hosted_zone_id": "Z3BJ6K6RIION7M",
            "id": "terraform-state-final-project-devops",
            "lifecycle_rule": [],
            "logging": [],
            "object_lock_configuration": [],
            "object_lock_enabled": false,
            "policy": "",
            "region": "us-west-2",
            "replication_configuration": [],
            "request_payer": "BucketOwner",
            "server_side_encryption_configuration": [
              {
                "rule": [
                  {
                    "apply_server_side_encryption_by_default": [
                      {
                        "kms_master_key_id": "",
                        "sse_algorithm": "AES256"
                      }
                    ],
                    "bucket_key_enabled": false
                  }
                ]
              }
            ],
            "tags": {
              "Environment": "final-project-devops",
              "Name": "Terraform State Bucket"
            },
            "tags_all": {
              "Environment": "final-project-devops",
              "Name": "Terraform State Bucket"
            },
            "timeouts": null,
            "versioning": [
              {
                "enabled": true,
                "mfa_delete": false
              }
            ],
            "website": [],
            "website_domain": null,
            "website_endpoint": null
          },
          "sensitive_attributes": [],
          "identity_schema_version": 0,
          "private": "eyJlMmJmYjczMC1lY2FhLTExZTYtOGY4OC0zNDM2M2JjN2M0YzAiOnsiY3JlYXRlIjoxMjAwMDAwMDAwMDAwLCJkZWxldGUiOjM2MDAwMDAwMDAwMDAsInJlYWQiOjEyMDAwMDAwMDAwMDAsInVwZGF0ZSI6MTIwMDAwMDAwMDAwMH19"
        }
      ]
    },
    {
      "module": "module.s3_backend",
      "mode": "managed",
      "type": "aws_s3_bucket_public_access_block",
      "name": "terraform_state",
      "provider": "provider[\"registry.terraform.io/hashicorp/aws\"]",
      "instances": [
        {
          "schema_version": 0,
          "attributes": {
            "block_public_acls": true,
            "block_public_policy": true,
            "bucket": "terraform-state-final-project-devops",
            "id": "terraform-state-final-project-devops",
            "ignore_public_acls": true,
            "restrict_public_buckets": true
          },
          "sensitive_attributes": [],
          "identity_schema_version": 0,
          "private": "bnVsbA==",
          "dependencies": [
            "module.s3_backend.aws_s3_bucket.terraform_state"
          ]
        }
      ]
    },
    {
      "module": "module.s3_backend",
      "mode": "managed",
      "type": "aws_s3_bucket_server_side_encryption_configuration",
      "name": "terraform_state",
      "provider": "provider[\"registry.terraform.io/hashicorp/aws\"]",
      "instances": [
        {
          "schema_version": 0,
          "attributes": {
            "bucket": "terraform-state-final-project-devops",
            "expected_bucket_owner": "",
            "id": "terraform-state-final-project-devops",
            "rule": [
              {
                "apply_server_side_encryption_by_default": [
                  {
                    "kms_master_key_id": "",
                    "sse_algorithm": "AES256"
                  }
                ],
                "bucket_key_enabled": false
              }
            ]
          },
          "sensitive_attributes": [],
          "identity_schema_version": 0,
          "private": "bnVsbA==",
          "dependencies": [
            "module.s3_backend.aws_s3_bucket.terraform_state"
          ]
        }
      ]
    },
    {
      "module": "module.s3_backend",
      "mode": "managed",
      "type": "aws_s3_bucket_versioning",
      "name": "terraform_state",
      "provider": "provider[\"registry.terraform.io/hashicorp/aws\"]",
      "instances": [
        {
          "schema_version": 0,
          "attributes": {
            "bucket": "terraform-state-final-project-devops",
            "expected_bucket_owner": "",
            "id": "terraform-state-final-project-devops",
            "mfa": null,
            "versioning_configuration": [
              {
                "mfa_delete": "",
                "status": "Enabled"
              }
            ]
          },
          "sensitive_attributes": [],
          "identity_schema_version": 0,
          "private": "bnVsbA==",
          "dependencies": [
            "module.s3_backend.aws_s3_bucket.terraform_state"
          ]
        }
      ]
    },
    {
      "module": "module.vpc",
      "mode": "managed",
      "type": "aws_eip",
      "name": "nat",
      "provider": "provider[\"registry.terraform.io/hashicorp/aws\"]",
      "instances": [
        {
          "index_key": 0,
          "schema_version": 0,
          "attributes": {
            "address": null,
            "allocation_id": "eipalloc-02525613443ae68c8",
            "arn": "arn:aws:ec2:us-west-2:757370076418:elastic-ip/eipalloc-02525613443ae68c8",
            "associate_with_private_ip": null,
            "association_id": "eipassoc-00afe1968bbeea0cc",
            "carrier_ip": "",
            "customer_owned_ip": "",
            "customer_owned_ipv4_pool": "",
            "domain": "vpc",
            "id": "eipalloc-02525613443ae68c8",
            "instance": "",
            "ipam_pool_id": null,
            "network_border_group": "us-west-2",
            "network_interface": "eni-0442e70232d7a01a6",
            "private_dns": "ip-10-0-1-125.us-west-2.compute.internal",
            "private_ip": "10.0.1.125",
            "ptr_record": "",
            "public_dns": "ec2-44-228-226-98.us-west-2.compute.amazonaws.com",
            "public_ip": "44.228.226.98",
            "public_ipv4_pool": "amazon",
            "tags": {
              "Environment": "final-project-devops",
              "Name": "final-project-devops-vpc-eip-1"
            },
            "tags_all": {
              "Environment": "final-project-devops",
              "Name": "final-project-devops-vpc-eip-1"
            },
            "timeouts": null,
            "vpc": true
          },
          "sensitive_attributes": [],
          "identity_schema_version": 0,
          "private": "eyJlMmJmYjczMC1lY2FhLTExZTYtOGY4OC0zNDM2M2JjN2M0YzAiOnsiZGVsZXRlIjoxODAwMDAwMDAwMDAsInJlYWQiOjkwMDAwMDAwMDAwMCwidXBkYXRlIjozMDAwMDAwMDAwMDB9fQ==",
          "dependencies": [
            "module.vpc.aws_internet_gateway.main",
            "module.vpc.aws_vpc.main"
          ]
        },
        {
          "index_key": 1,
          "schema_version": 0,
          "attributes": {
            "address": null,
            "allocation_id": "eipalloc-0a47e133daaac9c53",
            "arn": "arn:aws:ec2:us-west-2:757370076418:elastic-ip/eipalloc-0a47e133daaac9c53",
            "associate_with_private_ip": null,
            "association_id": "eipassoc-05f55e81568205904",
            "carrier_ip": "",
            "customer_owned_ip": "",
            "customer_owned_ipv4_pool": "",
            "domain": "vpc",
            "id": "eipalloc-0a47e133daaac9c53",
            "instance": "",
            "ipam_pool_id": null,
            "network_border_group": "us-west-2",
            "network_interface": "eni-046f5ec8030fef268",
            "private_dns": "ip-10-0-2-185.us-west-2.compute.internal",
            "private_ip": "10.0.2.185",
            "ptr_record": "",
            "public_dns": "ec2-52-10-198-77.us-west-2.compute.amazonaws.com",
            "public_ip": "52.10.198.77",
            "public_ipv4_pool": "amazon",
            "tags": {
              "Environment": "final-project-devops",
              "Name": "final-project-devops-vpc-eip-2"
            },
            "tags_all": {
              "Environment": "final-project-devops",
              "Name": "final-project-devops-vpc-eip-2"
            },
            "timeouts": null,
            "vpc": true
          },
          "sensitive_attributes": [],
          "identity_schema_version": 0,
          "private": "eyJlMmJmYjczMC1lY2FhLTExZTYtOGY4OC0zNDM2M2JjN2M0YzAiOnsiZGVsZXRlIjoxODAwMDAwMDAwMDAsInJlYWQiOjkwMDAwMDAwMDAwMCwidXBkYXRlIjozMDAwMDAwMDAwMDB9fQ==",
          "dependencies": [
            "module.vpc.aws_internet_gateway.main",
            "module.vpc.aws_vpc.main"
          ]
        },
        {
          "index_key": 2,
          "schema_version": 0,
          "attributes": {
            "address": null,
            "allocation_id": "eipalloc-005778037cc22aaf0",
            "arn": "arn:aws:ec2:us-west-2:757370076418:elastic-ip/eipalloc-005778037cc22aaf0",
            "associate_with_private_ip": null,
            "association_id": "eipassoc-0863f33af9f065a5e",
            "carrier_ip": "",
            "customer_owned_ip": "",
            "customer_owned_ipv4_pool": "",
            "domain": "vpc",
            "id": "eipalloc-005778037cc22aaf0",
            "instance": "",
            "ipam_pool_id": null,
            "network_border_group": "us-west-2",
            "network_interface": "eni-09da8445948b0233b",
            "private_dns": "ip-10-0-3-216.us-west-2.compute.internal",
            "private_ip": "10.0.3.216",
            "ptr_record": "",
            "public_dns": "ec2-52-35-115-53.us-west-2.compute.amazonaws.com",
            "public_ip": "52.35.115.53",
            "public_ipv4_pool": "amazon",
            "tags": {
              "Environment": "final-project-devops",
              "Name": "final-project-devops-vpc-eip-3"
            },
            "tags_all": {
              "Environment": "final-project-devops",
              "Name": "final-project-devops-vpc-eip-3"
            },
            "timeouts": null,
            "vpc": true
          },
          "sensitive_attributes": [],
          "identity_schema_version": 0,
          "private": "eyJlMmJmYjczMC1lY2FhLTExZTYtOGY4OC0zNDM2M2JjN2M0YzAiOnsiZGVsZXRlIjoxODAwMDAwMDAwMDAsInJlYWQiOjkwMDAwMDAwMDAwMCwidXBkYXRlIjozMDAwMDAwMDAwMDB9fQ==",
          "dependencies": [
            "module.vpc.aws_internet_gateway.main",
            "module.vpc.aws_vpc.main"
          ]
        }
      ]
    },
    {
      "module": "module.vpc",
      "mode": "managed",
      "type": "aws_internet_gateway",
      "name": "main",
      "provider": "provider[\"registry.terraform.io/hashicorp/aws\"]",
      "instances": [
        {
          "schema_version": 0,
          "attributes": {
            "arn": "arn:aws:ec2:us-west-2:757370076418:internet-gateway/igw-08d16033160ab06dc",
            "id": "igw-08d16033160ab06dc",
            "owner_id": "757370076418",
            "tags": {
              "Environment": "final-project-devops",
              "Name": "final-project-devops-vpc-igw"
            },
            "tags_all": {
              "Environment": "final-project-devops",
              "Name": "final-project-devops-vpc-igw"
            },
            "timeouts": null,
            "vpc_id": "vpc-0e694f073f2215ebc"
          },
          "sensitive_attributes": [],
          "identity_schema_version": 0,
          "private": "eyJlMmJmYjczMC1lY2FhLTExZTYtOGY4OC0zNDM2M2JjN2M0YzAiOnsiY3JlYXRlIjoxMjAwMDAwMDAwMDAwLCJkZWxldGUiOjEyMDAwMDAwMDAwMDAsInVwZGF0ZSI6MTIwMDAwMDAwMDAwMH19",
          "dependencies": [
            "module.vpc.aws_vpc.main"
          ]
        }
      ]
    },
    {
      "module": "module.vpc",
      "mode": "managed",
      "type": "aws_nat_gateway",
      "name": "main",
      "provider": "provider[\"registry.terraform.io/hashicorp/aws\"]",
      "instances": [
        {
          "index_key": 0,
          "schema_version": 0,
          "attributes": {
            "allocation_id": "eipalloc-02525613443ae68c8",
            "association_id": "eipassoc-00afe1968bbeea0cc",
            "connectivity_type": "public",
            "id": "nat-0e6fb7c14645635b8",
            "network_interface_id": "eni-0442e70232d7a01a6",
            "private_ip": "10.0.1.125",
            "public_ip": "44.228.226.98",
            "secondary_allocation_ids": [],
            "secondary_private_ip_address_count": 0,
            "secondary_private_ip_addresses": [],
            "subnet_id": "subnet-0e7b3cc6b88e7be87",
            "tags": {
              "Environment": "final-project-devops",
              "Name": "final-project-devops-vpc-nat-1"
            },
            "tags_all": {
              "Environment": "final-project-devops",
              "Name": "final-project-devops-vpc-nat-1"
            },
            "timeouts": null
          },
          "sensitive_attributes": [],
          "identity_schema_version": 0,
          "private": "eyJlMmJmYjczMC1lY2FhLTExZTYtOGY4OC0zNDM2M2JjN2M0YzAiOnsiY3JlYXRlIjo2MDAwMDAwMDAwMDAsImRlbGV0ZSI6MTgwMDAwMDAwMDAwMCwidXBkYXRlIjo2MDAwMDAwMDAwMDB9fQ==",
          "dependencies": [
            "module.vpc.aws_eip.nat",
            "module.vpc.aws_internet_gateway.main",
            "module.vpc.aws_subnet.public",
            "module.vpc.aws_vpc.main"
          ]
        },
        {
          "index_key": 1,
          "schema_version": 0,
          "attributes": {
            "allocation_id": "eipalloc-0a47e133daaac9c53",
            "association_id": "eipassoc-05f55e81568205904",
            "connectivity_type": "public",
            "id": "nat-004e701b90a943b9a",
            "network_interface_id": "eni-046f5ec8030fef268",
            "private_ip": "10.0.2.185",
            "public_ip": "52.10.198.77",
            "secondary_allocation_ids": [],
            "secondary_private_ip_address_count": 0,
            "secondary_private_ip_addresses": [],
            "subnet_id": "subnet-0856382ffc6561b49",
            "tags": {
              "Environment": "final-project-devops",
              "Name": "final-project-devops-vpc-nat-2"
            },
            "tags_all": {
              "Environment": "final-project-devops",
              "Name": "final-project-devops-vpc-nat-2"
            },
            "timeouts": null
          },
          "sensitive_attributes": [],
          "identity_schema_version": 0,
          "private": "eyJlMmJmYjczMC1lY2FhLTExZTYtOGY4OC0zNDM2M2JjN2M0YzAiOnsiY3JlYXRlIjo2MDAwMDAwMDAwMDAsImRlbGV0ZSI6MTgwMDAwMDAwMDAwMCwidXBkYXRlIjo2MDAwMDAwMDAwMDB9fQ==",
          "dependencies": [
            "module.vpc.aws_eip.nat",
            "module.vpc.aws_internet_gateway.main",
            "module.vpc.aws_subnet.public",
            "module.vpc.aws_vpc.main"
          ]
        },
        {
          "index_key": 2,
          "schema_version": 0,
          "attributes": {
            "allocation_id": "eipalloc-005778037cc22aaf0",
            "association_id": "eipassoc-0863f33af9f065a5e",
            "connectivity_type": "public",
            "id": "nat-0e09a87a7eb0d9c2e",
            "network_interface_id": "eni-09da8445948b0233b",
            "private_ip": "10.0.3.216",
            "public_ip": "52.35.115.53",
            "secondary_allocation_ids": [],
            "secondary_private_ip_address_count": 0,
            "secondary_private_ip_addresses": [],
            "subnet_id": "subnet-0a85ce7dce67dc74f",
            "tags": {
              "Environment": "final-project-devops",
              "Name": "final-project-devops-vpc-nat-3"
            },
            "tags_all": {
              "Environment": "final-project-devops",
              "Name": "final-project-devops-vpc-nat-3"
            },
            "timeouts": null
          },
          "sensitive_attributes": [],
          "identity_schema_version": 0,
          "private": "eyJlMmJmYjczMC1lY2FhLTExZTYtOGY4OC0zNDM2M2JjN2M0YzAiOnsiY3JlYXRlIjo2MDAwMDAwMDAwMDAsImRlbGV0ZSI6MTgwMDAwMDAwMDAwMCwidXBkYXRlIjo2MDAwMDAwMDAwMDB9fQ==",
          "dependencies": [
            "module.vpc.aws_eip.nat",
            "module.vpc.aws_internet_gateway.main",
            "module.vpc.aws_subnet.public",
            "module.vpc.aws_vpc.main"
          ]
        }
      ]
    },
    {
      "module": "module.vpc",
      "mode": "managed",
      "type": "aws_route_table",
      "name": "private",
      "provider": "provider[\"registry.terraform.io/hashicorp/aws\"]",
      "instances": [
        {
          "index_key": 0,
          "schema_version": 0,
          "attributes": {
            "arn": "arn:aws:ec2:us-west-2:757370076418:route-table/rtb-00149a4be03ad0843",
            "id": "rtb-00149a4be03ad0843",
            "owner_id": "757370076418",
            "propagating_vgws": [],
            "route": [
              {
                "carrier_gateway_id": "",
                "cidr_block": "0.0.0.0/0",
                "core_network_arn": "",
                "destination_prefix_list_id": "",
                "egress_only_gateway_id": "",
                "gateway_id": "",
                "ipv6_cidr_block": "",
                "local_gateway_id": "",
                "nat_gateway_id": "nat-0e6fb7c14645635b8",
                "network_interface_id": "",
                "transit_gateway_id": "",
                "vpc_endpoint_id": "",
                "vpc_peering_connection_id": ""
              }
            ],
            "tags": {
              "Environment": "final-project-devops",
              "Name": "final-project-devops-vpc-private-rt-1"
            },
            "tags_all": {
              "Environment": "final-project-devops",
              "Name": "final-project-devops-vpc-private-rt-1"
            },
            "timeouts": null,
            "vpc_id": "vpc-0e694f073f2215ebc"
          },
          "sensitive_attributes": [],
          "identity_schema_version": 0,
          "private": "eyJlMmJmYjczMC1lY2FhLTExZTYtOGY4OC0zNDM2M2JjN2M0YzAiOnsiY3JlYXRlIjozMDAwMDAwMDAwMDAsImRlbGV0ZSI6MzAwMDAwMDAwMDAwLCJ1cGRhdGUiOjEyMDAwMDAwMDAwMH19",
          "dependencies": [
            "module.vpc.aws_eip.nat",
            "module.vpc.aws_internet_gateway.main",
            "module.vpc.aws_nat_gateway.main",
            "module.vpc.aws_subnet.public",
            "module.vpc.aws_vpc.main"
          ]
        },
        {
          "index_key": 1,
          "schema_version": 0,
          "attributes": {
            "arn": "arn:aws:ec2:us-west-2:757370076418:route-table/rtb-019269f3f304ecead",
            "id": "rtb-019269f3f304ecead",
            "owner_id": "757370076418",
            "propagating_vgws": [],
            "route": [
              {
                "carrier_gateway_id": "",
                "cidr_block": "0.0.0.0/0",
                "core_network_arn": "",
                "destination_prefix_list_id": "",
                "egress_only_gateway_id": "",
                "gateway_id": "",
                "ipv6_cidr_block": "",
                "local_gateway_id": "",
                "nat_gateway_id": "nat-004e701b90a943b9a",
                "network_interface_id": "",
                "transit_gateway_id": "",
                "vpc_endpoint_id": "",
                "vpc_peering_connection_id": ""
              }
            ],
            "tags": {
              "Environment": "final-project-devops",
              "Name": "final-project-devops-vpc-private-rt-2"
            },
            "tags_all": {
              "Environment": "final-project-devops",
              "Name": "final-project-devops-vpc-private-rt-2"
            },
            "timeouts": null,
            "vpc_id": "vpc-0e694f073f2215ebc"
          },
          "sensitive_attributes": [],
          "identity_schema_version": 0,
          "private": "eyJlMmJmYjczMC1lY2FhLTExZTYtOGY4OC0zNDM2M2JjN2M0YzAiOnsiY3JlYXRlIjozMDAwMDAwMDAwMDAsImRlbGV0ZSI6MzAwMDAwMDAwMDAwLCJ1cGRhdGUiOjEyMDAwMDAwMDAwMH19",
          "dependencies": [
            "module.vpc.aws_eip.nat",
            "module.vpc.aws_internet_gateway.main",
            "module.vpc.aws_nat_gateway.main",
            "module.vpc.aws_subnet.public",
            "module.vpc.aws_vpc.main"
          ]
        },
        {
          "index_key": 2,
          "schema_version": 0,
          "attributes": {
            "arn": "arn:aws:ec2:us-west-2:757370076418:route-table/rtb-04cf3958930b09f02",
            "id": "rtb-04cf3958930b09f02",
            "owner_id": "757370076418",
            "propagating_vgws": [],
            "route": [
              {
                "carrier_gateway_id": "",
                "cidr_block": "0.0.0.0/0",
                "core_network_arn": "",
                "destination_prefix_list_id": "",
                "egress_only_gateway_id": "",
                "gateway_id": "",
                "ipv6_cidr_block": "",
                "local_gateway_id": "",
                "nat_gateway_id": "nat-0e09a87a7eb0d9c2e",
                "network_interface_id": "",
                "transit_gateway_id": "",
                "vpc_endpoint_id": "",
                "vpc_peering_connection_id": ""
              }
            ],
            "tags": {
              "Environment": "final-project-devops",
              "Name": "final-project-devops-vpc-private-rt-3"
            },
            "tags_all": {
              "Environment": "final-project-devops",
              "Name": "final-project-devops-vpc-private-rt-3"
            },
            "timeouts": null,
            "vpc_id": "vpc-0e694f073f2215ebc"
          },
          "sensitive_attributes": [],
          "identity_schema_version": 0,
          "private": "eyJlMmJmYjczMC1lY2FhLTExZTYtOGY4OC0zNDM2M2JjN2M0YzAiOnsiY3JlYXRlIjozMDAwMDAwMDAwMDAsImRlbGV0ZSI6MzAwMDAwMDAwMDAwLCJ1cGRhdGUiOjEyMDAwMDAwMDAwMH19",
          "dependencies": [
            "module.vpc.aws_eip.nat",
            "module.vpc.aws_internet_gateway.main",
            "module.vpc.aws_nat_gateway.main",
            "module.vpc.aws_subnet.public",
            "module.vpc.aws_vpc.main"
          ]
        }
      ]
    },
    {
      "module": "module.vpc",
      "mode": "managed",
      "type": "aws_route_table",
      "name": "public",
      "provider": "provider[\"registry.terraform.io/hashicorp/aws\"]",
      "instances": [
        {
          "schema_version": 0,
          "attributes": {
            "arn": "arn:aws:ec2:us-west-2:757370076418:route-table/rtb-073766fa29442e414",
            "id": "rtb-073766fa29442e414",
            "owner_id": "757370076418",
            "propagating_vgws": [],
            "route": [
              {
                "carrier_gateway_id": "",
                "cidr_block": "0.0.0.0/0",
                "core_network_arn": "",
                "destination_prefix_list_id": "",
                "egress_only_gateway_id": "",
                "gateway_id": "igw-08d16033160ab06dc",
                "ipv6_cidr_block": "",
                "local_gateway_id": "",
                "nat_gateway_id": "",
                "network_interface_id": "",
                "transit_gateway_id": "",
                "vpc_endpoint_id": "",
                "vpc_peering_connection_id": ""
              }
            ],
            "tags": {
              "Environment": "final-project-devops",
              "Name": "final-project-devops-vpc-public-rt"
            },
            "tags_all": {
              "Environment": "final-project-devops",
              "Name": "final-project-devops-vpc-public-rt"
            },
            "timeouts": null,
            "vpc_id": "vpc-0e694f073f2215ebc"
          },
          "sensitive_attributes": [],
          "identity_schema_version": 0,
          "private": "eyJlMmJmYjczMC1lY2FhLTExZTYtOGY4OC0zNDM2M2JjN2M0YzAiOnsiY3JlYXRlIjozMDAwMDAwMDAwMDAsImRlbGV0ZSI6MzAwMDAwMDAwMDAwLCJ1cGRhdGUiOjEyMDAwMDAwMDAwMH19",
          "dependencies": [
            "module.vpc.aws_internet_gateway.main",
            "module.vpc.aws_vpc.main"
          ]
        }
      ]
    },
    {
      "module": "module.vpc",
      "mode": "managed",
      "type": "aws_route_table_association",
      "name": "private",
      "provider": "provider[\"registry.terraform.io/hashicorp/aws\"]",
      "instances": [
        {
          "index_key": 0,
          "schema_version": 0,
          "attributes": {
            "gateway_id": "",
            "id": "rtbassoc-02f7c17f20d974fbd",
            "route_table_id": "rtb-00149a4be03ad0843",
            "subnet_id": "subnet-054c0bfa79af56ee5",
            "timeouts": null
          },
          "sensitive_attributes": [],
          "identity_schema_version": 0,
          "private": "eyJlMmJmYjczMC1lY2FhLTExZTYtOGY4OC0zNDM2M2JjN2M0YzAiOnsiY3JlYXRlIjozMDAwMDAwMDAwMDAsImRlbGV0ZSI6MzAwMDAwMDAwMDAwLCJ1cGRhdGUiOjEyMDAwMDAwMDAwMH19",
          "dependencies": [
            "module.vpc.aws_eip.nat",
            "module.vpc.aws_internet_gateway.main",
            "module.vpc.aws_nat_gateway.main",
            "module.vpc.aws_route_table.private",
            "module.vpc.aws_subnet.private",
            "module.vpc.aws_subnet.public",
            "module.vpc.aws_vpc.main"
          ]
        },
        {
          "index_key": 1,
          "schema_version": 0,
          "attributes": {
            "gateway_id": "",
            "id": "rtbassoc-0585bf4425572152b",
            "route_table_id": "rtb-019269f3f304ecead",
            "subnet_id": "subnet-09b230a11040302b2",
            "timeouts": null
          },
          "sensitive_attributes": [],
          "identity_schema_version": 0,
          "private": "eyJlMmJmYjczMC1lY2FhLTExZTYtOGY4OC0zNDM2M2JjN2M0YzAiOnsiY3JlYXRlIjozMDAwMDAwMDAwMDAsImRlbGV0ZSI6MzAwMDAwMDAwMDAwLCJ1cGRhdGUiOjEyMDAwMDAwMDAwMH19",
          "dependencies": [
            "module.vpc.aws_eip.nat",
            "module.vpc.aws_internet_gateway.main",
            "module.vpc.aws_nat_gateway.main",
            "module.vpc.aws_route_table.private",
            "module.vpc.aws_subnet.private",
            "module.vpc.aws_subnet.public",
            "module.vpc.aws_vpc.main"
          ]
        },
        {
          "index_key": 2,
          "schema_version": 0,
          "attributes": {
            "gateway_id": "",
            "id": "rtbassoc-04b76d971b9adf84b",
            "route_table_id": "rtb-04cf3958930b09f02",
            "subnet_id": "subnet-02d62282a748dfa88",
            "timeouts": null
          },
          "sensitive_attributes": [],
          "identity_schema_version": 0,
          "private": "eyJlMmJmYjczMC1lY2FhLTExZTYtOGY4OC0zNDM2M2JjN2M0YzAiOnsiY3JlYXRlIjozMDAwMDAwMDAwMDAsImRlbGV0ZSI6MzAwMDAwMDAwMDAwLCJ1cGRhdGUiOjEyMDAwMDAwMDAwMH19",
          "dependencies": [
            "module.vpc.aws_eip.nat",
            "module.vpc.aws_internet_gateway.main",
            "module.vpc.aws_nat_gateway.main",
            "module.vpc.aws_route_table.private",
            "module.vpc.aws_subnet.private",
            "module.vpc.aws_subnet.public",
            "module.vpc.aws_vpc.main"
          ]
        }
      ]
    },
    {
      "module": "module.vpc",
      "mode": "managed",
      "type": "aws_route_table_association",
      "name": "public",
      "provider": "provider[\"registry.terraform.io/hashicorp/aws\"]",
      "instances": [
        {
          "index_key": 0,
          "schema_version": 0,
          "attributes": {
            "gateway_id": "",
            "id": "rtbassoc-05316d8aae610aa5e",
            "route_table_id": "rtb-073766fa29442e414",
            "subnet_id": "subnet-0e7b3cc6b88e7be87",
            "timeouts": null
          },
          "sensitive_attributes": [],
          "identity_schema_version": 0,
          "private": "eyJlMmJmYjczMC1lY2FhLTExZTYtOGY4OC0zNDM2M2JjN2M0YzAiOnsiY3JlYXRlIjozMDAwMDAwMDAwMDAsImRlbGV0ZSI6MzAwMDAwMDAwMDAwLCJ1cGRhdGUiOjEyMDAwMDAwMDAwMH19",
          "dependencies": [
            "module.vpc.aws_internet_gateway.main",
            "module.vpc.aws_route_table.public",
            "module.vpc.aws_subnet.public",
            "module.vpc.aws_vpc.main"
          ]
        },
        {
          "index_key": 1,
          "schema_version": 0,
          "attributes": {
            "gateway_id": "",
            "id": "rtbassoc-031bfbe9b61316104",
            "route_table_id": "rtb-073766fa29442e414",
            "subnet_id": "subnet-0856382ffc6561b49",
            "timeouts": null
          },
          "sensitive_attributes": [],
          "identity_schema_version": 0,
          "private": "eyJlMmJmYjczMC1lY2FhLTExZTYtOGY4OC0zNDM2M2JjN2M0YzAiOnsiY3JlYXRlIjozMDAwMDAwMDAwMDAsImRlbGV0ZSI6MzAwMDAwMDAwMDAwLCJ1cGRhdGUiOjEyMDAwMDAwMDAwMH19",
          "dependencies": [
            "module.vpc.aws_internet_gateway.main",
            "module.vpc.aws_route_table.public",
            "module.vpc.aws_subnet.public",
            "module.vpc.aws_vpc.main"
          ]
        },
        {
          "index_key": 2,
          "schema_version": 0,
          "attributes": {
            "gateway_id": "",
            "id": "rtbassoc-031dc5711d71ed90f",
            "route_table_id": "rtb-073766fa29442e414",
            "subnet_id": "subnet-0a85ce7dce67dc74f",
            "timeouts": null
          },
          "sensitive_attributes": [],
          "identity_schema_version": 0,
          "private": "eyJlMmJmYjczMC1lY2FhLTExZTYtOGY4OC0zNDM2M2JjN2M0YzAiOnsiY3JlYXRlIjozMDAwMDAwMDAwMDAsImRlbGV0ZSI6MzAwMDAwMDAwMDAwLCJ1cGRhdGUiOjEyMDAwMDAwMDAwMH19",
          "dependencies": [
            "module.vpc.aws_internet_gateway.main",
            "module.vpc.aws_route_table.public",
            "module.vpc.aws_subnet.public",
            "module.vpc.aws_vpc.main"
          ]
        }
      ]
    },
    {
      "module": "module.vpc",
      "mode": "managed",
      "type": "aws_subnet",
      "name": "private",
      "provider": "provider[\"registry.terraform.io/hashicorp/aws\"]",
      "instances": [
        {
          "index_key": 0,
          "schema_version": 1,
          "attributes": {
            "arn": "arn:aws:ec2:us-west-2:757370076418:subnet/subnet-054c0bfa79af56ee5",
            "assign_ipv6_address_on_creation": false,
            "availability_zone": "us-west-2a",
            "availability_zone_id": "usw2-az2",
            "cidr_block": "10.0.4.0/24",
            "customer_owned_ipv4_pool": "",
            "enable_dns64": false,
            "enable_lni_at_device_index": 0,
            "enable_resource_name_dns_a_record_on_launch": false,
            "enable_resource_name_dns_aaaa_record_on_launch": false,
            "id": "subnet-054c0bfa79af56ee5",
            "ipv6_cidr_block": "",
            "ipv6_cidr_block_association_id": "",
            "ipv6_native": false,
            "map_customer_owned_ip_on_launch": false,
            "map_public_ip_on_launch": false,
            "outpost_arn": "",
            "owner_id": "757370076418",
            "private_dns_hostname_type_on_launch": "ip-name",
            "tags": {
              "Environment": "final-project-devops",
              "Name": "final-project-devops-vpc-private-1",
              "Type": "Private"
            },
            "tags_all": {
              "Environment": "final-project-devops",
              "Name": "final-project-devops-vpc-private-1",
              "Type": "Private"
            },
            "timeouts": null,
            "vpc_id": "vpc-0e694f073f2215ebc"
          },
          "sensitive_attributes": [],
          "identity_schema_version": 0,
          "private": "eyJlMmJmYjczMC1lY2FhLTExZTYtOGY4OC0zNDM2M2JjN2M0YzAiOnsiY3JlYXRlIjo2MDAwMDAwMDAwMDAsImRlbGV0ZSI6MTIwMDAwMDAwMDAwMH0sInNjaGVtYV92ZXJzaW9uIjoiMSJ9",
          "dependencies": [
            "module.vpc.aws_vpc.main"
          ]
        },
        {
          "index_key": 1,
          "schema_version": 1,
          "attributes": {
            "arn": "arn:aws:ec2:us-west-2:757370076418:subnet/subnet-09b230a11040302b2",
            "assign_ipv6_address_on_creation": false,
            "availability_zone": "us-west-2b",
            "availability_zone_id": "usw2-az1",
            "cidr_block": "10.0.5.0/24",
            "customer_owned_ipv4_pool": "",
            "enable_dns64": false,
            "enable_lni_at_device_index": 0,
            "enable_resource_name_dns_a_record_on_launch": false,
            "enable_resource_name_dns_aaaa_record_on_launch": false,
            "id": "subnet-09b230a11040302b2",
            "ipv6_cidr_block": "",
            "ipv6_cidr_block_association_id": "",
            "ipv6_native": false,
            "map_customer_owned_ip_on_launch": false,
            "map_public_ip_on_launch": false,
            "outpost_arn": "",
            "owner_id": "757370076418",
            "private_dns_hostname_type_on_launch": "ip-name",
            "tags": {
              "Environment": "final-project-devops",
              "Name": "final-project-devops-vpc-private-2",
              "Type": "Private"
            },
            "tags_all": {
              "Environment": "final-project-devops",
              "Name": "final-project-devops-vpc-private-2",
              "Type": "Private"
            },
            "timeouts": null,
            "vpc_id": "vpc-0e694f073f2215ebc"
          },
          "sensitive_attributes": [],
          "identity_schema_version": 0,
          "private": "eyJlMmJmYjczMC1lY2FhLTExZTYtOGY4OC0zNDM2M2JjN2M0YzAiOnsiY3JlYXRlIjo2MDAwMDAwMDAwMDAsImRlbGV0ZSI6MTIwMDAwMDAwMDAwMH0sInNjaGVtYV92ZXJzaW9uIjoiMSJ9",
          "dependencies": [
            "module.vpc.aws_vpc.main"
          ]
        },
        {
          "index_key": 2,
          "schema_version": 1,
          "attributes": {
            "arn": "arn:aws:ec2:us-west-2:757370076418:subnet/subnet-02d62282a748dfa88",
            "assign_ipv6_address_on_creation": false,
            "availability_zone": "us-west-2c",
            "availability_zone_id": "usw2-az3",
            "cidr_block": "10.0.6.0/24",
            "customer_owned_ipv4_pool": "",
            "enable_dns64": false,
            "enable_lni_at_device_index": 0,
            "enable_resource_name_dns_a_record_on_launch": false,
            "enable_resource_name_dns_aaaa_record_on_launch": false,
            "id": "subnet-02d62282a748dfa88",
            "ipv6_cidr_block": "",
            "ipv6_cidr_block_association_id": "",
            "ipv6_native": false,
            "map_customer_owned_ip_on_launch": false,
            "map_public_ip_on_launch": false,
            "outpost_arn": "",
            "owner_id": "757370076418",
            "private_dns_hostname_type_on_launch": "ip-name",
            "tags": {
              "Environment": "final-project-devops",
              "Name": "final-project-devops-vpc-private-3",
              "Type": "Private"
            },
            "tags_all": {
              "Environment": "final-project-devops",
              "Name": "final-project-devops-vpc-private-3",
              "Type": "Private"
            },
            "timeouts": null,
            "vpc_id": "vpc-0e694f073f2215ebc"
          },
          "sensitive_attributes": [],
          "identity_schema_version": 0,
          "private": "eyJlMmJmYjczMC1lY2FhLTExZTYtOGY4OC0zNDM2M2JjN2M0YzAiOnsiY3JlYXRlIjo2MDAwMDAwMDAwMDAsImRlbGV0ZSI6MTIwMDAwMDAwMDAwMH0sInNjaGVtYV92ZXJzaW9uIjoiMSJ9",
          "dependencies": [
            "module.vpc.aws_vpc.main"
          ]
        }
      ]
    },
    {
      "module": "module.vpc",
      "mode": "managed",
      "type": "aws_subnet",
      "name": "public",
      "provider": "provider[\"registry.terraform.io/hashicorp/aws\"]",
      "instances": [
        {
          "index_key": 0,
          "schema_version": 1,
          "attributes": {
            "arn": "arn:aws:ec2:us-west-2:757370076418:subnet/subnet-0e7b3cc6b88e7be87",
            "assign_ipv6_address_on_creation": false,
            "availability_zone": "us-west-2a",
            "availability_zone_id": "usw2-az2",
            "cidr_block": "10.0.1.0/24",
            "customer_owned_ipv4_pool": "",
            "enable_dns64": false,
            "enable_lni_at_device_index": 0,
            "enable_resource_name_dns_a_record_on_launch": false,
            "enable_resource_name_dns_aaaa_record_on_launch": false,
            "id": "subnet-0e7b3cc6b88e7be87",
            "ipv6_cidr_block": "",
            "ipv6_cidr_block_association_id": "",
            "ipv6_native": false,
            "map_customer_owned_ip_on_launch": false,
            "map_public_ip_on_launch": true,
            "outpost_arn": "",
            "owner_id": "757370076418",
            "private_dns_hostname_type_on_launch": "ip-name",
            "tags": {
              "Environment": "final-project-devops",
              "Name": "final-project-devops-vpc-public-1",
              "Type": "Public"
            },
            "tags_all": {
              "Environment": "final-project-devops",
              "Name": "final-project-devops-vpc-public-1",
              "Type": "Public"
            },
            "timeouts": null,
            "vpc_id": "vpc-0e694f073f2215ebc"
          },
          "sensitive_attributes": [],
          "identity_schema_version": 0,
          "private": "eyJlMmJmYjczMC1lY2FhLTExZTYtOGY4OC0zNDM2M2JjN2M0YzAiOnsiY3JlYXRlIjo2MDAwMDAwMDAwMDAsImRlbGV0ZSI6MTIwMDAwMDAwMDAwMH0sInNjaGVtYV92ZXJzaW9uIjoiMSJ9",
          "dependencies": [
            "module.vpc.aws_vpc.main"
          ]
        },
        {
          "index_key": 1,
          "schema_version": 1,
          "attributes": {
            "arn": "arn:aws:ec2:us-west-2:757370076418:subnet/subnet-0856382ffc6561b49",
            "assign_ipv6_address_on_creation": false,
            "availability_zone": "us-west-2b",
            "availability_zone_id": "usw2-az1",
            "cidr_block": "10.0.2.0/24",
            "customer_owned_ipv4_pool": "",
            "enable_dns64": false,
            "enable_lni_at_device_index": 0,
            "enable_resource_name_dns_a_record_on_launch": false,
            "enable_resource_name_dns_aaaa_record_on_launch": false,
            "id": "subnet-0856382ffc6561b49",
            "ipv6_cidr_block": "",
            "ipv6_cidr_block_association_id": "",
            "ipv6_native": false,
            "map_customer_owned_ip_on_launch": false,
            "map_public_ip_on_launch": true,
            "outpost_arn": "",
            "owner_id": "757370076418",
            "private_dns_hostname_type_on_launch": "ip-name",
            "tags": {
              "Environment": "final-project-devops",
              "Name": "final-project-devops-vpc-public-2",
              "Type": "Public"
            },
            "tags_all": {
              "Environment": "final-project-devops",
              "Name": "final-project-devops-vpc-public-2",
              "Type": "Public"
            },
            "timeouts": null,
            "vpc_id": "vpc-0e694f073f2215ebc"
          },
          "sensitive_attributes": [],
          "identity_schema_version": 0,
          "private": "eyJlMmJmYjczMC1lY2FhLTExZTYtOGY4OC0zNDM2M2JjN2M0YzAiOnsiY3JlYXRlIjo2MDAwMDAwMDAwMDAsImRlbGV0ZSI6MTIwMDAwMDAwMDAwMH0sInNjaGVtYV92ZXJzaW9uIjoiMSJ9",
          "dependencies": [
            "module.vpc.aws_vpc.main"
          ]
        },
        {
          "index_key": 2,
          "schema_version": 1,
          "attributes": {
            "arn": "arn:aws:ec2:us-west-2:757370076418:subnet/subnet-0a85ce7dce67dc74f",
            "assign_ipv6_address_on_creation": false,
            "availability_zone": "us-west-2c",
            "availability_zone_id": "usw2-az3",
            "cidr_block": "10.0.3.0/24",
            "customer_owned_ipv4_pool": "",
            "enable_dns64": false,
            "enable_lni_at_device_index": 0,
            "enable_resource_name_dns_a_record_on_launch": false,
            "enable_resource_name_dns_aaaa_record_on_launch": false,
            "id": "subnet-0a85ce7dce67dc74f",
            "ipv6_cidr_block": "",
            "ipv6_cidr_block_association_id": "",
            "ipv6_native": false,
            "map_customer_owned_ip_on_launch": false,
            "map_public_ip_on_launch": true,
            "outpost_arn": "",
            "owner_id": "757370076418",
            "private_dns_hostname_type_on_launch": "ip-name",
            "tags": {
              "Environment": "final-project-devops",
              "Name": "final-project-devops-vpc-public-3",
              "Type": "Public"
            },
            "tags_all": {
              "Environment": "final-project-devops",
              "Name": "final-project-devops-vpc-public-3",
              "Type": "Public"
            },
            "timeouts": null,
            "vpc_id": "vpc-0e694f073f2215ebc"
          },
          "sensitive_attributes": [],
          "identity_schema_version": 0,
          "private": "eyJlMmJmYjczMC1lY2FhLTExZTYtOGY4OC0zNDM2M2JjN2M0YzAiOnsiY3JlYXRlIjo2MDAwMDAwMDAwMDAsImRlbGV0ZSI6MTIwMDAwMDAwMDAwMH0sInNjaGVtYV92ZXJzaW9uIjoiMSJ9",
          "dependencies": [
            "module.vpc.aws_vpc.main"
          ]
        }
      ]
    },
    {
      "module": "module.vpc",
      "mode": "managed",
      "type": "aws_vpc",
      "name": "main",
      "provider": "provider[\"registry.terraform.io/hashicorp/aws\"]",
      "instances": [
        {
          "schema_version": 1,
          "attributes": {
            "arn": "arn:aws:ec2:us-west-2:757370076418:vpc/vpc-0e694f073f2215ebc",
            "assign_generated_ipv6_cidr_block": false,
            "cidr_block": "10.0.0.0/16",
            "default_network_acl_id": "acl-0545d240b64772b85",
            "default_route_table_id": "rtb-06d5cdd6464d5c5c6",
            "default_security_group_id": "sg-00ccb3f92ad235b66",
            "dhcp_options_id": "dopt-0512eb17b1c07bf29",
            "enable_dns_hostnames": true,
            "enable_dns_support": true,
            "enable_network_address_usage_metrics": false,
            "id": "vpc-0e694f073f2215ebc",
            "instance_tenancy": "default",
            "ipv4_ipam_pool_id": null,
            "ipv4_netmask_length": null,
            "ipv6_association_id": "",
            "ipv6_cidr_block": "",
            "ipv6_cidr_block_network_border_group": "",
            "ipv6_ipam_pool_id": "",
            "ipv6_netmask_length": 0,
            "main_route_table_id": "rtb-06d5cdd6464d5c5c6",
            "owner_id": "757370076418",
            "tags": {
              "Environment": "final-project-devops",
              "Name": "final-project-devops-vpc"
            },
            "tags_all": {
              "Environment": "final-project-devops",
              "Name": "final-project-devops-vpc"
            }
          },
          "sensitive_attributes": [],
          "identity_schema_version": 0,
          "private": "eyJzY2hlbWFfdmVyc2lvbiI6IjEifQ=="
        }
      ]
    }
  ],
  "check_results": [
    {
      "object_kind": "var",
      "config_addr": "module.rds_postgres.var.engine",
      "status": "pass",
      "objects": [
        {
          "object_addr": "module.rds_postgres.var.engine",
          "status": "pass"
        }
      ]
    }
  ]
}
